<?xml version="1.0" encoding="UTF-8"?>
<Project ToolsVersion="15.0" xmlns="http://schemas.microsoft.com/developer/msbuild/2003">
  <ItemGroup>
    <ClCompile Include="D:\workspace\Physics\newBulletBuild\Ian\BulletSharpPInvoke\libbulletc\src\examples\ExampleBrowser\main.cpp">
      <Filter>Source Files</Filter>
    </ClCompile>
    <ClCompile Include="D:\workspace\Physics\newBulletBuild\Ian\BulletSharpPInvoke\libbulletc\src\examples\ExampleBrowser\ExampleEntries.cpp">
      <Filter>Source Files</Filter>
    </ClCompile>
    <ClCompile Include="D:\workspace\Physics\newBulletBuild\Ian\BulletSharpPInvoke\libbulletc\src\examples\ExtendedTutorials\Chain.cpp">
      <Filter>Source Files</Filter>
    </ClCompile>
    <ClCompile Include="D:\workspace\Physics\newBulletBuild\Ian\BulletSharpPInvoke\libbulletc\src\examples\ExtendedTutorials\Bridge.cpp">
      <Filter>Source Files</Filter>
    </ClCompile>
    <ClCompile Include="D:\workspace\Physics\newBulletBuild\Ian\BulletSharpPInvoke\libbulletc\src\examples\ExtendedTutorials\RigidBodyFromObj.cpp">
      <Filter>Source Files</Filter>
    </ClCompile>
    <ClCompile Include="D:\workspace\Physics\newBulletBuild\Ian\BulletSharpPInvoke\libbulletc\src\examples\ExtendedTutorials\SimpleBox.cpp">
      <Filter>Source Files</Filter>
    </ClCompile>
    <ClCompile Include="D:\workspace\Physics\newBulletBuild\Ian\BulletSharpPInvoke\libbulletc\src\examples\ExtendedTutorials\MultipleBoxes.cpp">
      <Filter>Source Files</Filter>
    </ClCompile>
    <ClCompile Include="D:\workspace\Physics\newBulletBuild\Ian\BulletSharpPInvoke\libbulletc\src\examples\ExtendedTutorials\CompoundBoxes.cpp">
      <Filter>Source Files</Filter>
    </ClCompile>
    <ClCompile Include="D:\workspace\Physics\newBulletBuild\Ian\BulletSharpPInvoke\libbulletc\src\examples\ExtendedTutorials\SimpleCloth.cpp">
      <Filter>Source Files</Filter>
    </ClCompile>
    <ClCompile Include="D:\workspace\Physics\newBulletBuild\Ian\BulletSharpPInvoke\libbulletc\src\examples\ExtendedTutorials\SimpleJoint.cpp">
      <Filter>Source Files</Filter>
    </ClCompile>
    <ClCompile Include="D:\workspace\Physics\newBulletBuild\Ian\BulletSharpPInvoke\libbulletc\src\examples\ExtendedTutorials\NewtonsCradle.cpp">
      <Filter>Source Files</Filter>
    </ClCompile>
    <ClCompile Include="D:\workspace\Physics\newBulletBuild\Ian\BulletSharpPInvoke\libbulletc\src\examples\ExtendedTutorials\InclinedPlane.cpp">
      <Filter>Source Files</Filter>
    </ClCompile>
    <ClCompile Include="D:\workspace\Physics\newBulletBuild\Ian\BulletSharpPInvoke\libbulletc\src\examples\ExtendedTutorials\MultiPendulum.cpp">
      <Filter>Source Files</Filter>
    </ClCompile>
    <ClCompile Include="D:\workspace\Physics\newBulletBuild\Ian\BulletSharpPInvoke\libbulletc\src\examples\TinyRenderer\geometry.cpp">
      <Filter>Source Files</Filter>
    </ClCompile>
    <ClCompile Include="D:\workspace\Physics\newBulletBuild\Ian\BulletSharpPInvoke\libbulletc\src\examples\TinyRenderer\model.cpp">
      <Filter>Source Files</Filter>
    </ClCompile>
    <ClCompile Include="D:\workspace\Physics\newBulletBuild\Ian\BulletSharpPInvoke\libbulletc\src\examples\TinyRenderer\tgaimage.cpp">
      <Filter>Source Files</Filter>
    </ClCompile>
    <ClCompile Include="D:\workspace\Physics\newBulletBuild\Ian\BulletSharpPInvoke\libbulletc\src\examples\TinyRenderer\our_gl.cpp">
      <Filter>Source Files</Filter>
    </ClCompile>
    <ClCompile Include="D:\workspace\Physics\newBulletBuild\Ian\BulletSharpPInvoke\libbulletc\src\examples\TinyRenderer\TinyRenderer.cpp">
      <Filter>Source Files</Filter>
    </ClCompile>
    <ClCompile Include="D:\workspace\Physics\newBulletBuild\Ian\BulletSharpPInvoke\libbulletc\src\examples\SharedMemory\TinyRendererVisualShapeConverter.cpp">
      <Filter>Source Files</Filter>
    </ClCompile>
    <ClCompile Include="D:\workspace\Physics\newBulletBuild\Ian\BulletSharpPInvoke\libbulletc\src\examples\SharedMemory\IKTrajectoryHelper.cpp">
      <Filter>Source Files</Filter>
    </ClCompile>
    <ClCompile Include="D:\workspace\Physics\newBulletBuild\Ian\BulletSharpPInvoke\libbulletc\src\examples\SharedMemory\PhysicsServer.cpp">
      <Filter>Source Files</Filter>
    </ClCompile>
    <ClCompile Include="D:\workspace\Physics\newBulletBuild\Ian\BulletSharpPInvoke\libbulletc\src\examples\SharedMemory\PhysicsClientSharedMemory.cpp">
      <Filter>Source Files</Filter>
    </ClCompile>
    <ClCompile Include="D:\workspace\Physics\newBulletBuild\Ian\BulletSharpPInvoke\libbulletc\src\examples\SharedMemory\PhysicsClientSharedMemory_C_API.cpp">
      <Filter>Source Files</Filter>
    </ClCompile>
    <ClCompile Include="D:\workspace\Physics\newBulletBuild\Ian\BulletSharpPInvoke\libbulletc\src\examples\SharedMemory\PhysicsClient.cpp">
      <Filter>Source Files</Filter>
    </ClCompile>
    <ClCompile Include="D:\workspace\Physics\newBulletBuild\Ian\BulletSharpPInvoke\libbulletc\src\examples\SharedMemory\PhysicsClientC_API.cpp">
      <Filter>Source Files</Filter>
    </ClCompile>
    <ClCompile Include="D:\workspace\Physics\newBulletBuild\Ian\BulletSharpPInvoke\libbulletc\src\examples\SharedMemory\PhysicsServerExample.cpp">
      <Filter>Source Files</Filter>
    </ClCompile>
    <ClCompile Include="D:\workspace\Physics\newBulletBuild\Ian\BulletSharpPInvoke\libbulletc\src\examples\SharedMemory\PhysicsServerExampleBullet2.cpp">
      <Filter>Source Files</Filter>
    </ClCompile>
    <ClCompile Include="D:\workspace\Physics\newBulletBuild\Ian\BulletSharpPInvoke\libbulletc\src\examples\SharedMemory\PhysicsClientExample.cpp">
      <Filter>Source Files</Filter>
    </ClCompile>
    <ClCompile Include="D:\workspace\Physics\newBulletBuild\Ian\BulletSharpPInvoke\libbulletc\src\examples\SharedMemory\PosixSharedMemory.cpp">
      <Filter>Source Files</Filter>
    </ClCompile>
    <ClCompile Include="D:\workspace\Physics\newBulletBuild\Ian\BulletSharpPInvoke\libbulletc\src\examples\SharedMemory\Win32SharedMemory.cpp">
      <Filter>Source Files</Filter>
    </ClCompile>
    <ClCompile Include="D:\workspace\Physics\newBulletBuild\Ian\BulletSharpPInvoke\libbulletc\src\examples\SharedMemory\InProcessMemory.cpp">
      <Filter>Source Files</Filter>
    </ClCompile>
    <ClCompile Include="D:\workspace\Physics\newBulletBuild\Ian\BulletSharpPInvoke\libbulletc\src\examples\SharedMemory\PhysicsServerSharedMemory.cpp">
      <Filter>Source Files</Filter>
    </ClCompile>
    <ClCompile Include="D:\workspace\Physics\newBulletBuild\Ian\BulletSharpPInvoke\libbulletc\src\examples\SharedMemory\PhysicsDirect.cpp">
      <Filter>Source Files</Filter>
    </ClCompile>
    <ClCompile Include="D:\workspace\Physics\newBulletBuild\Ian\BulletSharpPInvoke\libbulletc\src\examples\SharedMemory\PhysicsDirectC_API.cpp">
      <Filter>Source Files</Filter>
    </ClCompile>
    <ClCompile Include="D:\workspace\Physics\newBulletBuild\Ian\BulletSharpPInvoke\libbulletc\src\examples\SharedMemory\SharedMemoryInProcessPhysicsC_API.cpp">
      <Filter>Source Files</Filter>
    </ClCompile>
    <ClCompile Include="D:\workspace\Physics\newBulletBuild\Ian\BulletSharpPInvoke\libbulletc\src\examples\SharedMemory\PhysicsLoopBack.cpp">
      <Filter>Source Files</Filter>
    </ClCompile>
    <ClCompile Include="D:\workspace\Physics\newBulletBuild\Ian\BulletSharpPInvoke\libbulletc\src\examples\SharedMemory\PhysicsLoopBackC_API.cpp">
      <Filter>Source Files</Filter>
    </ClCompile>
    <ClCompile Include="D:\workspace\Physics\newBulletBuild\Ian\BulletSharpPInvoke\libbulletc\src\examples\SharedMemory\PhysicsServerCommandProcessor.cpp">
      <Filter>Source Files</Filter>
    </ClCompile>
    <ClCompile Include="D:\workspace\Physics\newBulletBuild\Ian\BulletSharpPInvoke\libbulletc\src\examples\SharedMemory\b3PluginManager.cpp">
      <Filter>Source Files</Filter>
    </ClCompile>
    <ClCompile Include="D:\workspace\Physics\newBulletBuild\Ian\BulletSharpPInvoke\libbulletc\src\examples\RobotSimulator\b3RobotSimulatorClientAPI.cpp">
      <Filter>Source Files</Filter>
    </ClCompile>
    <ClCompile Include="D:\workspace\Physics\newBulletBuild\Ian\BulletSharpPInvoke\libbulletc\src\examples\BasicDemo\BasicExample.cpp">
      <Filter>Source Files</Filter>
    </ClCompile>
    <ClCompile Include="D:\workspace\Physics\newBulletBuild\Ian\BulletSharpPInvoke\libbulletc\src\examples\InverseDynamics\InverseDynamicsExample.cpp">
      <Filter>Source Files</Filter>
    </ClCompile>
    <ClCompile Include="D:\workspace\Physics\newBulletBuild\Ian\BulletSharpPInvoke\libbulletc\src\examples\InverseKinematics\InverseKinematicsExample.cpp">
      <Filter>Source Files</Filter>
    </ClCompile>
    <ClCompile Include="D:\workspace\Physics\newBulletBuild\Ian\BulletSharpPInvoke\libbulletc\src\examples\ForkLift\ForkLiftDemo.cpp">
      <Filter>Source Files</Filter>
    </ClCompile>
    <ClCompile Include="D:\workspace\Physics\newBulletBuild\Ian\BulletSharpPInvoke\libbulletc\src\examples\MultiThreadedDemo\MultiThreadedDemo.cpp">
      <Filter>Source Files</Filter>
    </ClCompile>
    <ClCompile Include="D:\workspace\Physics\newBulletBuild\Ian\BulletSharpPInvoke\libbulletc\src\examples\MultiThreadedDemo\CommonRigidBodyMTBase.cpp">
      <Filter>Source Files</Filter>
    </ClCompile>
    <ClCompile Include="D:\workspace\Physics\newBulletBuild\Ian\BulletSharpPInvoke\libbulletc\src\examples\Tutorial\Tutorial.cpp">
      <Filter>Source Files</Filter>
    </ClCompile>
    <ClCompile Include="D:\workspace\Physics\newBulletBuild\Ian\BulletSharpPInvoke\libbulletc\src\examples\Tutorial\Dof6ConstraintTutorial.cpp">
      <Filter>Source Files</Filter>
    </ClCompile>
    <ClCompile Include="D:\workspace\Physics\newBulletBuild\Ian\BulletSharpPInvoke\libbulletc\src\examples\Evolution\NN3DWalkers.cpp">
      <Filter>Source Files</Filter>
    </ClCompile>
    <ClCompile Include="D:\workspace\Physics\newBulletBuild\Ian\BulletSharpPInvoke\libbulletc\src\examples\ExtendedTutorials\NewtonsRopeCradle.cpp">
      <Filter>Source Files</Filter>
    </ClCompile>
    <ClCompile Include="D:\workspace\Physics\newBulletBuild\Ian\BulletSharpPInvoke\libbulletc\src\examples\Collision\CollisionSdkC_Api.cpp">
      <Filter>Source Files</Filter>
    </ClCompile>
    <ClCompile Include="D:\workspace\Physics\newBulletBuild\Ian\BulletSharpPInvoke\libbulletc\src\examples\Collision\CollisionTutorialBullet2.cpp">
      <Filter>Source Files</Filter>
    </ClCompile>
    <ClCompile Include="D:\workspace\Physics\newBulletBuild\Ian\BulletSharpPInvoke\libbulletc\src\examples\Collision\Internal\Bullet2CollisionSdk.cpp">
      <Filter>Source Files</Filter>
    </ClCompile>
    <ClCompile Include="D:\workspace\Physics\newBulletBuild\Ian\BulletSharpPInvoke\libbulletc\src\examples\Collision\Internal\RealTimeBullet3CollisionSdk.cpp">
      <Filter>Source Files</Filter>
    </ClCompile>
    <ClCompile Include="D:\workspace\Physics\newBulletBuild\Ian\BulletSharpPInvoke\libbulletc\src\examples\GyroscopicDemo\GyroscopicSetup.cpp">
      <Filter>Source Files</Filter>
    </ClCompile>
    <ClCompile Include="D:\workspace\Physics\newBulletBuild\Ian\BulletSharpPInvoke\libbulletc\src\examples\Planar2D\Planar2D.cpp">
      <Filter>Source Files</Filter>
    </ClCompile>
    <ClCompile Include="D:\workspace\Physics\newBulletBuild\Ian\BulletSharpPInvoke\libbulletc\src\examples\RollingFrictionDemo\RollingFrictionDemo.cpp">
      <Filter>Source Files</Filter>
    </ClCompile>
    <ClCompile Include="D:\workspace\Physics\newBulletBuild\Ian\BulletSharpPInvoke\libbulletc\src\examples\FractureDemo\FractureDemo.cpp">
      <Filter>Source Files</Filter>
    </ClCompile>
    <ClCompile Include="D:\workspace\Physics\newBulletBuild\Ian\BulletSharpPInvoke\libbulletc\src\examples\FractureDemo\btFractureBody.cpp">
      <Filter>Source Files</Filter>
    </ClCompile>
    <ClCompile Include="D:\workspace\Physics\newBulletBuild\Ian\BulletSharpPInvoke\libbulletc\src\examples\FractureDemo\btFractureDynamicsWorld.cpp">
      <Filter>Source Files</Filter>
    </ClCompile>
    <ClCompile Include="D:\workspace\Physics\newBulletBuild\Ian\BulletSharpPInvoke\libbulletc\src\examples\DynamicControlDemo\MotorDemo.cpp">
      <Filter>Source Files</Filter>
    </ClCompile>
    <ClCompile Include="D:\workspace\Physics\newBulletBuild\Ian\BulletSharpPInvoke\libbulletc\src\examples\MultiThreading\MultiThreadingExample.cpp">
      <Filter>Source Files</Filter>
    </ClCompile>
    <ClCompile Include="D:\workspace\Physics\newBulletBuild\Ian\BulletSharpPInvoke\libbulletc\src\examples\MultiThreading\b3PosixThreadSupport.cpp">
      <Filter>Source Files</Filter>
    </ClCompile>
    <ClCompile Include="D:\workspace\Physics\newBulletBuild\Ian\BulletSharpPInvoke\libbulletc\src\examples\MultiThreading\b3Win32ThreadSupport.cpp">
      <Filter>Source Files</Filter>
    </ClCompile>
    <ClCompile Include="D:\workspace\Physics\newBulletBuild\Ian\BulletSharpPInvoke\libbulletc\src\examples\MultiThreading\b3ThreadSupportInterface.cpp">
      <Filter>Source Files</Filter>
    </ClCompile>
    <ClCompile Include="D:\workspace\Physics\newBulletBuild\Ian\BulletSharpPInvoke\libbulletc\src\examples\MultiThreading\btTaskScheduler.cpp">
      <Filter>Source Files</Filter>
    </ClCompile>
    <ClCompile Include="D:\workspace\Physics\newBulletBuild\Ian\BulletSharpPInvoke\libbulletc\src\examples\RenderingExamples\TinyRendererSetup.cpp">
      <Filter>Source Files</Filter>
    </ClCompile>
    <ClCompile Include="D:\workspace\Physics\newBulletBuild\Ian\BulletSharpPInvoke\libbulletc\src\examples\RenderingExamples\TimeSeriesCanvas.cpp">
      <Filter>Source Files</Filter>
    </ClCompile>
    <ClCompile Include="D:\workspace\Physics\newBulletBuild\Ian\BulletSharpPInvoke\libbulletc\src\examples\RenderingExamples\TimeSeriesFontData.cpp">
      <Filter>Source Files</Filter>
    </ClCompile>
    <ClCompile Include="D:\workspace\Physics\newBulletBuild\Ian\BulletSharpPInvoke\libbulletc\src\examples\RenderingExamples\DynamicTexturedCubeDemo.cpp">
      <Filter>Source Files</Filter>
    </ClCompile>
    <ClCompile Include="D:\workspace\Physics\newBulletBuild\Ian\BulletSharpPInvoke\libbulletc\src\examples\RenderingExamples\TinyVRGui.cpp">
      <Filter>Source Files</Filter>
    </ClCompile>
    <ClCompile Include="D:\workspace\Physics\newBulletBuild\Ian\BulletSharpPInvoke\libbulletc\src\examples\RoboticsLearning\GripperGraspExample.cpp">
      <Filter>Source Files</Filter>
    </ClCompile>
    <ClCompile Include="D:\workspace\Physics\newBulletBuild\Ian\BulletSharpPInvoke\libbulletc\src\examples\RoboticsLearning\R2D2GraspExample.cpp">
      <Filter>Source Files</Filter>
    </ClCompile>
    <ClCompile Include="D:\workspace\Physics\newBulletBuild\Ian\BulletSharpPInvoke\libbulletc\src\examples\RoboticsLearning\KukaGraspExample.cpp">
      <Filter>Source Files</Filter>
    </ClCompile>
    <ClCompile Include="D:\workspace\Physics\newBulletBuild\Ian\BulletSharpPInvoke\libbulletc\src\examples\RenderingExamples\CoordinateSystemDemo.cpp">
      <Filter>Source Files</Filter>
    </ClCompile>
    <ClCompile Include="D:\workspace\Physics\newBulletBuild\Ian\BulletSharpPInvoke\libbulletc\src\examples\RenderingExamples\RaytracerSetup.cpp">
      <Filter>Source Files</Filter>
    </ClCompile>
    <ClCompile Include="D:\workspace\Physics\newBulletBuild\Ian\BulletSharpPInvoke\libbulletc\src\examples\RenderingExamples\RenderInstancingDemo.cpp">
      <Filter>Source Files</Filter>
    </ClCompile>
    <ClCompile Include="D:\workspace\Physics\newBulletBuild\Ian\BulletSharpPInvoke\libbulletc\src\examples\RenderingExamples\TimeSeriesExample.cpp">
      <Filter>Source Files</Filter>
    </ClCompile>
    <ClCompile Include="D:\workspace\Physics\newBulletBuild\Ian\BulletSharpPInvoke\libbulletc\src\examples\Benchmarks\BenchmarkDemo.cpp">
      <Filter>Source Files</Filter>
    </ClCompile>
    <ClCompile Include="D:\workspace\Physics\newBulletBuild\Ian\BulletSharpPInvoke\libbulletc\src\examples\Raycast\RaytestDemo.cpp">
      <Filter>Source Files</Filter>
    </ClCompile>
    <ClCompile Include="D:\workspace\Physics\newBulletBuild\Ian\BulletSharpPInvoke\libbulletc\src\examples\Importers\ImportBullet\SerializeSetup.cpp">
      <Filter>Source Files</Filter>
    </ClCompile>
    <ClCompile Include="D:\workspace\Physics\newBulletBuild\Ian\BulletSharpPInvoke\libbulletc\src\examples\Importers\ImportMeshUtility\b3ImportMeshUtility.cpp">
      <Filter>Source Files</Filter>
    </ClCompile>
    <ClCompile Include="D:\workspace\Physics\newBulletBuild\Ian\BulletSharpPInvoke\libbulletc\src\Extras\Serialize\BulletWorldImporter\btWorldImporter.cpp">
      <Filter>Source Files</Filter>
    </ClCompile>
    <ClCompile Include="D:\workspace\Physics\newBulletBuild\Ian\BulletSharpPInvoke\libbulletc\src\Extras\Serialize\BulletWorldImporter\btMultiBodyWorldImporter.cpp">
      <Filter>Source Files</Filter>
    </ClCompile>
    <ClCompile Include="D:\workspace\Physics\newBulletBuild\Ian\BulletSharpPInvoke\libbulletc\src\Extras\Serialize\BulletWorldImporter\btBulletWorldImporter.cpp">
      <Filter>Source Files</Filter>
    </ClCompile>
    <ClCompile Include="D:\workspace\Physics\newBulletBuild\Ian\BulletSharpPInvoke\libbulletc\src\Extras\Serialize\BulletFileLoader\bChunk.cpp">
      <Filter>Source Files</Filter>
    </ClCompile>
    <ClCompile Include="D:\workspace\Physics\newBulletBuild\Ian\BulletSharpPInvoke\libbulletc\src\Extras\Serialize\BulletFileLoader\bFile.cpp">
      <Filter>Source Files</Filter>
    </ClCompile>
    <ClCompile Include="D:\workspace\Physics\newBulletBuild\Ian\BulletSharpPInvoke\libbulletc\src\Extras\Serialize\BulletFileLoader\bDNA.cpp">
      <Filter>Source Files</Filter>
    </ClCompile>
    <ClCompile Include="D:\workspace\Physics\newBulletBuild\Ian\BulletSharpPInvoke\libbulletc\src\Extras\Serialize\BulletFileLoader\btBulletFile.cpp">
      <Filter>Source Files</Filter>
    </ClCompile>
    <ClCompile Include="D:\workspace\Physics\newBulletBuild\Ian\BulletSharpPInvoke\libbulletc\src\examples\Importers\ImportMJCFDemo\BulletMJCFImporter.cpp">
      <Filter>Source Files</Filter>
    </ClCompile>
    <ClCompile Include="D:\workspace\Physics\newBulletBuild\Ian\BulletSharpPInvoke\libbulletc\src\examples\Importers\ImportMJCFDemo\ImportMJCFSetup.cpp">
      <Filter>Source Files</Filter>
    </ClCompile>
    <ClCompile Include="D:\workspace\Physics\newBulletBuild\Ian\BulletSharpPInvoke\libbulletc\src\examples\Importers\ImportBsp\BspConverter.cpp">
      <Filter>Source Files</Filter>
    </ClCompile>
    <ClCompile Include="D:\workspace\Physics\newBulletBuild\Ian\BulletSharpPInvoke\libbulletc\src\examples\Importers\ImportBsp\BspLoader.cpp">
      <Filter>Source Files</Filter>
    </ClCompile>
    <ClCompile Include="D:\workspace\Physics\newBulletBuild\Ian\BulletSharpPInvoke\libbulletc\src\examples\Importers\ImportBsp\ImportBspExample.cpp">
      <Filter>Source Files</Filter>
    </ClCompile>
    <ClCompile Include="D:\workspace\Physics\newBulletBuild\Ian\BulletSharpPInvoke\libbulletc\src\examples\Importers\ImportColladaDemo\ImportColladaSetup.cpp">
      <Filter>Source Files</Filter>
    </ClCompile>
    <ClCompile Include="D:\workspace\Physics\newBulletBuild\Ian\BulletSharpPInvoke\libbulletc\src\examples\Importers\ImportColladaDemo\LoadMeshFromCollada.cpp">
      <Filter>Source Files</Filter>
    </ClCompile>
    <ClCompile Include="D:\workspace\Physics\newBulletBuild\Ian\BulletSharpPInvoke\libbulletc\src\examples\Importers\ImportObjDemo\ImportObjExample.cpp">
      <Filter>Source Files</Filter>
    </ClCompile>
    <ClCompile Include="D:\workspace\Physics\newBulletBuild\Ian\BulletSharpPInvoke\libbulletc\src\examples\Importers\ImportObjDemo\LoadMeshFromObj.cpp">
      <Filter>Source Files</Filter>
    </ClCompile>
    <ClCompile Include="D:\workspace\Physics\newBulletBuild\Ian\BulletSharpPInvoke\libbulletc\src\examples\Importers\ImportObjDemo\Wavefront2GLInstanceGraphicsShape.cpp">
      <Filter>Source Files</Filter>
    </ClCompile>
    <ClCompile Include="D:\workspace\Physics\newBulletBuild\Ian\BulletSharpPInvoke\libbulletc\src\examples\Importers\ImportSTLDemo\ImportSTLSetup.cpp">
      <Filter>Source Files</Filter>
    </ClCompile>
    <ClCompile Include="D:\workspace\Physics\newBulletBuild\Ian\BulletSharpPInvoke\libbulletc\src\examples\Importers\ImportSDFDemo\ImportSDFSetup.cpp">
      <Filter>Source Files</Filter>
    </ClCompile>
    <ClCompile Include="D:\workspace\Physics\newBulletBuild\Ian\BulletSharpPInvoke\libbulletc\src\examples\Importers\ImportURDFDemo\ImportURDFSetup.cpp">
      <Filter>Source Files</Filter>
    </ClCompile>
    <ClCompile Include="D:\workspace\Physics\newBulletBuild\Ian\BulletSharpPInvoke\libbulletc\src\examples\Importers\ImportURDFDemo\URDF2Bullet.cpp">
      <Filter>Source Files</Filter>
    </ClCompile>
    <ClCompile Include="D:\workspace\Physics\newBulletBuild\Ian\BulletSharpPInvoke\libbulletc\src\examples\Importers\ImportURDFDemo\MyMultiBodyCreator.cpp">
      <Filter>Source Files</Filter>
    </ClCompile>
    <ClCompile Include="D:\workspace\Physics\newBulletBuild\Ian\BulletSharpPInvoke\libbulletc\src\examples\Importers\ImportURDFDemo\UrdfParser.cpp">
      <Filter>Source Files</Filter>
    </ClCompile>
    <ClCompile Include="D:\workspace\Physics\newBulletBuild\Ian\BulletSharpPInvoke\libbulletc\src\examples\Utils\RobotLoggingUtil.cpp">
      <Filter>Source Files</Filter>
    </ClCompile>
    <ClCompile Include="D:\workspace\Physics\newBulletBuild\Ian\BulletSharpPInvoke\libbulletc\src\examples\Importers\ImportURDFDemo\urdfStringSplit.cpp">
      <Filter>Source Files</Filter>
    </ClCompile>
    <ClCompile Include="D:\workspace\Physics\newBulletBuild\Ian\BulletSharpPInvoke\libbulletc\src\examples\Importers\ImportURDFDemo\BulletUrdfImporter.cpp">
      <Filter>Source Files</Filter>
    </ClCompile>
    <ClCompile Include="D:\workspace\Physics\newBulletBuild\Ian\BulletSharpPInvoke\libbulletc\src\examples\VoronoiFracture\VoronoiFractureDemo.cpp">
      <Filter>Source Files</Filter>
    </ClCompile>
    <ClCompile Include="D:\workspace\Physics\newBulletBuild\Ian\BulletSharpPInvoke\libbulletc\src\examples\VoronoiFracture\btConvexConvexMprAlgorithm.cpp">
      <Filter>Source Files</Filter>
    </ClCompile>
    <ClCompile Include="D:\workspace\Physics\newBulletBuild\Ian\BulletSharpPInvoke\libbulletc\src\examples\Vehicles\Hinge2Vehicle.cpp">
      <Filter>Source Files</Filter>
    </ClCompile>
    <ClCompile Include="D:\workspace\Physics\newBulletBuild\Ian\BulletSharpPInvoke\libbulletc\src\examples\MultiBody\Pendulum.cpp">
      <Filter>Source Files</Filter>
    </ClCompile>
    <ClCompile Include="D:\workspace\Physics\newBulletBuild\Ian\BulletSharpPInvoke\libbulletc\src\examples\MultiBody\MultiBodySoftContact.cpp">
      <Filter>Source Files</Filter>
    </ClCompile>
    <ClCompile Include="D:\workspace\Physics\newBulletBuild\Ian\BulletSharpPInvoke\libbulletc\src\examples\MultiBody\TestJointTorqueSetup.cpp">
      <Filter>Source Files</Filter>
    </ClCompile>
    <ClCompile Include="D:\workspace\Physics\newBulletBuild\Ian\BulletSharpPInvoke\libbulletc\src\examples\MultiBody\InvertedPendulumPDControl.cpp">
      <Filter>Source Files</Filter>
    </ClCompile>
    <ClCompile Include="D:\workspace\Physics\newBulletBuild\Ian\BulletSharpPInvoke\libbulletc\src\examples\MultiBody\MultiBodyConstraintFeedback.cpp">
      <Filter>Source Files</Filter>
    </ClCompile>
    <ClCompile Include="D:\workspace\Physics\newBulletBuild\Ian\BulletSharpPInvoke\libbulletc\src\examples\MultiBody\MultiDofDemo.cpp">
      <Filter>Source Files</Filter>
    </ClCompile>
    <ClCompile Include="D:\workspace\Physics\newBulletBuild\Ian\BulletSharpPInvoke\libbulletc\src\examples\RigidBody\RigidBodySoftContact.cpp">
      <Filter>Source Files</Filter>
    </ClCompile>
    <ClCompile Include="D:\workspace\Physics\newBulletBuild\Ian\BulletSharpPInvoke\libbulletc\src\examples\Constraints\TestHingeTorque.cpp">
      <Filter>Source Files</Filter>
    </ClCompile>
    <ClCompile Include="D:\workspace\Physics\newBulletBuild\Ian\BulletSharpPInvoke\libbulletc\src\examples\Constraints\ConstraintDemo.cpp">
      <Filter>Source Files</Filter>
    </ClCompile>
    <ClCompile Include="D:\workspace\Physics\newBulletBuild\Ian\BulletSharpPInvoke\libbulletc\src\examples\Constraints\Dof6Spring2Setup.cpp">
      <Filter>Source Files</Filter>
    </ClCompile>
    <ClCompile Include="D:\workspace\Physics\newBulletBuild\Ian\BulletSharpPInvoke\libbulletc\src\examples\Constraints\ConstraintPhysicsSetup.cpp">
      <Filter>Source Files</Filter>
    </ClCompile>
    <ClCompile Include="D:\workspace\Physics\newBulletBuild\Ian\BulletSharpPInvoke\libbulletc\src\examples\ThirdPartyLibs\stb_image\stb_image.cpp">
      <Filter>Source Files</Filter>
    </ClCompile>
    <ClCompile Include="D:\workspace\Physics\newBulletBuild\Ian\BulletSharpPInvoke\libbulletc\src\examples\ThirdPartyLibs\Wavefront\tiny_obj_loader.cpp">
      <Filter>Source Files</Filter>
    </ClCompile>
    <ClCompile Include="D:\workspace\Physics\newBulletBuild\Ian\BulletSharpPInvoke\libbulletc\src\examples\ThirdPartyLibs\tinyxml\tinystr.cpp">
      <Filter>Source Files</Filter>
    </ClCompile>
    <ClCompile Include="D:\workspace\Physics\newBulletBuild\Ian\BulletSharpPInvoke\libbulletc\src\examples\ThirdPartyLibs\tinyxml\tinyxml.cpp">
      <Filter>Source Files</Filter>
    </ClCompile>
    <ClCompile Include="D:\workspace\Physics\newBulletBuild\Ian\BulletSharpPInvoke\libbulletc\src\examples\ThirdPartyLibs\tinyxml\tinyxmlerror.cpp">
      <Filter>Source Files</Filter>
    </ClCompile>
    <ClCompile Include="D:\workspace\Physics\newBulletBuild\Ian\BulletSharpPInvoke\libbulletc\src\examples\ThirdPartyLibs\tinyxml\tinyxmlparser.cpp">
      <Filter>Source Files</Filter>
    </ClCompile>
    <ClCompile Include="D:\workspace\Physics\newBulletBuild\Ian\BulletSharpPInvoke\libbulletc\src\examples\ExampleBrowser\InProcessExampleBrowser.cpp">
      <Filter>Source Files</Filter>
    </ClCompile>
  </ItemGroup>
  <ItemGroup>
    <ClInclude Include="D:\workspace\Physics\newBulletBuild\Ian\BulletSharpPInvoke\libbulletc\src\examples\ExampleBrowser\ExampleEntries.h">
      <Filter>Header Files</Filter>
    </ClInclude>
    <ClInclude Include="D:\workspace\Physics\newBulletBuild\Ian\BulletSharpPInvoke\libbulletc\src\examples\ExtendedTutorials\Chain.h">
      <Filter>Header Files</Filter>
    </ClInclude>
    <ClInclude Include="D:\workspace\Physics\newBulletBuild\Ian\BulletSharpPInvoke\libbulletc\src\examples\ExtendedTutorials\Bridge.h">
      <Filter>Header Files</Filter>
    </ClInclude>
    <ClInclude Include="D:\workspace\Physics\newBulletBuild\Ian\BulletSharpPInvoke\libbulletc\src\examples\ExtendedTutorials\RigidBodyFromObj.h">
      <Filter>Header Files</Filter>
    </ClInclude>
    <ClInclude Include="D:\workspace\Physics\newBulletBuild\Ian\BulletSharpPInvoke\libbulletc\src\examples\ExtendedTutorials\SimpleBox.h">
      <Filter>Header Files</Filter>
    </ClInclude>
    <ClInclude Include="D:\workspace\Physics\newBulletBuild\Ian\BulletSharpPInvoke\libbulletc\src\examples\ExtendedTutorials\MultipleBoxes.h">
      <Filter>Header Files</Filter>
    </ClInclude>
    <ClInclude Include="D:\workspace\Physics\newBulletBuild\Ian\BulletSharpPInvoke\libbulletc\src\examples\ExtendedTutorials\CompoundBoxes.h">
      <Filter>Header Files</Filter>
    </ClInclude>
    <ClInclude Include="D:\workspace\Physics\newBulletBuild\Ian\BulletSharpPInvoke\libbulletc\src\examples\ExtendedTutorials\SimpleCloth.h">
      <Filter>Header Files</Filter>
    </ClInclude>
    <ClInclude Include="D:\workspace\Physics\newBulletBuild\Ian\BulletSharpPInvoke\libbulletc\src\examples\ExtendedTutorials\SimpleJoint.h">
      <Filter>Header Files</Filter>
    </ClInclude>
    <ClInclude Include="D:\workspace\Physics\newBulletBuild\Ian\BulletSharpPInvoke\libbulletc\src\examples\ExtendedTutorials\NewtonsCradle.h">
      <Filter>Header Files</Filter>
    </ClInclude>
    <ClInclude Include="D:\workspace\Physics\newBulletBuild\Ian\BulletSharpPInvoke\libbulletc\src\examples\ExtendedTutorials\InclinedPlane.h">
      <Filter>Header Files</Filter>
    </ClInclude>
    <ClInclude Include="D:\workspace\Physics\newBulletBuild\Ian\BulletSharpPInvoke\libbulletc\src\examples\ExtendedTutorials\MultiPendulum.h">
      <Filter>Header Files</Filter>
    </ClInclude>
    <ClInclude Include="D:\workspace\Physics\newBulletBuild\Ian\BulletSharpPInvoke\libbulletc\src\examples\SharedMemory\TinyRendererVisualShapeConverter.h">
      <Filter>Header Files</Filter>
    </ClInclude>
    <ClInclude Include="D:\workspace\Physics\newBulletBuild\Ian\BulletSharpPInvoke\libbulletc\src\examples\SharedMemory\IKTrajectoryHelper.h">
      <Filter>Header Files</Filter>
    </ClInclude>
    <ClInclude Include="D:\workspace\Physics\newBulletBuild\Ian\BulletSharpPInvoke\libbulletc\src\examples\SharedMemory\PhysicsDirect.h">
      <Filter>Header Files</Filter>
    </ClInclude>
    <ClInclude Include="D:\workspace\Physics\newBulletBuild\Ian\BulletSharpPInvoke\libbulletc\src\examples\SharedMemory\PhysicsDirectC_API.h">
      <Filter>Header Files</Filter>
    </ClInclude>
    <ClInclude Include="D:\workspace\Physics\newBulletBuild\Ian\BulletSharpPInvoke\libbulletc\src\examples\SharedMemory\PhysicsLoopBack.h">
      <Filter>Header Files</Filter>
    </ClInclude>
    <ClInclude Include="D:\workspace\Physics\newBulletBuild\Ian\BulletSharpPInvoke\libbulletc\src\examples\SharedMemory\PhysicsLoopBackC_API.h">
      <Filter>Header Files</Filter>
    </ClInclude>
    <ClInclude Include="D:\workspace\Physics\newBulletBuild\Ian\BulletSharpPInvoke\libbulletc\src\examples\SharedMemory\PhysicsServerCommandProcessor.h">
      <Filter>Header Files</Filter>
    </ClInclude>
    <ClInclude Include="D:\workspace\Physics\newBulletBuild\Ian\BulletSharpPInvoke\libbulletc\src\examples\SharedMemory\SharedMemoryCommands.h">
      <Filter>Header Files</Filter>
    </ClInclude>
    <ClInclude Include="D:\workspace\Physics\newBulletBuild\Ian\BulletSharpPInvoke\libbulletc\src\examples\SharedMemory\SharedMemoryPublic.h">
      <Filter>Header Files</Filter>
    </ClInclude>
    <ClInclude Include="D:\workspace\Physics\newBulletBuild\Ian\BulletSharpPInvoke\libbulletc\src\examples\RobotSimulator\b3RobotSimulatorClientAPI.h">
      <Filter>Header Files</Filter>
    </ClInclude>
    <ClInclude Include="D:\workspace\Physics\newBulletBuild\Ian\BulletSharpPInvoke\libbulletc\src\examples\BasicDemo\BasicExample.h">
      <Filter>Header Files</Filter>
    </ClInclude>
    <ClInclude Include="D:\workspace\Physics\newBulletBuild\Ian\BulletSharpPInvoke\libbulletc\src\examples\InverseDynamics\InverseDynamicsExample.h">
      <Filter>Header Files</Filter>
    </ClInclude>
    <ClInclude Include="D:\workspace\Physics\newBulletBuild\Ian\BulletSharpPInvoke\libbulletc\src\examples\InverseKinematics\InverseKinematicsExample.h">
      <Filter>Header Files</Filter>
    </ClInclude>
    <ClInclude Include="D:\workspace\Physics\newBulletBuild\Ian\BulletSharpPInvoke\libbulletc\src\examples\ForkLift\ForkLiftDemo.h">
      <Filter>Header Files</Filter>
    </ClInclude>
    <ClInclude Include="D:\workspace\Physics\newBulletBuild\Ian\BulletSharpPInvoke\libbulletc\src\examples\MultiThreadedDemo\MultiThreadedDemo.h">
      <Filter>Header Files</Filter>
    </ClInclude>
    <ClInclude Include="D:\workspace\Physics\newBulletBuild\Ian\BulletSharpPInvoke\libbulletc\src\examples\MultiThreadedDemo\CommonRigidBodyMTBase.h">
      <Filter>Header Files</Filter>
    </ClInclude>
    <ClInclude Include="D:\workspace\Physics\newBulletBuild\Ian\BulletSharpPInvoke\libbulletc\src\examples\Tutorial\Tutorial.h">
      <Filter>Header Files</Filter>
    </ClInclude>
    <ClInclude Include="D:\workspace\Physics\newBulletBuild\Ian\BulletSharpPInvoke\libbulletc\src\examples\Tutorial\Dof6ConstraintTutorial.h">
      <Filter>Header Files</Filter>
    </ClInclude>
    <ClInclude Include="D:\workspace\Physics\newBulletBuild\Ian\BulletSharpPInvoke\libbulletc\src\examples\Evolution\NN3DWalkers.h">
      <Filter>Header Files</Filter>
    </ClInclude>
    <ClInclude Include="D:\workspace\Physics\newBulletBuild\Ian\BulletSharpPInvoke\libbulletc\src\examples\Evolution\NN3DWalkersTimeWarpBase.h">
      <Filter>Header Files</Filter>
    </ClInclude>
    <ClInclude Include="D:\workspace\Physics\newBulletBuild\Ian\BulletSharpPInvoke\libbulletc\src\examples\ExtendedTutorials\NewtonsRopeCradle.h">
      <Filter>Header Files</Filter>
    </ClInclude>
    <ClInclude Include="D:\workspace\Physics\newBulletBuild\Ian\BulletSharpPInvoke\libbulletc\src\examples\Collision\CollisionSdkC_Api.h">
      <Filter>Header Files</Filter>
    </ClInclude>
    <ClInclude Include="D:\workspace\Physics\newBulletBuild\Ian\BulletSharpPInvoke\libbulletc\src\examples\Collision\CollisionTutorialBullet2.h">
      <Filter>Header Files</Filter>
    </ClInclude>
    <ClInclude Include="D:\workspace\Physics\newBulletBuild\Ian\BulletSharpPInvoke\libbulletc\src\examples\Collision\Internal\Bullet2CollisionSdk.h">
      <Filter>Header Files</Filter>
    </ClInclude>
    <ClInclude Include="D:\workspace\Physics\newBulletBuild\Ian\BulletSharpPInvoke\libbulletc\src\examples\Collision\Internal\CollisionSdkInterface.h">
      <Filter>Header Files</Filter>
    </ClInclude>
    <ClInclude Include="D:\workspace\Physics\newBulletBuild\Ian\BulletSharpPInvoke\libbulletc\src\examples\Collision\Internal\RealTimeBullet3CollisionSdk.h">
      <Filter>Header Files</Filter>
    </ClInclude>
    <ClInclude Include="D:\workspace\Physics\newBulletBuild\Ian\BulletSharpPInvoke\libbulletc\src\examples\GyroscopicDemo\GyroscopicSetup.h">
      <Filter>Header Files</Filter>
    </ClInclude>
    <ClInclude Include="D:\workspace\Physics\newBulletBuild\Ian\BulletSharpPInvoke\libbulletc\src\examples\Planar2D\Planar2D.h">
      <Filter>Header Files</Filter>
    </ClInclude>
    <ClInclude Include="D:\workspace\Physics\newBulletBuild\Ian\BulletSharpPInvoke\libbulletc\src\examples\RollingFrictionDemo\RollingFrictionDemo.h">
      <Filter>Header Files</Filter>
    </ClInclude>
    <ClInclude Include="D:\workspace\Physics\newBulletBuild\Ian\BulletSharpPInvoke\libbulletc\src\examples\FractureDemo\FractureDemo.h">
      <Filter>Header Files</Filter>
    </ClInclude>
    <ClInclude Include="D:\workspace\Physics\newBulletBuild\Ian\BulletSharpPInvoke\libbulletc\src\examples\FractureDemo\btFractureBody.h">
      <Filter>Header Files</Filter>
    </ClInclude>
    <ClInclude Include="D:\workspace\Physics\newBulletBuild\Ian\BulletSharpPInvoke\libbulletc\src\examples\FractureDemo\btFractureDynamicsWorld.h">
      <Filter>Header Files</Filter>
    </ClInclude>
    <ClInclude Include="D:\workspace\Physics\newBulletBuild\Ian\BulletSharpPInvoke\libbulletc\src\examples\DynamicControlDemo\MotorDemo.h">
      <Filter>Header Files</Filter>
    </ClInclude>
    <ClInclude Include="D:\workspace\Physics\newBulletBuild\Ian\BulletSharpPInvoke\libbulletc\src\examples\RenderingExamples\TimeSeriesCanvas.h">
      <Filter>Header Files</Filter>
    </ClInclude>
    <ClInclude Include="D:\workspace\Physics\newBulletBuild\Ian\BulletSharpPInvoke\libbulletc\src\examples\RenderingExamples\TimeSeriesFontData.h">
      <Filter>Header Files</Filter>
    </ClInclude>
    <ClInclude Include="D:\workspace\Physics\newBulletBuild\Ian\BulletSharpPInvoke\libbulletc\src\examples\RenderingExamples\DynamicTexturedCubeDemo.h">
      <Filter>Header Files</Filter>
    </ClInclude>
    <ClInclude Include="D:\workspace\Physics\newBulletBuild\Ian\BulletSharpPInvoke\libbulletc\src\examples\RenderingExamples\TinyVRGui.h">
      <Filter>Header Files</Filter>
    </ClInclude>
    <ClInclude Include="D:\workspace\Physics\newBulletBuild\Ian\BulletSharpPInvoke\libbulletc\src\examples\RoboticsLearning\GripperGraspExample.h">
      <Filter>Header Files</Filter>
    </ClInclude>
    <ClInclude Include="D:\workspace\Physics\newBulletBuild\Ian\BulletSharpPInvoke\libbulletc\src\examples\RoboticsLearning\R2D2GraspExample.h">
      <Filter>Header Files</Filter>
    </ClInclude>
    <ClInclude Include="D:\workspace\Physics\newBulletBuild\Ian\BulletSharpPInvoke\libbulletc\src\examples\RoboticsLearning\KukaGraspExample.h">
      <Filter>Header Files</Filter>
    </ClInclude>
    <ClInclude Include="D:\workspace\Physics\newBulletBuild\Ian\BulletSharpPInvoke\libbulletc\src\examples\RenderingExamples\CoordinateSystemDemo.h">
      <Filter>Header Files</Filter>
    </ClInclude>
    <ClInclude Include="D:\workspace\Physics\newBulletBuild\Ian\BulletSharpPInvoke\libbulletc\src\examples\RenderingExamples\RaytracerSetup.h">
      <Filter>Header Files</Filter>
    </ClInclude>
    <ClInclude Include="D:\workspace\Physics\newBulletBuild\Ian\BulletSharpPInvoke\libbulletc\src\examples\RenderingExamples\RenderInstancingDemo.h">
      <Filter>Header Files</Filter>
    </ClInclude>
    <ClInclude Include="D:\workspace\Physics\newBulletBuild\Ian\BulletSharpPInvoke\libbulletc\src\examples\Benchmarks\BenchmarkDemo.h">
      <Filter>Header Files</Filter>
    </ClInclude>
    <ClInclude Include="D:\workspace\Physics\newBulletBuild\Ian\BulletSharpPInvoke\libbulletc\src\examples\Benchmarks\landscapeData.h">
      <Filter>Header Files</Filter>
    </ClInclude>
    <ClInclude Include="D:\workspace\Physics\newBulletBuild\Ian\BulletSharpPInvoke\libbulletc\src\examples\Benchmarks\TaruData.h">
      <Filter>Header Files</Filter>
    </ClInclude>
    <ClInclude Include="D:\workspace\Physics\newBulletBuild\Ian\BulletSharpPInvoke\libbulletc\src\examples\Importers\ImportBsp\BspConverter.h">
      <Filter>Header Files</Filter>
    </ClInclude>
    <ClInclude Include="D:\workspace\Physics\newBulletBuild\Ian\BulletSharpPInvoke\libbulletc\src\examples\Importers\ImportBullet\SerializeSetup.h">
      <Filter>Header Files</Filter>
    </ClInclude>
    <ClInclude Include="D:\workspace\Physics\newBulletBuild\Ian\BulletSharpPInvoke\libbulletc\src\examples\Importers\ImportMeshUtility\b3ImportMeshUtility.h">
      <Filter>Header Files</Filter>
    </ClInclude>
    <ClInclude Include="D:\workspace\Physics\newBulletBuild\Ian\BulletSharpPInvoke\libbulletc\src\examples\Importers\ImportBsp\BspLoader.h">
      <Filter>Header Files</Filter>
    </ClInclude>
    <ClInclude Include="D:\workspace\Physics\newBulletBuild\Ian\BulletSharpPInvoke\libbulletc\src\examples\Importers\ImportBsp\ImportBspExample.h">
      <Filter>Header Files</Filter>
    </ClInclude>
    <ClInclude Include="D:\workspace\Physics\newBulletBuild\Ian\BulletSharpPInvoke\libbulletc\src\examples\Importers\ImportColladaDemo\btMatrix4x4.h">
      <Filter>Header Files</Filter>
    </ClInclude>
    <ClInclude Include="D:\workspace\Physics\newBulletBuild\Ian\BulletSharpPInvoke\libbulletc\src\examples\Importers\ImportColladaDemo\ColladaGraphicsInstance.h">
      <Filter>Header Files</Filter>
    </ClInclude>
    <ClInclude Include="D:\workspace\Physics\newBulletBuild\Ian\BulletSharpPInvoke\libbulletc\src\examples\Importers\ImportColladaDemo\ImportColladaSetup.h">
      <Filter>Header Files</Filter>
    </ClInclude>
    <ClInclude Include="D:\workspace\Physics\newBulletBuild\Ian\BulletSharpPInvoke\libbulletc\src\examples\Importers\ImportColladaDemo\LoadMeshFromCollada.h">
      <Filter>Header Files</Filter>
    </ClInclude>
    <ClInclude Include="D:\workspace\Physics\newBulletBuild\Ian\BulletSharpPInvoke\libbulletc\src\examples\Importers\ImportObjDemo\ImportObjExample.h">
      <Filter>Header Files</Filter>
    </ClInclude>
    <ClInclude Include="D:\workspace\Physics\newBulletBuild\Ian\BulletSharpPInvoke\libbulletc\src\examples\Importers\ImportObjDemo\LoadMeshFromObj.h">
      <Filter>Header Files</Filter>
    </ClInclude>
    <ClInclude Include="D:\workspace\Physics\newBulletBuild\Ian\BulletSharpPInvoke\libbulletc\src\examples\Importers\ImportObjDemo\Wavefront2GLInstanceGraphicsShape.h">
      <Filter>Header Files</Filter>
    </ClInclude>
    <ClInclude Include="D:\workspace\Physics\newBulletBuild\Ian\BulletSharpPInvoke\libbulletc\src\examples\Importers\ImportSTLDemo\ImportSTLSetup.h">
      <Filter>Header Files</Filter>
    </ClInclude>
    <ClInclude Include="D:\workspace\Physics\newBulletBuild\Ian\BulletSharpPInvoke\libbulletc\src\examples\Importers\ImportSTLDemo\LoadMeshFromSTL.h">
      <Filter>Header Files</Filter>
    </ClInclude>
    <ClInclude Include="D:\workspace\Physics\newBulletBuild\Ian\BulletSharpPInvoke\libbulletc\src\examples\Importers\ImportURDFDemo\ConvertRigidBodies2MultiBody.h">
      <Filter>Header Files</Filter>
    </ClInclude>
    <ClInclude Include="D:\workspace\Physics\newBulletBuild\Ian\BulletSharpPInvoke\libbulletc\src\examples\Importers\ImportURDFDemo\ImportURDFSetup.h">
      <Filter>Header Files</Filter>
    </ClInclude>
    <ClInclude Include="D:\workspace\Physics\newBulletBuild\Ian\BulletSharpPInvoke\libbulletc\src\examples\Importers\ImportURDFDemo\URDF2Bullet.h">
      <Filter>Header Files</Filter>
    </ClInclude>
    <ClInclude Include="D:\workspace\Physics\newBulletBuild\Ian\BulletSharpPInvoke\libbulletc\src\examples\Importers\ImportURDFDemo\urdf_samples.h">
      <Filter>Header Files</Filter>
    </ClInclude>
    <ClInclude Include="D:\workspace\Physics\newBulletBuild\Ian\BulletSharpPInvoke\libbulletc\src\examples\Importers\ImportMJCFDemo\BulletMJCFImporter.h">
      <Filter>Header Files</Filter>
    </ClInclude>
    <ClInclude Include="D:\workspace\Physics\newBulletBuild\Ian\BulletSharpPInvoke\libbulletc\src\examples\Importers\ImportMJCFDemo\ImportMJCFSetup.h">
      <Filter>Header Files</Filter>
    </ClInclude>
    <ClInclude Include="D:\workspace\Physics\newBulletBuild\Ian\BulletSharpPInvoke\libbulletc\src\examples\Importers\ImportURDFDemo\MyMultiBodyCreator.h">
      <Filter>Header Files</Filter>
    </ClInclude>
    <ClInclude Include="D:\workspace\Physics\newBulletBuild\Ian\BulletSharpPInvoke\libbulletc\src\examples\Utils\RobotLoggingUtil.h">
      <Filter>Header Files</Filter>
    </ClInclude>
    <ClInclude Include="D:\workspace\Physics\newBulletBuild\Ian\BulletSharpPInvoke\libbulletc\src\examples\Importers\ImportURDFDemo\urdfStringSplit.h">
      <Filter>Header Files</Filter>
    </ClInclude>
    <ClInclude Include="D:\workspace\Physics\newBulletBuild\Ian\BulletSharpPInvoke\libbulletc\src\examples\Importers\ImportURDFDemo\BulletUrdfImporter.h">
      <Filter>Header Files</Filter>
    </ClInclude>
    <ClInclude Include="D:\workspace\Physics\newBulletBuild\Ian\BulletSharpPInvoke\libbulletc\src\examples\VoronoiFracture\VoronoiFractureDemo.h">
      <Filter>Header Files</Filter>
    </ClInclude>
    <ClInclude Include="D:\workspace\Physics\newBulletBuild\Ian\BulletSharpPInvoke\libbulletc\src\examples\VoronoiFracture\btConvexConvexMprAlgorithm.h">
      <Filter>Header Files</Filter>
    </ClInclude>
    <ClInclude Include="D:\workspace\Physics\newBulletBuild\Ian\BulletSharpPInvoke\libbulletc\src\examples\Vehicles\Hinge2Vehicle.h">
      <Filter>Header Files</Filter>
    </ClInclude>
    <ClInclude Include="D:\workspace\Physics\newBulletBuild\Ian\BulletSharpPInvoke\libbulletc\src\examples\MultiBody\TestJointTorqueSetup.h">
      <Filter>Header Files</Filter>
    </ClInclude>
    <ClInclude Include="D:\workspace\Physics\newBulletBuild\Ian\BulletSharpPInvoke\libbulletc\src\examples\MultiBody\InvertedPendulumPDControl.h">
      <Filter>Header Files</Filter>
    </ClInclude>
    <ClInclude Include="D:\workspace\Physics\newBulletBuild\Ian\BulletSharpPInvoke\libbulletc\src\examples\MultiBody\MultiDofDemo.h">
      <Filter>Header Files</Filter>
    </ClInclude>
    <ClInclude Include="D:\workspace\Physics\newBulletBuild\Ian\BulletSharpPInvoke\libbulletc\src\examples\Constraints\TestHingeTorque.h">
      <Filter>Header Files</Filter>
    </ClInclude>
    <ClInclude Include="D:\workspace\Physics\newBulletBuild\Ian\BulletSharpPInvoke\libbulletc\src\examples\Constraints\ConstraintDemo.h">
      <Filter>Header Files</Filter>
    </ClInclude>
    <ClInclude Include="D:\workspace\Physics\newBulletBuild\Ian\BulletSharpPInvoke\libbulletc\src\examples\Constraints\Dof6Spring2Setup.h">
      <Filter>Header Files</Filter>
    </ClInclude>
    <ClInclude Include="D:\workspace\Physics\newBulletBuild\Ian\BulletSharpPInvoke\libbulletc\src\examples\Constraints\ConstraintPhysicsSetup.h">
      <Filter>Header Files</Filter>
    </ClInclude>
    <ClInclude Include="D:\workspace\Physics\newBulletBuild\Ian\BulletSharpPInvoke\libbulletc\src\examples\ThirdPartyLibs\stb_image\stb_image.h">
      <Filter>Header Files</Filter>
    </ClInclude>
  </ItemGroup>
  <ItemGroup>
    <CustomBuild Include="D:\workspace\Physics\newBulletBuild\Ian\BulletSharpPInvoke\libbulletc\src\examples\ExampleBrowser\CMakeLists.txt" />
  </ItemGroup>
  <ItemGroup>
    <ResourceCompile Include="D:\workspace\Physics\newBulletBuild\Ian\BulletSharpPInvoke\libbulletc\src\build3\bullet.rc">
      <Filter>Source Files</Filter>
    </ResourceCompile>
  </ItemGroup>
  <ItemGroup>
    <Filter Include="Source Files">
      <UniqueIdentifier>{885B27CD-15EB-3290-9467-A8C0E8F68A9C}</UniqueIdentifier>
    </Filter>
    <Filter Include="Header Files">
      <UniqueIdentifier>{B8930429-CC86-3854-A4DF-506447C869F9}</UniqueIdentifier>
    </Filter>
  </ItemGroup>
</Project>
