Microsoft Visual Studio Solution File, Format Version 12.00
# Visual Studio 15
Project("{8BC9CEB8-8B4A-11D0-8D11-00A0C91BC942}") = "ALL_BUILD", "ALL_BUILD.vcxproj", "{20711FD7-E1CC-3A42-B13B-0842460778C7}"
	ProjectSection(ProjectDependencies) = postProject
		{5A5B8C3E-9EEC-3968-9A0F-A63240DD503A} = {5A5B8C3E-9EEC-3968-9A0F-A63240DD503A}
		{1460E255-449A-3121-AE10-C2099D229A34} = {1460E255-449A-3121-AE10-C2099D229A34}
		{555E2918-31DA-3EE0-8DF5-94CB3A144F00} = {555E2918-31DA-3EE0-8DF5-94CB3A144F00}
		{398ABF3B-B947-35CC-8E9D-85119AD44D6A} = {398ABF3B-B947-35CC-8E9D-85119AD44D6A}
		{27B24177-81C1-3324-A535-2BE129DAFC2D} = {27B24177-81C1-3324-A535-2BE129DAFC2D}
		{8FA67376-6959-348D-8F54-81F579AAD002} = {8FA67376-6959-348D-8F54-81F579AAD002}
		{E706C36C-48E9-3944-BD68-A6F92DB7C393} = {E706C36C-48E9-3944-BD68-A6F92DB7C393}
		{9EF8CD95-DA86-337D-8598-33F9A863A087} = {9EF8CD95-DA86-337D-8598-33F9A863A087}
		{626D7D3F-1BA3-3567-99D5-5815C6781E8B} = {626D7D3F-1BA3-3567-99D5-5815C6781E8B}
		{2EF4609F-1CF3-3FBA-AC02-5765A3DD82A9} = {2EF4609F-1CF3-3FBA-AC02-5765A3DD82A9}
		{B674FC12-4CA4-3804-8136-4425FC79E6D2} = {B674FC12-4CA4-3804-8136-4425FC79E6D2}
		{DCCF49F5-9787-34B3-82AC-85D81D7E33AC} = {DCCF49F5-9787-34B3-82AC-85D81D7E33AC}
		{91D12D0B-E9EF-3354-A3EF-AD4018C36BFA} = {91D12D0B-E9EF-3354-A3EF-AD4018C36BFA}
		{B08A1D10-C616-3B7C-BFA0-1B54DB179A48} = {B08A1D10-C616-3B7C-BFA0-1B54DB179A48}
		{B84C7511-C012-3851-B7F5-0DA06D8777FF} = {B84C7511-C012-3851-B7F5-0DA06D8777FF}
		{7EBD4EDF-6BCC-3A08-899E-B48A8BD11027} = {7EBD4EDF-6BCC-3A08-899E-B48A8BD11027}
		{4FF0F9B5-0670-31B7-9323-F948B765CEC6} = {4FF0F9B5-0670-31B7-9323-F948B765CEC6}
		{DCE208EE-4928-3CD6-BA04-4B0BB54B5A52} = {DCE208EE-4928-3CD6-BA04-4B0BB54B5A52}
		{A9663866-6481-3AFD-9517-60E219FD4F1A} = {A9663866-6481-3AFD-9517-60E219FD4F1A}
		{59DA6E5F-4A98-3A06-B03B-0E4C990BF2E4} = {59DA6E5F-4A98-3A06-B03B-0E4C990BF2E4}
		{2ECD7427-0918-33DC-8271-27DB3F5DA540} = {2ECD7427-0918-33DC-8271-27DB3F5DA540}
		{32141D48-3F65-3E32-A05F-946129B59FC4} = {32141D48-3F65-3E32-A05F-946129B59FC4}
		{E0B83BFC-650E-37E0-9533-E686E5B5533D} = {E0B83BFC-650E-37E0-9533-E686E5B5533D}
		{4B67C287-7049-3572-80AD-0896FF76E8D8} = {4B67C287-7049-3572-80AD-0896FF76E8D8}
		{96281359-3CF7-3D0F-B247-E6C2110194DF} = {96281359-3CF7-3D0F-B247-E6C2110194DF}
		{3D8947BE-E055-35C4-8511-0A439D87B521} = {3D8947BE-E055-35C4-8511-0A439D87B521}
		{48554579-9163-33FF-BF7A-9F94124CC7E5} = {48554579-9163-33FF-BF7A-9F94124CC7E5}
		{1998487F-D069-30E0-9B28-4C6DB38942FF} = {1998487F-D069-30E0-9B28-4C6DB38942FF}
		{AC522A52-03FD-3890-8E16-F3C152AA38AA} = {AC522A52-03FD-3890-8E16-F3C152AA38AA}
		{9C5A0402-DB06-34B2-A4C6-DE02D9CF6927} = {9C5A0402-DB06-34B2-A4C6-DE02D9CF6927}
		{0D170976-D12C-38A9-9638-950100A448F1} = {0D170976-D12C-38A9-9638-950100A448F1}
		{EFC2A4A8-EA1A-320E-A7E5-BD1DDF8C19B0} = {EFC2A4A8-EA1A-320E-A7E5-BD1DDF8C19B0}
		{99ABA160-6279-357D-9674-26BE768EC4BB} = {99ABA160-6279-357D-9674-26BE768EC4BB}
		{102A648B-FBCE-3660-94B2-42C5087ED1E2} = {102A648B-FBCE-3660-94B2-42C5087ED1E2}
		{CB0BFA98-3B71-3E83-8B87-2AE75E625451} = {CB0BFA98-3B71-3E83-8B87-2AE75E625451}
	EndProjectSection
EndProject
Project("{8BC9CEB8-8B4A-11D0-8D11-00A0C91BC942}") = "AppBasicExampleGui", "examples\BasicDemo\AppBasicExampleGui.vcxproj", "{5A5B8C3E-9EEC-3968-9A0F-A63240DD503A}"
	ProjectSection(ProjectDependencies) = postProject
		{DCCF49F5-9787-34B3-82AC-85D81D7E33AC} = {DCCF49F5-9787-34B3-82AC-85D81D7E33AC}
		{7EBD4EDF-6BCC-3A08-899E-B48A8BD11027} = {7EBD4EDF-6BCC-3A08-899E-B48A8BD11027}
		{4FF0F9B5-0670-31B7-9323-F948B765CEC6} = {4FF0F9B5-0670-31B7-9323-F948B765CEC6}
		{9C5A0402-DB06-34B2-A4C6-DE02D9CF6927} = {9C5A0402-DB06-34B2-A4C6-DE02D9CF6927}
		{0D170976-D12C-38A9-9638-950100A448F1} = {0D170976-D12C-38A9-9638-950100A448F1}
		{EFC2A4A8-EA1A-320E-A7E5-BD1DDF8C19B0} = {EFC2A4A8-EA1A-320E-A7E5-BD1DDF8C19B0}
	EndProjectSection
EndProject
Project("{8BC9CEB8-8B4A-11D0-8D11-00A0C91BC942}") = "App_BasicExample", "examples\BasicDemo\App_BasicExample.vcxproj", "{1460E255-449A-3121-AE10-C2099D229A34}"
	ProjectSection(ProjectDependencies) = postProject
		{7EBD4EDF-6BCC-3A08-899E-B48A8BD11027} = {7EBD4EDF-6BCC-3A08-899E-B48A8BD11027}
		{4FF0F9B5-0670-31B7-9323-F948B765CEC6} = {4FF0F9B5-0670-31B7-9323-F948B765CEC6}
		{9C5A0402-DB06-34B2-A4C6-DE02D9CF6927} = {9C5A0402-DB06-34B2-A4C6-DE02D9CF6927}
		{EFC2A4A8-EA1A-320E-A7E5-BD1DDF8C19B0} = {EFC2A4A8-EA1A-320E-A7E5-BD1DDF8C19B0}
	EndProjectSection
EndProject
Project("{8BC9CEB8-8B4A-11D0-8D11-00A0C91BC942}") = "App_ExampleBrowser", "examples\ExampleBrowser\App_ExampleBrowser.vcxproj", "{555E2918-31DA-3EE0-8DF5-94CB3A144F00}"
	ProjectSection(ProjectDependencies) = postProject
		{DCCF49F5-9787-34B3-82AC-85D81D7E33AC} = {DCCF49F5-9787-34B3-82AC-85D81D7E33AC}
		{7EBD4EDF-6BCC-3A08-899E-B48A8BD11027} = {7EBD4EDF-6BCC-3A08-899E-B48A8BD11027}
		{4FF0F9B5-0670-31B7-9323-F948B765CEC6} = {4FF0F9B5-0670-31B7-9323-F948B765CEC6}
		{DCE208EE-4928-3CD6-BA04-4B0BB54B5A52} = {DCE208EE-4928-3CD6-BA04-4B0BB54B5A52}
		{59DA6E5F-4A98-3A06-B03B-0E4C990BF2E4} = {59DA6E5F-4A98-3A06-B03B-0E4C990BF2E4}
		{2ECD7427-0918-33DC-8271-27DB3F5DA540} = {2ECD7427-0918-33DC-8271-27DB3F5DA540}
		{E0B83BFC-650E-37E0-9533-E686E5B5533D} = {E0B83BFC-650E-37E0-9533-E686E5B5533D}
		{3D8947BE-E055-35C4-8511-0A439D87B521} = {3D8947BE-E055-35C4-8511-0A439D87B521}
		{9C5A0402-DB06-34B2-A4C6-DE02D9CF6927} = {9C5A0402-DB06-34B2-A4C6-DE02D9CF6927}
		{0D170976-D12C-38A9-9638-950100A448F1} = {0D170976-D12C-38A9-9638-950100A448F1}
		{EFC2A4A8-EA1A-320E-A7E5-BD1DDF8C19B0} = {EFC2A4A8-EA1A-320E-A7E5-BD1DDF8C19B0}
		{102A648B-FBCE-3660-94B2-42C5087ED1E2} = {102A648B-FBCE-3660-94B2-42C5087ED1E2}
	EndProjectSection
EndProject
Project("{8BC9CEB8-8B4A-11D0-8D11-00A0C91BC942}") = "App_HelloWorld", "examples\HelloWorld\App_HelloWorld.vcxproj", "{398ABF3B-B947-35CC-8E9D-85119AD44D6A}"
	ProjectSection(ProjectDependencies) = postProject
		{7EBD4EDF-6BCC-3A08-899E-B48A8BD11027} = {7EBD4EDF-6BCC-3A08-899E-B48A8BD11027}
		{4FF0F9B5-0670-31B7-9323-F948B765CEC6} = {4FF0F9B5-0670-31B7-9323-F948B765CEC6}
		{9C5A0402-DB06-34B2-A4C6-DE02D9CF6927} = {9C5A0402-DB06-34B2-A4C6-DE02D9CF6927}
		{EFC2A4A8-EA1A-320E-A7E5-BD1DDF8C19B0} = {EFC2A4A8-EA1A-320E-A7E5-BD1DDF8C19B0}
	EndProjectSection
EndProject
Project("{8BC9CEB8-8B4A-11D0-8D11-00A0C91BC942}") = "App_PhysicsServer_SharedMemory", "examples\SharedMemory\App_PhysicsServer_SharedMemory.vcxproj", "{27B24177-81C1-3324-A535-2BE129DAFC2D}"
	ProjectSection(ProjectDependencies) = postProject
		{DCCF49F5-9787-34B3-82AC-85D81D7E33AC} = {DCCF49F5-9787-34B3-82AC-85D81D7E33AC}
		{7EBD4EDF-6BCC-3A08-899E-B48A8BD11027} = {7EBD4EDF-6BCC-3A08-899E-B48A8BD11027}
		{4FF0F9B5-0670-31B7-9323-F948B765CEC6} = {4FF0F9B5-0670-31B7-9323-F948B765CEC6}
		{A9663866-6481-3AFD-9517-60E219FD4F1A} = {A9663866-6481-3AFD-9517-60E219FD4F1A}
		{59DA6E5F-4A98-3A06-B03B-0E4C990BF2E4} = {59DA6E5F-4A98-3A06-B03B-0E4C990BF2E4}
		{2ECD7427-0918-33DC-8271-27DB3F5DA540} = {2ECD7427-0918-33DC-8271-27DB3F5DA540}
		{4B67C287-7049-3572-80AD-0896FF76E8D8} = {4B67C287-7049-3572-80AD-0896FF76E8D8}
		{3D8947BE-E055-35C4-8511-0A439D87B521} = {3D8947BE-E055-35C4-8511-0A439D87B521}
		{9C5A0402-DB06-34B2-A4C6-DE02D9CF6927} = {9C5A0402-DB06-34B2-A4C6-DE02D9CF6927}
		{EFC2A4A8-EA1A-320E-A7E5-BD1DDF8C19B0} = {EFC2A4A8-EA1A-320E-A7E5-BD1DDF8C19B0}
	EndProjectSection
EndProject
Project("{8BC9CEB8-8B4A-11D0-8D11-00A0C91BC942}") = "App_PhysicsServer_SharedMemory_GUI", "examples\SharedMemory\App_PhysicsServer_SharedMemory_GUI.vcxproj", "{8FA67376-6959-348D-8F54-81F579AAD002}"
	ProjectSection(ProjectDependencies) = postProject
		{DCCF49F5-9787-34B3-82AC-85D81D7E33AC} = {DCCF49F5-9787-34B3-82AC-85D81D7E33AC}
		{7EBD4EDF-6BCC-3A08-899E-B48A8BD11027} = {7EBD4EDF-6BCC-3A08-899E-B48A8BD11027}
		{4FF0F9B5-0670-31B7-9323-F948B765CEC6} = {4FF0F9B5-0670-31B7-9323-F948B765CEC6}
		{A9663866-6481-3AFD-9517-60E219FD4F1A} = {A9663866-6481-3AFD-9517-60E219FD4F1A}
		{59DA6E5F-4A98-3A06-B03B-0E4C990BF2E4} = {59DA6E5F-4A98-3A06-B03B-0E4C990BF2E4}
		{2ECD7427-0918-33DC-8271-27DB3F5DA540} = {2ECD7427-0918-33DC-8271-27DB3F5DA540}
		{4B67C287-7049-3572-80AD-0896FF76E8D8} = {4B67C287-7049-3572-80AD-0896FF76E8D8}
		{3D8947BE-E055-35C4-8511-0A439D87B521} = {3D8947BE-E055-35C4-8511-0A439D87B521}
		{9C5A0402-DB06-34B2-A4C6-DE02D9CF6927} = {9C5A0402-DB06-34B2-A4C6-DE02D9CF6927}
		{0D170976-D12C-38A9-9638-950100A448F1} = {0D170976-D12C-38A9-9638-950100A448F1}
		{EFC2A4A8-EA1A-320E-A7E5-BD1DDF8C19B0} = {EFC2A4A8-EA1A-320E-A7E5-BD1DDF8C19B0}
	EndProjectSection
EndProject
Project("{8BC9CEB8-8B4A-11D0-8D11-00A0C91BC942}") = "App_PhysicsServer_SharedMemory_VR", "examples\SharedMemory\App_PhysicsServer_SharedMemory_VR.vcxproj", "{E706C36C-48E9-3944-BD68-A6F92DB7C393}"
	ProjectSection(ProjectDependencies) = postProject
		{DCCF49F5-9787-34B3-82AC-85D81D7E33AC} = {DCCF49F5-9787-34B3-82AC-85D81D7E33AC}
		{7EBD4EDF-6BCC-3A08-899E-B48A8BD11027} = {7EBD4EDF-6BCC-3A08-899E-B48A8BD11027}
		{4FF0F9B5-0670-31B7-9323-F948B765CEC6} = {4FF0F9B5-0670-31B7-9323-F948B765CEC6}
		{A9663866-6481-3AFD-9517-60E219FD4F1A} = {A9663866-6481-3AFD-9517-60E219FD4F1A}
		{59DA6E5F-4A98-3A06-B03B-0E4C990BF2E4} = {59DA6E5F-4A98-3A06-B03B-0E4C990BF2E4}
		{2ECD7427-0918-33DC-8271-27DB3F5DA540} = {2ECD7427-0918-33DC-8271-27DB3F5DA540}
		{4B67C287-7049-3572-80AD-0896FF76E8D8} = {4B67C287-7049-3572-80AD-0896FF76E8D8}
		{3D8947BE-E055-35C4-8511-0A439D87B521} = {3D8947BE-E055-35C4-8511-0A439D87B521}
		{9C5A0402-DB06-34B2-A4C6-DE02D9CF6927} = {9C5A0402-DB06-34B2-A4C6-DE02D9CF6927}
		{0D170976-D12C-38A9-9638-950100A448F1} = {0D170976-D12C-38A9-9638-950100A448F1}
		{EFC2A4A8-EA1A-320E-A7E5-BD1DDF8C19B0} = {EFC2A4A8-EA1A-320E-A7E5-BD1DDF8C19B0}
	EndProjectSection
EndProject
Project("{8BC9CEB8-8B4A-11D0-8D11-00A0C91BC942}") = "App_RobotSimulator", "examples\RobotSimulator\App_RobotSimulator.vcxproj", "{9EF8CD95-DA86-337D-8598-33F9A863A087}"
	ProjectSection(ProjectDependencies) = postProject
		{DCCF49F5-9787-34B3-82AC-85D81D7E33AC} = {DCCF49F5-9787-34B3-82AC-85D81D7E33AC}
		{7EBD4EDF-6BCC-3A08-899E-B48A8BD11027} = {7EBD4EDF-6BCC-3A08-899E-B48A8BD11027}
		{4FF0F9B5-0670-31B7-9323-F948B765CEC6} = {4FF0F9B5-0670-31B7-9323-F948B765CEC6}
		{DCE208EE-4928-3CD6-BA04-4B0BB54B5A52} = {DCE208EE-4928-3CD6-BA04-4B0BB54B5A52}
		{A9663866-6481-3AFD-9517-60E219FD4F1A} = {A9663866-6481-3AFD-9517-60E219FD4F1A}
		{59DA6E5F-4A98-3A06-B03B-0E4C990BF2E4} = {59DA6E5F-4A98-3A06-B03B-0E4C990BF2E4}
		{2ECD7427-0918-33DC-8271-27DB3F5DA540} = {2ECD7427-0918-33DC-8271-27DB3F5DA540}
		{E0B83BFC-650E-37E0-9533-E686E5B5533D} = {E0B83BFC-650E-37E0-9533-E686E5B5533D}
		{4B67C287-7049-3572-80AD-0896FF76E8D8} = {4B67C287-7049-3572-80AD-0896FF76E8D8}
		{3D8947BE-E055-35C4-8511-0A439D87B521} = {3D8947BE-E055-35C4-8511-0A439D87B521}
		{9C5A0402-DB06-34B2-A4C6-DE02D9CF6927} = {9C5A0402-DB06-34B2-A4C6-DE02D9CF6927}
		{0D170976-D12C-38A9-9638-950100A448F1} = {0D170976-D12C-38A9-9638-950100A448F1}
		{EFC2A4A8-EA1A-320E-A7E5-BD1DDF8C19B0} = {EFC2A4A8-EA1A-320E-A7E5-BD1DDF8C19B0}
		{102A648B-FBCE-3660-94B2-42C5087ED1E2} = {102A648B-FBCE-3660-94B2-42C5087ED1E2}
	EndProjectSection
EndProject
Project("{8BC9CEB8-8B4A-11D0-8D11-00A0C91BC942}") = "App_obj2sdf", "Extras\obj2sdf\App_obj2sdf.vcxproj", "{626D7D3F-1BA3-3567-99D5-5815C6781E8B}"
	ProjectSection(ProjectDependencies) = postProject
		{DCCF49F5-9787-34B3-82AC-85D81D7E33AC} = {DCCF49F5-9787-34B3-82AC-85D81D7E33AC}
		{EFC2A4A8-EA1A-320E-A7E5-BD1DDF8C19B0} = {EFC2A4A8-EA1A-320E-A7E5-BD1DDF8C19B0}
	EndProjectSection
EndProject
Project("{8BC9CEB8-8B4A-11D0-8D11-00A0C91BC942}") = "Bullet2FileLoader", "src\Bullet3Serialize\Bullet2FileLoader\Bullet2FileLoader.vcxproj", "{2EF4609F-1CF3-3FBA-AC02-5765A3DD82A9}"
	ProjectSection(ProjectDependencies) = postProject
		{EFC2A4A8-EA1A-320E-A7E5-BD1DDF8C19B0} = {EFC2A4A8-EA1A-320E-A7E5-BD1DDF8C19B0}
	EndProjectSection
EndProject
Project("{8BC9CEB8-8B4A-11D0-8D11-00A0C91BC942}") = "Bullet3Collision", "src\Bullet3Collision\Bullet3Collision.vcxproj", "{B674FC12-4CA4-3804-8136-4425FC79E6D2}"
	ProjectSection(ProjectDependencies) = postProject
		{EFC2A4A8-EA1A-320E-A7E5-BD1DDF8C19B0} = {EFC2A4A8-EA1A-320E-A7E5-BD1DDF8C19B0}
	EndProjectSection
EndProject
Project("{8BC9CEB8-8B4A-11D0-8D11-00A0C91BC942}") = "Bullet3Common", "src\Bullet3Common\Bullet3Common.vcxproj", "{DCCF49F5-9787-34B3-82AC-85D81D7E33AC}"
	ProjectSection(ProjectDependencies) = postProject
		{EFC2A4A8-EA1A-320E-A7E5-BD1DDF8C19B0} = {EFC2A4A8-EA1A-320E-A7E5-BD1DDF8C19B0}
	EndProjectSection
EndProject
Project("{8BC9CEB8-8B4A-11D0-8D11-00A0C91BC942}") = "Bullet3Dynamics", "src\Bullet3Dynamics\Bullet3Dynamics.vcxproj", "{91D12D0B-E9EF-3354-A3EF-AD4018C36BFA}"
	ProjectSection(ProjectDependencies) = postProject
		{EFC2A4A8-EA1A-320E-A7E5-BD1DDF8C19B0} = {EFC2A4A8-EA1A-320E-A7E5-BD1DDF8C19B0}
	EndProjectSection
EndProject
Project("{8BC9CEB8-8B4A-11D0-8D11-00A0C91BC942}") = "Bullet3Geometry", "src\Bullet3Geometry\Bullet3Geometry.vcxproj", "{B08A1D10-C616-3B7C-BFA0-1B54DB179A48}"
	ProjectSection(ProjectDependencies) = postProject
		{EFC2A4A8-EA1A-320E-A7E5-BD1DDF8C19B0} = {EFC2A4A8-EA1A-320E-A7E5-BD1DDF8C19B0}
	EndProjectSection
EndProject
Project("{8BC9CEB8-8B4A-11D0-8D11-00A0C91BC942}") = "Bullet3OpenCL_clew", "src\Bullet3OpenCL\Bullet3OpenCL_clew.vcxproj", "{B84C7511-C012-3851-B7F5-0DA06D8777FF}"
	ProjectSection(ProjectDependencies) = postProject
		{EFC2A4A8-EA1A-320E-A7E5-BD1DDF8C19B0} = {EFC2A4A8-EA1A-320E-A7E5-BD1DDF8C19B0}
	EndProjectSection
EndProject
Project("{8BC9CEB8-8B4A-11D0-8D11-00A0C91BC942}") = "BulletCollision", "src\BulletCollision\BulletCollision.vcxproj", "{7EBD4EDF-6BCC-3A08-899E-B48A8BD11027}"
	ProjectSection(ProjectDependencies) = postProject
		{EFC2A4A8-EA1A-320E-A7E5-BD1DDF8C19B0} = {EFC2A4A8-EA1A-320E-A7E5-BD1DDF8C19B0}
	EndProjectSection
EndProject
Project("{8BC9CEB8-8B4A-11D0-8D11-00A0C91BC942}") = "BulletDynamics", "src\BulletDynamics\BulletDynamics.vcxproj", "{4FF0F9B5-0670-31B7-9323-F948B765CEC6}"
	ProjectSection(ProjectDependencies) = postProject
		{EFC2A4A8-EA1A-320E-A7E5-BD1DDF8C19B0} = {EFC2A4A8-EA1A-320E-A7E5-BD1DDF8C19B0}
	EndProjectSection
EndProject
Project("{8BC9CEB8-8B4A-11D0-8D11-00A0C91BC942}") = "BulletExampleBrowserLib", "examples\ExampleBrowser\BulletExampleBrowserLib.vcxproj", "{DCE208EE-4928-3CD6-BA04-4B0BB54B5A52}"
	ProjectSection(ProjectDependencies) = postProject
		{EFC2A4A8-EA1A-320E-A7E5-BD1DDF8C19B0} = {EFC2A4A8-EA1A-320E-A7E5-BD1DDF8C19B0}
	EndProjectSection
EndProject
Project("{8BC9CEB8-8B4A-11D0-8D11-00A0C91BC942}") = "BulletFileLoader", "Extras\Serialize\BulletFileLoader\BulletFileLoader.vcxproj", "{A9663866-6481-3AFD-9517-60E219FD4F1A}"
	ProjectSection(ProjectDependencies) = postProject
		{EFC2A4A8-EA1A-320E-A7E5-BD1DDF8C19B0} = {EFC2A4A8-EA1A-320E-A7E5-BD1DDF8C19B0}
	EndProjectSection
EndProject
Project("{8BC9CEB8-8B4A-11D0-8D11-00A0C91BC942}") = "BulletInverseDynamics", "src\BulletInverseDynamics\BulletInverseDynamics.vcxproj", "{59DA6E5F-4A98-3A06-B03B-0E4C990BF2E4}"
	ProjectSection(ProjectDependencies) = postProject
		{EFC2A4A8-EA1A-320E-A7E5-BD1DDF8C19B0} = {EFC2A4A8-EA1A-320E-A7E5-BD1DDF8C19B0}
	EndProjectSection
EndProject
Project("{8BC9CEB8-8B4A-11D0-8D11-00A0C91BC942}") = "BulletInverseDynamicsUtils", "Extras\InverseDynamics\BulletInverseDynamicsUtils.vcxproj", "{2ECD7427-0918-33DC-8271-27DB3F5DA540}"
	ProjectSection(ProjectDependencies) = postProject
		{EFC2A4A8-EA1A-320E-A7E5-BD1DDF8C19B0} = {EFC2A4A8-EA1A-320E-A7E5-BD1DDF8C19B0}
	EndProjectSection
EndProject
Project("{8BC9CEB8-8B4A-11D0-8D11-00A0C91BC942}") = "BulletRobotics", "Extras\BulletRobotics\BulletRobotics.vcxproj", "{32141D48-3F65-3E32-A05F-946129B59FC4}"
	ProjectSection(ProjectDependencies) = postProject
		{EFC2A4A8-EA1A-320E-A7E5-BD1DDF8C19B0} = {EFC2A4A8-EA1A-320E-A7E5-BD1DDF8C19B0}
	EndProjectSection
EndProject
Project("{8BC9CEB8-8B4A-11D0-8D11-00A0C91BC942}") = "BulletSoftBody", "src\BulletSoftBody\BulletSoftBody.vcxproj", "{E0B83BFC-650E-37E0-9533-E686E5B5533D}"
	ProjectSection(ProjectDependencies) = postProject
		{EFC2A4A8-EA1A-320E-A7E5-BD1DDF8C19B0} = {EFC2A4A8-EA1A-320E-A7E5-BD1DDF8C19B0}
	EndProjectSection
EndProject
Project("{8BC9CEB8-8B4A-11D0-8D11-00A0C91BC942}") = "BulletWorldImporter", "Extras\Serialize\BulletWorldImporter\BulletWorldImporter.vcxproj", "{4B67C287-7049-3572-80AD-0896FF76E8D8}"
	ProjectSection(ProjectDependencies) = postProject
		{EFC2A4A8-EA1A-320E-A7E5-BD1DDF8C19B0} = {EFC2A4A8-EA1A-320E-A7E5-BD1DDF8C19B0}
	EndProjectSection
EndProject
Project("{8BC9CEB8-8B4A-11D0-8D11-00A0C91BC942}") = "BulletXmlWorldImporter", "Extras\Serialize\BulletXmlWorldImporter\BulletXmlWorldImporter.vcxproj", "{96281359-3CF7-3D0F-B247-E6C2110194DF}"
	ProjectSection(ProjectDependencies) = postProject
		{EFC2A4A8-EA1A-320E-A7E5-BD1DDF8C19B0} = {EFC2A4A8-EA1A-320E-A7E5-BD1DDF8C19B0}
	EndProjectSection
EndProject
Project("{8BC9CEB8-8B4A-11D0-8D11-00A0C91BC942}") = "BussIK", "examples\ThirdPartyLibs\BussIK\BussIK.vcxproj", "{3D8947BE-E055-35C4-8511-0A439D87B521}"
	ProjectSection(ProjectDependencies) = postProject
		{EFC2A4A8-EA1A-320E-A7E5-BD1DDF8C19B0} = {EFC2A4A8-EA1A-320E-A7E5-BD1DDF8C19B0}
	EndProjectSection
EndProject
Project("{8BC9CEB8-8B4A-11D0-8D11-00A0C91BC942}") = "ConvexDecomposition", "Extras\ConvexDecomposition\ConvexDecomposition.vcxproj", "{48554579-9163-33FF-BF7A-9F94124CC7E5}"
	ProjectSection(ProjectDependencies) = postProject
		{EFC2A4A8-EA1A-320E-A7E5-BD1DDF8C19B0} = {EFC2A4A8-EA1A-320E-A7E5-BD1DDF8C19B0}
	EndProjectSection
EndProject
Project("{8BC9CEB8-8B4A-11D0-8D11-00A0C91BC942}") = "GIMPACTUtils", "Extras\GIMPACTUtils\GIMPACTUtils.vcxproj", "{1998487F-D069-30E0-9B28-4C6DB38942FF}"
	ProjectSection(ProjectDependencies) = postProject
		{EFC2A4A8-EA1A-320E-A7E5-BD1DDF8C19B0} = {EFC2A4A8-EA1A-320E-A7E5-BD1DDF8C19B0}
	EndProjectSection
EndProject
Project("{8BC9CEB8-8B4A-11D0-8D11-00A0C91BC942}") = "HACD", "Extras\HACD\HACD.vcxproj", "{AC522A52-03FD-3890-8E16-F3C152AA38AA}"
	ProjectSection(ProjectDependencies) = postProject
		{EFC2A4A8-EA1A-320E-A7E5-BD1DDF8C19B0} = {EFC2A4A8-EA1A-320E-A7E5-BD1DDF8C19B0}
	EndProjectSection
EndProject
Project("{8BC9CEB8-8B4A-11D0-8D11-00A0C91BC942}") = "INSTALL", "INSTALL.vcxproj", "{B1801AA5-C0F4-36F6-A7BC-A5ADCAE27CE9}"
	ProjectSection(ProjectDependencies) = postProject
		{20711FD7-E1CC-3A42-B13B-0842460778C7} = {20711FD7-E1CC-3A42-B13B-0842460778C7}
		{EFC2A4A8-EA1A-320E-A7E5-BD1DDF8C19B0} = {EFC2A4A8-EA1A-320E-A7E5-BD1DDF8C19B0}
	EndProjectSection
EndProject
Project("{8BC9CEB8-8B4A-11D0-8D11-00A0C91BC942}") = "LinearMath", "src\LinearMath\LinearMath.vcxproj", "{9C5A0402-DB06-34B2-A4C6-DE02D9CF6927}"
	ProjectSection(ProjectDependencies) = postProject
		{EFC2A4A8-EA1A-320E-A7E5-BD1DDF8C19B0} = {EFC2A4A8-EA1A-320E-A7E5-BD1DDF8C19B0}
	EndProjectSection
EndProject
Project("{8BC9CEB8-8B4A-11D0-8D11-00A0C91BC942}") = "OpenGLWindow", "examples\OpenGLWindow\OpenGLWindow.vcxproj", "{0D170976-D12C-38A9-9638-950100A448F1}"
	ProjectSection(ProjectDependencies) = postProject
		{EFC2A4A8-EA1A-320E-A7E5-BD1DDF8C19B0} = {EFC2A4A8-EA1A-320E-A7E5-BD1DDF8C19B0}
	EndProjectSection
EndProject
Project("{8BC9CEB8-8B4A-11D0-8D11-00A0C91BC942}") = "ZERO_CHECK", "ZERO_CHECK.vcxproj", "{EFC2A4A8-EA1A-320E-A7E5-BD1DDF8C19B0}"
	ProjectSection(ProjectDependencies) = postProject
	EndProjectSection
EndProject
Project("{8BC9CEB8-8B4A-11D0-8D11-00A0C91BC942}") = "clsocket", "examples\ThirdPartyLibs\clsocket\clsocket.vcxproj", "{99ABA160-6279-357D-9674-26BE768EC4BB}"
	ProjectSection(ProjectDependencies) = postProject
		{EFC2A4A8-EA1A-320E-A7E5-BD1DDF8C19B0} = {EFC2A4A8-EA1A-320E-A7E5-BD1DDF8C19B0}
	EndProjectSection
EndProject
Project("{8BC9CEB8-8B4A-11D0-8D11-00A0C91BC942}") = "gwen", "examples\ThirdPartyLibs\Gwen\gwen.vcxproj", "{102A648B-FBCE-3660-94B2-42C5087ED1E2}"
	ProjectSection(ProjectDependencies) = postProject
		{EFC2A4A8-EA1A-320E-A7E5-BD1DDF8C19B0} = {EFC2A4A8-EA1A-320E-A7E5-BD1DDF8C19B0}
	EndProjectSection
EndProject
Project("{8BC9CEB8-8B4A-11D0-8D11-00A0C91BC942}") = "pybullet", "examples\pybullet\pybullet.vcxproj", "{CB0BFA98-3B71-3E83-8B87-2AE75E625451}"
	ProjectSection(ProjectDependencies) = postProject
		{DCCF49F5-9787-34B3-82AC-85D81D7E33AC} = {DCCF49F5-9787-34B3-82AC-85D81D7E33AC}
		{7EBD4EDF-6BCC-3A08-899E-B48A8BD11027} = {7EBD4EDF-6BCC-3A08-899E-B48A8BD11027}
		{4FF0F9B5-0670-31B7-9323-F948B765CEC6} = {4FF0F9B5-0670-31B7-9323-F948B765CEC6}
		{DCE208EE-4928-3CD6-BA04-4B0BB54B5A52} = {DCE208EE-4928-3CD6-BA04-4B0BB54B5A52}
		{A9663866-6481-3AFD-9517-60E219FD4F1A} = {A9663866-6481-3AFD-9517-60E219FD4F1A}
		{59DA6E5F-4A98-3A06-B03B-0E4C990BF2E4} = {59DA6E5F-4A98-3A06-B03B-0E4C990BF2E4}
		{2ECD7427-0918-33DC-8271-27DB3F5DA540} = {2ECD7427-0918-33DC-8271-27DB3F5DA540}
		{E0B83BFC-650E-37E0-9533-E686E5B5533D} = {E0B83BFC-650E-37E0-9533-E686E5B5533D}
		{4B67C287-7049-3572-80AD-0896FF76E8D8} = {4B67C287-7049-3572-80AD-0896FF76E8D8}
		{3D8947BE-E055-35C4-8511-0A439D87B521} = {3D8947BE-E055-35C4-8511-0A439D87B521}
		{9C5A0402-DB06-34B2-A4C6-DE02D9CF6927} = {9C5A0402-DB06-34B2-A4C6-DE02D9CF6927}
		{0D170976-D12C-38A9-9638-950100A448F1} = {0D170976-D12C-38A9-9638-950100A448F1}
		{EFC2A4A8-EA1A-320E-A7E5-BD1DDF8C19B0} = {EFC2A4A8-EA1A-320E-A7E5-BD1DDF8C19B0}
		{102A648B-FBCE-3660-94B2-42C5087ED1E2} = {102A648B-FBCE-3660-94B2-42C5087ED1E2}
	EndProjectSection
EndProject
Global
	GlobalSection(SolutionConfigurationPlatforms) = preSolution
		Debug|x64 = Debug|x64
		Release|x64 = Release|x64
		MinSizeRel|x64 = MinSizeRel|x64
		RelWithDebInfo|x64 = RelWithDebInfo|x64
	EndGlobalSection
	GlobalSection(ProjectConfigurationPlatforms) = postSolution
		{20711FD7-E1CC-3A42-B13B-0842460778C7}.Debug|x64.ActiveCfg = Debug|x64
		{20711FD7-E1CC-3A42-B13B-0842460778C7}.Debug|x64.Build.0 = Debug|x64
		{20711FD7-E1CC-3A42-B13B-0842460778C7}.Release|x64.ActiveCfg = Release|x64
		{20711FD7-E1CC-3A42-B13B-0842460778C7}.Release|x64.Build.0 = Release|x64
		{20711FD7-E1CC-3A42-B13B-0842460778C7}.MinSizeRel|x64.ActiveCfg = MinSizeRel|x64
		{20711FD7-E1CC-3A42-B13B-0842460778C7}.MinSizeRel|x64.Build.0 = MinSizeRel|x64
		{20711FD7-E1CC-3A42-B13B-0842460778C7}.RelWithDebInfo|x64.ActiveCfg = RelWithDebInfo|x64
		{20711FD7-E1CC-3A42-B13B-0842460778C7}.RelWithDebInfo|x64.Build.0 = RelWithDebInfo|x64
		{5A5B8C3E-9EEC-3968-9A0F-A63240DD503A}.Debug|x64.ActiveCfg = Debug|x64
		{5A5B8C3E-9EEC-3968-9A0F-A63240DD503A}.Debug|x64.Build.0 = Debug|x64
		{5A5B8C3E-9EEC-3968-9A0F-A63240DD503A}.Release|x64.ActiveCfg = Release|x64
		{5A5B8C3E-9EEC-3968-9A0F-A63240DD503A}.Release|x64.Build.0 = Release|x64
		{5A5B8C3E-9EEC-3968-9A0F-A63240DD503A}.MinSizeRel|x64.ActiveCfg = MinSizeRel|x64
		{5A5B8C3E-9EEC-3968-9A0F-A63240DD503A}.MinSizeRel|x64.Build.0 = MinSizeRel|x64
		{5A5B8C3E-9EEC-3968-9A0F-A63240DD503A}.RelWithDebInfo|x64.ActiveCfg = RelWithDebInfo|x64
		{5A5B8C3E-9EEC-3968-9A0F-A63240DD503A}.RelWithDebInfo|x64.Build.0 = RelWithDebInfo|x64
		{1460E255-449A-3121-AE10-C2099D229A34}.Debug|x64.ActiveCfg = Debug|x64
		{1460E255-449A-3121-AE10-C2099D229A34}.Debug|x64.Build.0 = Debug|x64
		{1460E255-449A-3121-AE10-C2099D229A34}.Release|x64.ActiveCfg = Release|x64
		{1460E255-449A-3121-AE10-C2099D229A34}.Release|x64.Build.0 = Release|x64
		{1460E255-449A-3121-AE10-C2099D229A34}.MinSizeRel|x64.ActiveCfg = MinSizeRel|x64
		{1460E255-449A-3121-AE10-C2099D229A34}.MinSizeRel|x64.Build.0 = MinSizeRel|x64
		{1460E255-449A-3121-AE10-C2099D229A34}.RelWithDebInfo|x64.ActiveCfg = RelWithDebInfo|x64
		{1460E255-449A-3121-AE10-C2099D229A34}.RelWithDebInfo|x64.Build.0 = RelWithDebInfo|x64
		{555E2918-31DA-3EE0-8DF5-94CB3A144F00}.Debug|x64.ActiveCfg = Debug|x64
		{555E2918-31DA-3EE0-8DF5-94CB3A144F00}.Debug|x64.Build.0 = Debug|x64
		{555E2918-31DA-3EE0-8DF5-94CB3A144F00}.Release|x64.ActiveCfg = Release|x64
		{555E2918-31DA-3EE0-8DF5-94CB3A144F00}.Release|x64.Build.0 = Release|x64
		{555E2918-31DA-3EE0-8DF5-94CB3A144F00}.MinSizeRel|x64.ActiveCfg = MinSizeRel|x64
		{555E2918-31DA-3EE0-8DF5-94CB3A144F00}.MinSizeRel|x64.Build.0 = MinSizeRel|x64
		{555E2918-31DA-3EE0-8DF5-94CB3A144F00}.RelWithDebInfo|x64.ActiveCfg = RelWithDebInfo|x64
		{555E2918-31DA-3EE0-8DF5-94CB3A144F00}.RelWithDebInfo|x64.Build.0 = RelWithDebInfo|x64
		{398ABF3B-B947-35CC-8E9D-85119AD44D6A}.Debug|x64.ActiveCfg = Debug|x64
		{398ABF3B-B947-35CC-8E9D-85119AD44D6A}.Debug|x64.Build.0 = Debug|x64
		{398ABF3B-B947-35CC-8E9D-85119AD44D6A}.Release|x64.ActiveCfg = Release|x64
		{398ABF3B-B947-35CC-8E9D-85119AD44D6A}.Release|x64.Build.0 = Release|x64
		{398ABF3B-B947-35CC-8E9D-85119AD44D6A}.MinSizeRel|x64.ActiveCfg = MinSizeRel|x64
		{398ABF3B-B947-35CC-8E9D-85119AD44D6A}.MinSizeRel|x64.Build.0 = MinSizeRel|x64
		{398ABF3B-B947-35CC-8E9D-85119AD44D6A}.RelWithDebInfo|x64.ActiveCfg = RelWithDebInfo|x64
		{398ABF3B-B947-35CC-8E9D-85119AD44D6A}.RelWithDebInfo|x64.Build.0 = RelWithDebInfo|x64
		{27B24177-81C1-3324-A535-2BE129DAFC2D}.Debug|x64.ActiveCfg = Debug|x64
		{27B24177-81C1-3324-A535-2BE129DAFC2D}.Debug|x64.Build.0 = Debug|x64
		{27B24177-81C1-3324-A535-2BE129DAFC2D}.Release|x64.ActiveCfg = Release|x64
		{27B24177-81C1-3324-A535-2BE129DAFC2D}.Release|x64.Build.0 = Release|x64
		{27B24177-81C1-3324-A535-2BE129DAFC2D}.MinSizeRel|x64.ActiveCfg = MinSizeRel|x64
		{27B24177-81C1-3324-A535-2BE129DAFC2D}.MinSizeRel|x64.Build.0 = MinSizeRel|x64
		{27B24177-81C1-3324-A535-2BE129DAFC2D}.RelWithDebInfo|x64.ActiveCfg = RelWithDebInfo|x64
		{27B24177-81C1-3324-A535-2BE129DAFC2D}.RelWithDebInfo|x64.Build.0 = RelWithDebInfo|x64
		{8FA67376-6959-348D-8F54-81F579AAD002}.Debug|x64.ActiveCfg = Debug|x64
		{8FA67376-6959-348D-8F54-81F579AAD002}.Debug|x64.Build.0 = Debug|x64
		{8FA67376-6959-348D-8F54-81F579AAD002}.Release|x64.ActiveCfg = Release|x64
		{8FA67376-6959-348D-8F54-81F579AAD002}.Release|x64.Build.0 = Release|x64
		{8FA67376-6959-348D-8F54-81F579AAD002}.MinSizeRel|x64.ActiveCfg = MinSizeRel|x64
		{8FA67376-6959-348D-8F54-81F579AAD002}.MinSizeRel|x64.Build.0 = MinSizeRel|x64
		{8FA67376-6959-348D-8F54-81F579AAD002}.RelWithDebInfo|x64.ActiveCfg = RelWithDebInfo|x64
		{8FA67376-6959-348D-8F54-81F579AAD002}.RelWithDebInfo|x64.Build.0 = RelWithDebInfo|x64
		{E706C36C-48E9-3944-BD68-A6F92DB7C393}.Debug|x64.ActiveCfg = Debug|x64
		{E706C36C-48E9-3944-BD68-A6F92DB7C393}.Debug|x64.Build.0 = Debug|x64
		{E706C36C-48E9-3944-BD68-A6F92DB7C393}.Release|x64.ActiveCfg = Release|x64
		{E706C36C-48E9-3944-BD68-A6F92DB7C393}.Release|x64.Build.0 = Release|x64
		{E706C36C-48E9-3944-BD68-A6F92DB7C393}.MinSizeRel|x64.ActiveCfg = MinSizeRel|x64
		{E706C36C-48E9-3944-BD68-A6F92DB7C393}.MinSizeRel|x64.Build.0 = MinSizeRel|x64
		{E706C36C-48E9-3944-BD68-A6F92DB7C393}.RelWithDebInfo|x64.ActiveCfg = RelWithDebInfo|x64
		{E706C36C-48E9-3944-BD68-A6F92DB7C393}.RelWithDebInfo|x64.Build.0 = RelWithDebInfo|x64
		{9EF8CD95-DA86-337D-8598-33F9A863A087}.Debug|x64.ActiveCfg = Debug|x64
		{9EF8CD95-DA86-337D-8598-33F9A863A087}.Debug|x64.Build.0 = Debug|x64
		{9EF8CD95-DA86-337D-8598-33F9A863A087}.Release|x64.ActiveCfg = Release|x64
		{9EF8CD95-DA86-337D-8598-33F9A863A087}.Release|x64.Build.0 = Release|x64
		{9EF8CD95-DA86-337D-8598-33F9A863A087}.MinSizeRel|x64.ActiveCfg = MinSizeRel|x64
		{9EF8CD95-DA86-337D-8598-33F9A863A087}.MinSizeRel|x64.Build.0 = MinSizeRel|x64
		{9EF8CD95-DA86-337D-8598-33F9A863A087}.RelWithDebInfo|x64.ActiveCfg = RelWithDebInfo|x64
		{9EF8CD95-DA86-337D-8598-33F9A863A087}.RelWithDebInfo|x64.Build.0 = RelWithDebInfo|x64
		{626D7D3F-1BA3-3567-99D5-5815C6781E8B}.Debug|x64.ActiveCfg = Debug|x64
		{626D7D3F-1BA3-3567-99D5-5815C6781E8B}.Debug|x64.Build.0 = Debug|x64
		{626D7D3F-1BA3-3567-99D5-5815C6781E8B}.Release|x64.ActiveCfg = Release|x64
		{626D7D3F-1BA3-3567-99D5-5815C6781E8B}.Release|x64.Build.0 = Release|x64
		{626D7D3F-1BA3-3567-99D5-5815C6781E8B}.MinSizeRel|x64.ActiveCfg = MinSizeRel|x64
		{626D7D3F-1BA3-3567-99D5-5815C6781E8B}.MinSizeRel|x64.Build.0 = MinSizeRel|x64
		{626D7D3F-1BA3-3567-99D5-5815C6781E8B}.RelWithDebInfo|x64.ActiveCfg = RelWithDebInfo|x64
		{626D7D3F-1BA3-3567-99D5-5815C6781E8B}.RelWithDebInfo|x64.Build.0 = RelWithDebInfo|x64
		{2EF4609F-1CF3-3FBA-AC02-5765A3DD82A9}.Debug|x64.ActiveCfg = Debug|x64
		{2EF4609F-1CF3-3FBA-AC02-5765A3DD82A9}.Debug|x64.Build.0 = Debug|x64
		{2EF4609F-1CF3-3FBA-AC02-5765A3DD82A9}.Release|x64.ActiveCfg = Release|x64
		{2EF4609F-1CF3-3FBA-AC02-5765A3DD82A9}.Release|x64.Build.0 = Release|x64
		{2EF4609F-1CF3-3FBA-AC02-5765A3DD82A9}.MinSizeRel|x64.ActiveCfg = MinSizeRel|x64
		{2EF4609F-1CF3-3FBA-AC02-5765A3DD82A9}.MinSizeRel|x64.Build.0 = MinSizeRel|x64
		{2EF4609F-1CF3-3FBA-AC02-5765A3DD82A9}.RelWithDebInfo|x64.ActiveCfg = RelWithDebInfo|x64
		{2EF4609F-1CF3-3FBA-AC02-5765A3DD82A9}.RelWithDebInfo|x64.Build.0 = RelWithDebInfo|x64
		{B674FC12-4CA4-3804-8136-4425FC79E6D2}.Debug|x64.ActiveCfg = Debug|x64
		{B674FC12-4CA4-3804-8136-4425FC79E6D2}.Debug|x64.Build.0 = Debug|x64
		{B674FC12-4CA4-3804-8136-4425FC79E6D2}.Release|x64.ActiveCfg = Release|x64
		{B674FC12-4CA4-3804-8136-4425FC79E6D2}.Release|x64.Build.0 = Release|x64
		{B674FC12-4CA4-3804-8136-4425FC79E6D2}.MinSizeRel|x64.ActiveCfg = MinSizeRel|x64
		{B674FC12-4CA4-3804-8136-4425FC79E6D2}.MinSizeRel|x64.Build.0 = MinSizeRel|x64
		{B674FC12-4CA4-3804-8136-4425FC79E6D2}.RelWithDebInfo|x64.ActiveCfg = RelWithDebInfo|x64
		{B674FC12-4CA4-3804-8136-4425FC79E6D2}.RelWithDebInfo|x64.Build.0 = RelWithDebInfo|x64
		{DCCF49F5-9787-34B3-82AC-85D81D7E33AC}.Debug|x64.ActiveCfg = Debug|x64
		{DCCF49F5-9787-34B3-82AC-85D81D7E33AC}.Debug|x64.Build.0 = Debug|x64
		{DCCF49F5-9787-34B3-82AC-85D81D7E33AC}.Release|x64.ActiveCfg = Release|x64
		{DCCF49F5-9787-34B3-82AC-85D81D7E33AC}.Release|x64.Build.0 = Release|x64
		{DCCF49F5-9787-34B3-82AC-85D81D7E33AC}.MinSizeRel|x64.ActiveCfg = MinSizeRel|x64
		{DCCF49F5-9787-34B3-82AC-85D81D7E33AC}.MinSizeRel|x64.Build.0 = MinSizeRel|x64
		{DCCF49F5-9787-34B3-82AC-85D81D7E33AC}.RelWithDebInfo|x64.ActiveCfg = RelWithDebInfo|x64
		{DCCF49F5-9787-34B3-82AC-85D81D7E33AC}.RelWithDebInfo|x64.Build.0 = RelWithDebInfo|x64
		{91D12D0B-E9EF-3354-A3EF-AD4018C36BFA}.Debug|x64.ActiveCfg = Debug|x64
		{91D12D0B-E9EF-3354-A3EF-AD4018C36BFA}.Debug|x64.Build.0 = Debug|x64
		{91D12D0B-E9EF-3354-A3EF-AD4018C36BFA}.Release|x64.ActiveCfg = Release|x64
		{91D12D0B-E9EF-3354-A3EF-AD4018C36BFA}.Release|x64.Build.0 = Release|x64
		{91D12D0B-E9EF-3354-A3EF-AD4018C36BFA}.MinSizeRel|x64.ActiveCfg = MinSizeRel|x64
		{91D12D0B-E9EF-3354-A3EF-AD4018C36BFA}.MinSizeRel|x64.Build.0 = MinSizeRel|x64
		{91D12D0B-E9EF-3354-A3EF-AD4018C36BFA}.RelWithDebInfo|x64.ActiveCfg = RelWithDebInfo|x64
		{91D12D0B-E9EF-3354-A3EF-AD4018C36BFA}.RelWithDebInfo|x64.Build.0 = RelWithDebInfo|x64
		{B08A1D10-C616-3B7C-BFA0-1B54DB179A48}.Debug|x64.ActiveCfg = Debug|x64
		{B08A1D10-C616-3B7C-BFA0-1B54DB179A48}.Debug|x64.Build.0 = Debug|x64
		{B08A1D10-C616-3B7C-BFA0-1B54DB179A48}.Release|x64.ActiveCfg = Release|x64
		{B08A1D10-C616-3B7C-BFA0-1B54DB179A48}.Release|x64.Build.0 = Release|x64
		{B08A1D10-C616-3B7C-BFA0-1B54DB179A48}.MinSizeRel|x64.ActiveCfg = MinSizeRel|x64
		{B08A1D10-C616-3B7C-BFA0-1B54DB179A48}.MinSizeRel|x64.Build.0 = MinSizeRel|x64
		{B08A1D10-C616-3B7C-BFA0-1B54DB179A48}.RelWithDebInfo|x64.ActiveCfg = RelWithDebInfo|x64
		{B08A1D10-C616-3B7C-BFA0-1B54DB179A48}.RelWithDebInfo|x64.Build.0 = RelWithDebInfo|x64
		{B84C7511-C012-3851-B7F5-0DA06D8777FF}.Debug|x64.ActiveCfg = Debug|x64
		{B84C7511-C012-3851-B7F5-0DA06D8777FF}.Debug|x64.Build.0 = Debug|x64
		{B84C7511-C012-3851-B7F5-0DA06D8777FF}.Release|x64.ActiveCfg = Release|x64
		{B84C7511-C012-3851-B7F5-0DA06D8777FF}.Release|x64.Build.0 = Release|x64
		{B84C7511-C012-3851-B7F5-0DA06D8777FF}.MinSizeRel|x64.ActiveCfg = MinSizeRel|x64
		{B84C7511-C012-3851-B7F5-0DA06D8777FF}.MinSizeRel|x64.Build.0 = MinSizeRel|x64
		{B84C7511-C012-3851-B7F5-0DA06D8777FF}.RelWithDebInfo|x64.ActiveCfg = RelWithDebInfo|x64
		{B84C7511-C012-3851-B7F5-0DA06D8777FF}.RelWithDebInfo|x64.Build.0 = RelWithDebInfo|x64
		{7EBD4EDF-6BCC-3A08-899E-B48A8BD11027}.Debug|x64.ActiveCfg = Debug|x64
		{7EBD4EDF-6BCC-3A08-899E-B48A8BD11027}.Debug|x64.Build.0 = Debug|x64
		{7EBD4EDF-6BCC-3A08-899E-B48A8BD11027}.Release|x64.ActiveCfg = Release|x64
		{7EBD4EDF-6BCC-3A08-899E-B48A8BD11027}.Release|x64.Build.0 = Release|x64
		{7EBD4EDF-6BCC-3A08-899E-B48A8BD11027}.MinSizeRel|x64.ActiveCfg = MinSizeRel|x64
		{7EBD4EDF-6BCC-3A08-899E-B48A8BD11027}.MinSizeRel|x64.Build.0 = MinSizeRel|x64
		{7EBD4EDF-6BCC-3A08-899E-B48A8BD11027}.RelWithDebInfo|x64.ActiveCfg = RelWithDebInfo|x64
		{7EBD4EDF-6BCC-3A08-899E-B48A8BD11027}.RelWithDebInfo|x64.Build.0 = RelWithDebInfo|x64
		{4FF0F9B5-0670-31B7-9323-F948B765CEC6}.Debug|x64.ActiveCfg = Debug|x64
		{4FF0F9B5-0670-31B7-9323-F948B765CEC6}.Debug|x64.Build.0 = Debug|x64
		{4FF0F9B5-0670-31B7-9323-F948B765CEC6}.Release|x64.ActiveCfg = Release|x64
		{4FF0F9B5-0670-31B7-9323-F948B765CEC6}.Release|x64.Build.0 = Release|x64
		{4FF0F9B5-0670-31B7-9323-F948B765CEC6}.MinSizeRel|x64.ActiveCfg = MinSizeRel|x64
		{4FF0F9B5-0670-31B7-9323-F948B765CEC6}.MinSizeRel|x64.Build.0 = MinSizeRel|x64
		{4FF0F9B5-0670-31B7-9323-F948B765CEC6}.RelWithDebInfo|x64.ActiveCfg = RelWithDebInfo|x64
		{4FF0F9B5-0670-31B7-9323-F948B765CEC6}.RelWithDebInfo|x64.Build.0 = RelWithDebInfo|x64
		{DCE208EE-4928-3CD6-BA04-4B0BB54B5A52}.Debug|x64.ActiveCfg = Debug|x64
		{DCE208EE-4928-3CD6-BA04-4B0BB54B5A52}.Debug|x64.Build.0 = Debug|x64
		{DCE208EE-4928-3CD6-BA04-4B0BB54B5A52}.Release|x64.ActiveCfg = Release|x64
		{DCE208EE-4928-3CD6-BA04-4B0BB54B5A52}.Release|x64.Build.0 = Release|x64
		{DCE208EE-4928-3CD6-BA04-4B0BB54B5A52}.MinSizeRel|x64.ActiveCfg = MinSizeRel|x64
		{DCE208EE-4928-3CD6-BA04-4B0BB54B5A52}.MinSizeRel|x64.Build.0 = MinSizeRel|x64
		{DCE208EE-4928-3CD6-BA04-4B0BB54B5A52}.RelWithDebInfo|x64.ActiveCfg = RelWithDebInfo|x64
		{DCE208EE-4928-3CD6-BA04-4B0BB54B5A52}.RelWithDebInfo|x64.Build.0 = RelWithDebInfo|x64
		{A9663866-6481-3AFD-9517-60E219FD4F1A}.Debug|x64.ActiveCfg = Debug|x64
		{A9663866-6481-3AFD-9517-60E219FD4F1A}.Debug|x64.Build.0 = Debug|x64
		{A9663866-6481-3AFD-9517-60E219FD4F1A}.Release|x64.ActiveCfg = Release|x64
		{A9663866-6481-3AFD-9517-60E219FD4F1A}.Release|x64.Build.0 = Release|x64
		{A9663866-6481-3AFD-9517-60E219FD4F1A}.MinSizeRel|x64.ActiveCfg = MinSizeRel|x64
		{A9663866-6481-3AFD-9517-60E219FD4F1A}.MinSizeRel|x64.Build.0 = MinSizeRel|x64
		{A9663866-6481-3AFD-9517-60E219FD4F1A}.RelWithDebInfo|x64.ActiveCfg = RelWithDebInfo|x64
		{A9663866-6481-3AFD-9517-60E219FD4F1A}.RelWithDebInfo|x64.Build.0 = RelWithDebInfo|x64
		{59DA6E5F-4A98-3A06-B03B-0E4C990BF2E4}.Debug|x64.ActiveCfg = Debug|x64
		{59DA6E5F-4A98-3A06-B03B-0E4C990BF2E4}.Debug|x64.Build.0 = Debug|x64
		{59DA6E5F-4A98-3A06-B03B-0E4C990BF2E4}.Release|x64.ActiveCfg = Release|x64
		{59DA6E5F-4A98-3A06-B03B-0E4C990BF2E4}.Release|x64.Build.0 = Release|x64
		{59DA6E5F-4A98-3A06-B03B-0E4C990BF2E4}.MinSizeRel|x64.ActiveCfg = MinSizeRel|x64
		{59DA6E5F-4A98-3A06-B03B-0E4C990BF2E4}.MinSizeRel|x64.Build.0 = MinSizeRel|x64
		{59DA6E5F-4A98-3A06-B03B-0E4C990BF2E4}.RelWithDebInfo|x64.ActiveCfg = RelWithDebInfo|x64
		{59DA6E5F-4A98-3A06-B03B-0E4C990BF2E4}.RelWithDebInfo|x64.Build.0 = RelWithDebInfo|x64
		{2ECD7427-0918-33DC-8271-27DB3F5DA540}.Debug|x64.ActiveCfg = Debug|x64
		{2ECD7427-0918-33DC-8271-27DB3F5DA540}.Debug|x64.Build.0 = Debug|x64
		{2ECD7427-0918-33DC-8271-27DB3F5DA540}.Release|x64.ActiveCfg = Release|x64
		{2ECD7427-0918-33DC-8271-27DB3F5DA540}.Release|x64.Build.0 = Release|x64
		{2ECD7427-0918-33DC-8271-27DB3F5DA540}.MinSizeRel|x64.ActiveCfg = MinSizeRel|x64
		{2ECD7427-0918-33DC-8271-27DB3F5DA540}.MinSizeRel|x64.Build.0 = MinSizeRel|x64
		{2ECD7427-0918-33DC-8271-27DB3F5DA540}.RelWithDebInfo|x64.ActiveCfg = RelWithDebInfo|x64
		{2ECD7427-0918-33DC-8271-27DB3F5DA540}.RelWithDebInfo|x64.Build.0 = RelWithDebInfo|x64
		{32141D48-3F65-3E32-A05F-946129B59FC4}.Debug|x64.ActiveCfg = Debug|x64
		{32141D48-3F65-3E32-A05F-946129B59FC4}.Debug|x64.Build.0 = Debug|x64
		{32141D48-3F65-3E32-A05F-946129B59FC4}.Release|x64.ActiveCfg = Release|x64
		{32141D48-3F65-3E32-A05F-946129B59FC4}.Release|x64.Build.0 = Release|x64
		{32141D48-3F65-3E32-A05F-946129B59FC4}.MinSizeRel|x64.ActiveCfg = MinSizeRel|x64
		{32141D48-3F65-3E32-A05F-946129B59FC4}.MinSizeRel|x64.Build.0 = MinSizeRel|x64
		{32141D48-3F65-3E32-A05F-946129B59FC4}.RelWithDebInfo|x64.ActiveCfg = RelWithDebInfo|x64
		{32141D48-3F65-3E32-A05F-946129B59FC4}.RelWithDebInfo|x64.Build.0 = RelWithDebInfo|x64
		{E0B83BFC-650E-37E0-9533-E686E5B5533D}.Debug|x64.ActiveCfg = Debug|x64
		{E0B83BFC-650E-37E0-9533-E686E5B5533D}.Debug|x64.Build.0 = Debug|x64
		{E0B83BFC-650E-37E0-9533-E686E5B5533D}.Release|x64.ActiveCfg = Release|x64
		{E0B83BFC-650E-37E0-9533-E686E5B5533D}.Release|x64.Build.0 = Release|x64
		{E0B83BFC-650E-37E0-9533-E686E5B5533D}.MinSizeRel|x64.ActiveCfg = MinSizeRel|x64
		{E0B83BFC-650E-37E0-9533-E686E5B5533D}.MinSizeRel|x64.Build.0 = MinSizeRel|x64
		{E0B83BFC-650E-37E0-9533-E686E5B5533D}.RelWithDebInfo|x64.ActiveCfg = RelWithDebInfo|x64
		{E0B83BFC-650E-37E0-9533-E686E5B5533D}.RelWithDebInfo|x64.Build.0 = RelWithDebInfo|x64
		{4B67C287-7049-3572-80AD-0896FF76E8D8}.Debug|x64.ActiveCfg = Debug|x64
		{4B67C287-7049-3572-80AD-0896FF76E8D8}.Debug|x64.Build.0 = Debug|x64
		{4B67C287-7049-3572-80AD-0896FF76E8D8}.Release|x64.ActiveCfg = Release|x64
		{4B67C287-7049-3572-80AD-0896FF76E8D8}.Release|x64.Build.0 = Release|x64
		{4B67C287-7049-3572-80AD-0896FF76E8D8}.MinSizeRel|x64.ActiveCfg = MinSizeRel|x64
		{4B67C287-7049-3572-80AD-0896FF76E8D8}.MinSizeRel|x64.Build.0 = MinSizeRel|x64
		{4B67C287-7049-3572-80AD-0896FF76E8D8}.RelWithDebInfo|x64.ActiveCfg = RelWithDebInfo|x64
		{4B67C287-7049-3572-80AD-0896FF76E8D8}.RelWithDebInfo|x64.Build.0 = RelWithDebInfo|x64
		{96281359-3CF7-3D0F-B247-E6C2110194DF}.Debug|x64.ActiveCfg = Debug|x64
		{96281359-3CF7-3D0F-B247-E6C2110194DF}.Debug|x64.Build.0 = Debug|x64
		{96281359-3CF7-3D0F-B247-E6C2110194DF}.Release|x64.ActiveCfg = Release|x64
		{96281359-3CF7-3D0F-B247-E6C2110194DF}.Release|x64.Build.0 = Release|x64
		{96281359-3CF7-3D0F-B247-E6C2110194DF}.MinSizeRel|x64.ActiveCfg = MinSizeRel|x64
		{96281359-3CF7-3D0F-B247-E6C2110194DF}.MinSizeRel|x64.Build.0 = MinSizeRel|x64
		{96281359-3CF7-3D0F-B247-E6C2110194DF}.RelWithDebInfo|x64.ActiveCfg = RelWithDebInfo|x64
		{96281359-3CF7-3D0F-B247-E6C2110194DF}.RelWithDebInfo|x64.Build.0 = RelWithDebInfo|x64
		{3D8947BE-E055-35C4-8511-0A439D87B521}.Debug|x64.ActiveCfg = Debug|x64
		{3D8947BE-E055-35C4-8511-0A439D87B521}.Debug|x64.Build.0 = Debug|x64
		{3D8947BE-E055-35C4-8511-0A439D87B521}.Release|x64.ActiveCfg = Release|x64
		{3D8947BE-E055-35C4-8511-0A439D87B521}.Release|x64.Build.0 = Release|x64
		{3D8947BE-E055-35C4-8511-0A439D87B521}.MinSizeRel|x64.ActiveCfg = MinSizeRel|x64
		{3D8947BE-E055-35C4-8511-0A439D87B521}.MinSizeRel|x64.Build.0 = MinSizeRel|x64
		{3D8947BE-E055-35C4-8511-0A439D87B521}.RelWithDebInfo|x64.ActiveCfg = RelWithDebInfo|x64
		{3D8947BE-E055-35C4-8511-0A439D87B521}.RelWithDebInfo|x64.Build.0 = RelWithDebInfo|x64
		{48554579-9163-33FF-BF7A-9F94124CC7E5}.Debug|x64.ActiveCfg = Debug|x64
		{48554579-9163-33FF-BF7A-9F94124CC7E5}.Debug|x64.Build.0 = Debug|x64
		{48554579-9163-33FF-BF7A-9F94124CC7E5}.Release|x64.ActiveCfg = Release|x64
		{48554579-9163-33FF-BF7A-9F94124CC7E5}.Release|x64.Build.0 = Release|x64
		{48554579-9163-33FF-BF7A-9F94124CC7E5}.MinSizeRel|x64.ActiveCfg = MinSizeRel|x64
		{48554579-9163-33FF-BF7A-9F94124CC7E5}.MinSizeRel|x64.Build.0 = MinSizeRel|x64
		{48554579-9163-33FF-BF7A-9F94124CC7E5}.RelWithDebInfo|x64.ActiveCfg = RelWithDebInfo|x64
		{48554579-9163-33FF-BF7A-9F94124CC7E5}.RelWithDebInfo|x64.Build.0 = RelWithDebInfo|x64
		{1998487F-D069-30E0-9B28-4C6DB38942FF}.Debug|x64.ActiveCfg = Debug|x64
		{1998487F-D069-30E0-9B28-4C6DB38942FF}.Debug|x64.Build.0 = Debug|x64
		{1998487F-D069-30E0-9B28-4C6DB38942FF}.Release|x64.ActiveCfg = Release|x64
		{1998487F-D069-30E0-9B28-4C6DB38942FF}.Release|x64.Build.0 = Release|x64
		{1998487F-D069-30E0-9B28-4C6DB38942FF}.MinSizeRel|x64.ActiveCfg = MinSizeRel|x64
		{1998487F-D069-30E0-9B28-4C6DB38942FF}.MinSizeRel|x64.Build.0 = MinSizeRel|x64
		{1998487F-D069-30E0-9B28-4C6DB38942FF}.RelWithDebInfo|x64.ActiveCfg = RelWithDebInfo|x64
		{1998487F-D069-30E0-9B28-4C6DB38942FF}.RelWithDebInfo|x64.Build.0 = RelWithDebInfo|x64
		{AC522A52-03FD-3890-8E16-F3C152AA38AA}.Debug|x64.ActiveCfg = Debug|x64
		{AC522A52-03FD-3890-8E16-F3C152AA38AA}.Debug|x64.Build.0 = Debug|x64
		{AC522A52-03FD-3890-8E16-F3C152AA38AA}.Release|x64.ActiveCfg = Release|x64
		{AC522A52-03FD-3890-8E16-F3C152AA38AA}.Release|x64.Build.0 = Release|x64
		{AC522A52-03FD-3890-8E16-F3C152AA38AA}.MinSizeRel|x64.ActiveCfg = MinSizeRel|x64
		{AC522A52-03FD-3890-8E16-F3C152AA38AA}.MinSizeRel|x64.Build.0 = MinSizeRel|x64
		{AC522A52-03FD-3890-8E16-F3C152AA38AA}.RelWithDebInfo|x64.ActiveCfg = RelWithDebInfo|x64
		{AC522A52-03FD-3890-8E16-F3C152AA38AA}.RelWithDebInfo|x64.Build.0 = RelWithDebInfo|x64
		{B1801AA5-C0F4-36F6-A7BC-A5ADCAE27CE9}.Debug|x64.ActiveCfg = Debug|x64
		{B1801AA5-C0F4-36F6-A7BC-A5ADCAE27CE9}.Release|x64.ActiveCfg = Release|x64
		{B1801AA5-C0F4-36F6-A7BC-A5ADCAE27CE9}.MinSizeRel|x64.ActiveCfg = MinSizeRel|x64
		{B1801AA5-C0F4-36F6-A7BC-A5ADCAE27CE9}.RelWithDebInfo|x64.ActiveCfg = RelWithDebInfo|x64
		{9C5A0402-DB06-34B2-A4C6-DE02D9CF6927}.Debug|x64.ActiveCfg = Debug|x64
		{9C5A0402-DB06-34B2-A4C6-DE02D9CF6927}.Debug|x64.Build.0 = Debug|x64
		{9C5A0402-DB06-34B2-A4C6-DE02D9CF6927}.Release|x64.ActiveCfg = Release|x64
		{9C5A0402-DB06-34B2-A4C6-DE02D9CF6927}.Release|x64.Build.0 = Release|x64
		{9C5A0402-DB06-34B2-A4C6-DE02D9CF6927}.MinSizeRel|x64.ActiveCfg = MinSizeRel|x64
		{9C5A0402-DB06-34B2-A4C6-DE02D9CF6927}.MinSizeRel|x64.Build.0 = MinSizeRel|x64
		{9C5A0402-DB06-34B2-A4C6-DE02D9CF6927}.RelWithDebInfo|x64.ActiveCfg = RelWithDebInfo|x64
		{9C5A0402-DB06-34B2-A4C6-DE02D9CF6927}.RelWithDebInfo|x64.Build.0 = RelWithDebInfo|x64
		{0D170976-D12C-38A9-9638-950100A448F1}.Debug|x64.ActiveCfg = Debug|x64
		{0D170976-D12C-38A9-9638-950100A448F1}.Debug|x64.Build.0 = Debug|x64
		{0D170976-D12C-38A9-9638-950100A448F1}.Release|x64.ActiveCfg = Release|x64
		{0D170976-D12C-38A9-9638-950100A448F1}.Release|x64.Build.0 = Release|x64
		{0D170976-D12C-38A9-9638-950100A448F1}.MinSizeRel|x64.ActiveCfg = MinSizeRel|x64
		{0D170976-D12C-38A9-9638-950100A448F1}.MinSizeRel|x64.Build.0 = MinSizeRel|x64
		{0D170976-D12C-38A9-9638-950100A448F1}.RelWithDebInfo|x64.ActiveCfg = RelWithDebInfo|x64
		{0D170976-D12C-38A9-9638-950100A448F1}.RelWithDebInfo|x64.Build.0 = RelWithDebInfo|x64
		{EFC2A4A8-EA1A-320E-A7E5-BD1DDF8C19B0}.Debug|x64.ActiveCfg = Debug|x64
		{EFC2A4A8-EA1A-320E-A7E5-BD1DDF8C19B0}.Debug|x64.Build.0 = Debug|x64
		{EFC2A4A8-EA1A-320E-A7E5-BD1DDF8C19B0}.Release|x64.ActiveCfg = Release|x64
		{EFC2A4A8-EA1A-320E-A7E5-BD1DDF8C19B0}.Release|x64.Build.0 = Release|x64
		{EFC2A4A8-EA1A-320E-A7E5-BD1DDF8C19B0}.MinSizeRel|x64.ActiveCfg = MinSizeRel|x64
		{EFC2A4A8-EA1A-320E-A7E5-BD1DDF8C19B0}.MinSizeRel|x64.Build.0 = MinSizeRel|x64
		{EFC2A4A8-EA1A-320E-A7E5-BD1DDF8C19B0}.RelWithDebInfo|x64.ActiveCfg = RelWithDebInfo|x64
		{EFC2A4A8-EA1A-320E-A7E5-BD1DDF8C19B0}.RelWithDebInfo|x64.Build.0 = RelWithDebInfo|x64
		{99ABA160-6279-357D-9674-26BE768EC4BB}.Debug|x64.ActiveCfg = Debug|x64
		{99ABA160-6279-357D-9674-26BE768EC4BB}.Debug|x64.Build.0 = Debug|x64
		{99ABA160-6279-357D-9674-26BE768EC4BB}.Release|x64.ActiveCfg = Release|x64
		{99ABA160-6279-357D-9674-26BE768EC4BB}.Release|x64.Build.0 = Release|x64
		{99ABA160-6279-357D-9674-26BE768EC4BB}.MinSizeRel|x64.ActiveCfg = MinSizeRel|x64
		{99ABA160-6279-357D-9674-26BE768EC4BB}.MinSizeRel|x64.Build.0 = MinSizeRel|x64
		{99ABA160-6279-357D-9674-26BE768EC4BB}.RelWithDebInfo|x64.ActiveCfg = RelWithDebInfo|x64
		{99ABA160-6279-357D-9674-26BE768EC4BB}.RelWithDebInfo|x64.Build.0 = RelWithDebInfo|x64
		{102A648B-FBCE-3660-94B2-42C5087ED1E2}.Debug|x64.ActiveCfg = Debug|x64
		{102A648B-FBCE-3660-94B2-42C5087ED1E2}.Debug|x64.Build.0 = Debug|x64
		{102A648B-FBCE-3660-94B2-42C5087ED1E2}.Release|x64.ActiveCfg = Release|x64
		{102A648B-FBCE-3660-94B2-42C5087ED1E2}.Release|x64.Build.0 = Release|x64
		{102A648B-FBCE-3660-94B2-42C5087ED1E2}.MinSizeRel|x64.ActiveCfg = MinSizeRel|x64
		{102A648B-FBCE-3660-94B2-42C5087ED1E2}.MinSizeRel|x64.Build.0 = MinSizeRel|x64
		{102A648B-FBCE-3660-94B2-42C5087ED1E2}.RelWithDebInfo|x64.ActiveCfg = RelWithDebInfo|x64
		{102A648B-FBCE-3660-94B2-42C5087ED1E2}.RelWithDebInfo|x64.Build.0 = RelWithDebInfo|x64
		{CB0BFA98-3B71-3E83-8B87-2AE75E625451}.Debug|x64.ActiveCfg = Debug|x64
		{CB0BFA98-3B71-3E83-8B87-2AE75E625451}.Debug|x64.Build.0 = Debug|x64
		{CB0BFA98-3B71-3E83-8B87-2AE75E625451}.Release|x64.ActiveCfg = Release|x64
		{CB0BFA98-3B71-3E83-8B87-2AE75E625451}.Release|x64.Build.0 = Release|x64
		{CB0BFA98-3B71-3E83-8B87-2AE75E625451}.MinSizeRel|x64.ActiveCfg = MinSizeRel|x64
		{CB0BFA98-3B71-3E83-8B87-2AE75E625451}.MinSizeRel|x64.Build.0 = MinSizeRel|x64
		{CB0BFA98-3B71-3E83-8B87-2AE75E625451}.RelWithDebInfo|x64.ActiveCfg = RelWithDebInfo|x64
		{CB0BFA98-3B71-3E83-8B87-2AE75E625451}.RelWithDebInfo|x64.Build.0 = RelWithDebInfo|x64
	EndGlobalSection
	GlobalSection(ExtensibilityGlobals) = postSolution
		SolutionGuid = {F573C51E-565C-36EA-B153-DBB3F48E4AED}
	EndGlobalSection
	GlobalSection(ExtensibilityAddIns) = postSolution
	EndGlobalSection
EndGlobal
