Microsoft Visual Studio Solution File, Format Version 12.00
# Visual Studio 15
Project("{8BC9CEB8-8B4A-11D0-8D11-00A0C91BC942}") = "ALL_BUILD", "ALL_BUILD.vcxproj", "{540E554B-8C18-35D2-BD80-BE79BFFDE8DF}"
	ProjectSection(ProjectDependencies) = postProject
		{31E1D93D-AE95-3FF8-B37B-4B292D157BF3} = {31E1D93D-AE95-3FF8-B37B-4B292D157BF3}
		{B647549E-D607-3F75-84F5-32CD306C36AE} = {B647549E-D607-3F75-84F5-32CD306C36AE}
		{AAC38A7A-3A6A-3CEE-80BA-1DD96D3BCB0F} = {AAC38A7A-3A6A-3CEE-80BA-1DD96D3BCB0F}
		{F0595BA7-1953-3DC0-AE55-B547E1C6AB4A} = {F0595BA7-1953-3DC0-AE55-B547E1C6AB4A}
		{98E28FEB-FA91-3903-87C3-F56C94A4C24C} = {98E28FEB-FA91-3903-87C3-F56C94A4C24C}
		{C43A23DA-5340-3A9A-A5BD-B990B7AF5374} = {C43A23DA-5340-3A9A-A5BD-B990B7AF5374}
		{32927388-52A9-3506-9049-DACA7A5B3F38} = {32927388-52A9-3506-9049-DACA7A5B3F38}
		{176630A5-4B25-328D-8D4B-E936AF78D343} = {176630A5-4B25-328D-8D4B-E936AF78D343}
		{F625F757-DBE7-340F-B978-01EC818DB93A} = {F625F757-DBE7-340F-B978-01EC818DB93A}
		{5F3394B6-168F-32E7-8BED-81C8989C1E1E} = {5F3394B6-168F-32E7-8BED-81C8989C1E1E}
		{364C4DA5-9873-3CBC-A09F-0370E6172317} = {364C4DA5-9873-3CBC-A09F-0370E6172317}
		{737DBF9A-1A06-3871-BFB3-D669CD6CF814} = {737DBF9A-1A06-3871-BFB3-D669CD6CF814}
		{844FC09E-B814-3174-914B-C95B641A5E84} = {844FC09E-B814-3174-914B-C95B641A5E84}
		{0EC8D05E-0EBB-3AFF-AA97-5371D71F58E7} = {0EC8D05E-0EBB-3AFF-AA97-5371D71F58E7}
		{89B3A351-8641-3F86-8A05-41B8F6DD211B} = {89B3A351-8641-3F86-8A05-41B8F6DD211B}
		{6A8DA0CA-9874-36B8-B9BC-B8C183E4AC68} = {6A8DA0CA-9874-36B8-B9BC-B8C183E4AC68}
		{E7340CF5-58C6-332C-8E17-35EFFB751499} = {E7340CF5-58C6-332C-8E17-35EFFB751499}
		{A51391E9-D24F-34B2-BC00-83EAAE516B70} = {A51391E9-D24F-34B2-BC00-83EAAE516B70}
		{AAC5E418-3D8C-36E8-BA9A-7494401577C2} = {AAC5E418-3D8C-36E8-BA9A-7494401577C2}
		{383FF62E-ECCA-3BEA-9298-351F3A0DA650} = {383FF62E-ECCA-3BEA-9298-351F3A0DA650}
		{7ECB512B-48E3-32C4-94C2-87C1662F2CB0} = {7ECB512B-48E3-32C4-94C2-87C1662F2CB0}
		{74BE7E04-7077-3685-ACB7-F3F746994ED1} = {74BE7E04-7077-3685-ACB7-F3F746994ED1}
		{F83C3A09-502B-398B-AC08-468A841E1FEF} = {F83C3A09-502B-398B-AC08-468A841E1FEF}
		{BBFAA925-2C28-3FFE-87D2-F4925F35F559} = {BBFAA925-2C28-3FFE-87D2-F4925F35F559}
		{4E3BA22F-9B8E-313C-A628-A8505AEF9174} = {4E3BA22F-9B8E-313C-A628-A8505AEF9174}
		{80240535-62F6-3908-8DFA-C643C67FA4DA} = {80240535-62F6-3908-8DFA-C643C67FA4DA}
		{5A471122-B14A-39CC-AC9A-365A1AED178D} = {5A471122-B14A-39CC-AC9A-365A1AED178D}
		{B2CA2139-8A9E-374F-BA2A-60BD547C7E44} = {B2CA2139-8A9E-374F-BA2A-60BD547C7E44}
		{0704FEA9-ADD0-3C07-A54F-AFD514919673} = {0704FEA9-ADD0-3C07-A54F-AFD514919673}
		{B19B2725-635A-309C-AF8A-9D2C6C87CE00} = {B19B2725-635A-309C-AF8A-9D2C6C87CE00}
		{A9938CD7-46B9-3BF8-A8E5-6DF455F9D10E} = {A9938CD7-46B9-3BF8-A8E5-6DF455F9D10E}
		{B4610C73-6A46-3464-BC6A-51B05CE0CAE9} = {B4610C73-6A46-3464-BC6A-51B05CE0CAE9}
		{80958E0C-CABB-35BB-A0A3-94DE32787C22} = {80958E0C-CABB-35BB-A0A3-94DE32787C22}
		{7A2FD05F-551F-3EFB-9827-830FDD228831} = {7A2FD05F-551F-3EFB-9827-830FDD228831}
		{2E3CE8B9-95A8-364F-8407-4A6181EBD4B4} = {2E3CE8B9-95A8-364F-8407-4A6181EBD4B4}
		{8C71BA0E-69AF-3C8C-96AA-7AD0B24C18FF} = {8C71BA0E-69AF-3C8C-96AA-7AD0B24C18FF}
	EndProjectSection
EndProject
Project("{8BC9CEB8-8B4A-11D0-8D11-00A0C91BC942}") = "AppBasicExampleGui", "examples\BasicDemo\AppBasicExampleGui.vcxproj", "{31E1D93D-AE95-3FF8-B37B-4B292D157BF3}"
	ProjectSection(ProjectDependencies) = postProject
		{844FC09E-B814-3174-914B-C95B641A5E84} = {844FC09E-B814-3174-914B-C95B641A5E84}
		{E7340CF5-58C6-332C-8E17-35EFFB751499} = {E7340CF5-58C6-332C-8E17-35EFFB751499}
		{A51391E9-D24F-34B2-BC00-83EAAE516B70} = {A51391E9-D24F-34B2-BC00-83EAAE516B70}
		{A9938CD7-46B9-3BF8-A8E5-6DF455F9D10E} = {A9938CD7-46B9-3BF8-A8E5-6DF455F9D10E}
		{B4610C73-6A46-3464-BC6A-51B05CE0CAE9} = {B4610C73-6A46-3464-BC6A-51B05CE0CAE9}
		{80958E0C-CABB-35BB-A0A3-94DE32787C22} = {80958E0C-CABB-35BB-A0A3-94DE32787C22}
	EndProjectSection
EndProject
Project("{8BC9CEB8-8B4A-11D0-8D11-00A0C91BC942}") = "App_BasicExample", "examples\BasicDemo\App_BasicExample.vcxproj", "{B647549E-D607-3F75-84F5-32CD306C36AE}"
	ProjectSection(ProjectDependencies) = postProject
		{E7340CF5-58C6-332C-8E17-35EFFB751499} = {E7340CF5-58C6-332C-8E17-35EFFB751499}
		{A51391E9-D24F-34B2-BC00-83EAAE516B70} = {A51391E9-D24F-34B2-BC00-83EAAE516B70}
		{A9938CD7-46B9-3BF8-A8E5-6DF455F9D10E} = {A9938CD7-46B9-3BF8-A8E5-6DF455F9D10E}
		{80958E0C-CABB-35BB-A0A3-94DE32787C22} = {80958E0C-CABB-35BB-A0A3-94DE32787C22}
	EndProjectSection
EndProject
Project("{8BC9CEB8-8B4A-11D0-8D11-00A0C91BC942}") = "App_ExampleBrowser", "examples\ExampleBrowser\App_ExampleBrowser.vcxproj", "{AAC38A7A-3A6A-3CEE-80BA-1DD96D3BCB0F}"
	ProjectSection(ProjectDependencies) = postProject
		{844FC09E-B814-3174-914B-C95B641A5E84} = {844FC09E-B814-3174-914B-C95B641A5E84}
		{E7340CF5-58C6-332C-8E17-35EFFB751499} = {E7340CF5-58C6-332C-8E17-35EFFB751499}
		{A51391E9-D24F-34B2-BC00-83EAAE516B70} = {A51391E9-D24F-34B2-BC00-83EAAE516B70}
		{AAC5E418-3D8C-36E8-BA9A-7494401577C2} = {AAC5E418-3D8C-36E8-BA9A-7494401577C2}
		{7ECB512B-48E3-32C4-94C2-87C1662F2CB0} = {7ECB512B-48E3-32C4-94C2-87C1662F2CB0}
		{74BE7E04-7077-3685-ACB7-F3F746994ED1} = {74BE7E04-7077-3685-ACB7-F3F746994ED1}
		{BBFAA925-2C28-3FFE-87D2-F4925F35F559} = {BBFAA925-2C28-3FFE-87D2-F4925F35F559}
		{5A471122-B14A-39CC-AC9A-365A1AED178D} = {5A471122-B14A-39CC-AC9A-365A1AED178D}
		{A9938CD7-46B9-3BF8-A8E5-6DF455F9D10E} = {A9938CD7-46B9-3BF8-A8E5-6DF455F9D10E}
		{B4610C73-6A46-3464-BC6A-51B05CE0CAE9} = {B4610C73-6A46-3464-BC6A-51B05CE0CAE9}
		{80958E0C-CABB-35BB-A0A3-94DE32787C22} = {80958E0C-CABB-35BB-A0A3-94DE32787C22}
		{2E3CE8B9-95A8-364F-8407-4A6181EBD4B4} = {2E3CE8B9-95A8-364F-8407-4A6181EBD4B4}
	EndProjectSection
EndProject
Project("{8BC9CEB8-8B4A-11D0-8D11-00A0C91BC942}") = "App_HelloWorld", "examples\HelloWorld\App_HelloWorld.vcxproj", "{F0595BA7-1953-3DC0-AE55-B547E1C6AB4A}"
	ProjectSection(ProjectDependencies) = postProject
		{E7340CF5-58C6-332C-8E17-35EFFB751499} = {E7340CF5-58C6-332C-8E17-35EFFB751499}
		{A51391E9-D24F-34B2-BC00-83EAAE516B70} = {A51391E9-D24F-34B2-BC00-83EAAE516B70}
		{A9938CD7-46B9-3BF8-A8E5-6DF455F9D10E} = {A9938CD7-46B9-3BF8-A8E5-6DF455F9D10E}
		{80958E0C-CABB-35BB-A0A3-94DE32787C22} = {80958E0C-CABB-35BB-A0A3-94DE32787C22}
	EndProjectSection
EndProject
Project("{8BC9CEB8-8B4A-11D0-8D11-00A0C91BC942}") = "App_PhysicsServer_SharedMemory", "examples\SharedMemory\App_PhysicsServer_SharedMemory.vcxproj", "{98E28FEB-FA91-3903-87C3-F56C94A4C24C}"
	ProjectSection(ProjectDependencies) = postProject
		{844FC09E-B814-3174-914B-C95B641A5E84} = {844FC09E-B814-3174-914B-C95B641A5E84}
		{E7340CF5-58C6-332C-8E17-35EFFB751499} = {E7340CF5-58C6-332C-8E17-35EFFB751499}
		{A51391E9-D24F-34B2-BC00-83EAAE516B70} = {A51391E9-D24F-34B2-BC00-83EAAE516B70}
		{383FF62E-ECCA-3BEA-9298-351F3A0DA650} = {383FF62E-ECCA-3BEA-9298-351F3A0DA650}
		{7ECB512B-48E3-32C4-94C2-87C1662F2CB0} = {7ECB512B-48E3-32C4-94C2-87C1662F2CB0}
		{74BE7E04-7077-3685-ACB7-F3F746994ED1} = {74BE7E04-7077-3685-ACB7-F3F746994ED1}
		{BBFAA925-2C28-3FFE-87D2-F4925F35F559} = {BBFAA925-2C28-3FFE-87D2-F4925F35F559}
		{4E3BA22F-9B8E-313C-A628-A8505AEF9174} = {4E3BA22F-9B8E-313C-A628-A8505AEF9174}
		{5A471122-B14A-39CC-AC9A-365A1AED178D} = {5A471122-B14A-39CC-AC9A-365A1AED178D}
		{A9938CD7-46B9-3BF8-A8E5-6DF455F9D10E} = {A9938CD7-46B9-3BF8-A8E5-6DF455F9D10E}
		{80958E0C-CABB-35BB-A0A3-94DE32787C22} = {80958E0C-CABB-35BB-A0A3-94DE32787C22}
	EndProjectSection
EndProject
Project("{8BC9CEB8-8B4A-11D0-8D11-00A0C91BC942}") = "App_PhysicsServer_SharedMemory_GUI", "examples\SharedMemory\App_PhysicsServer_SharedMemory_GUI.vcxproj", "{C43A23DA-5340-3A9A-A5BD-B990B7AF5374}"
	ProjectSection(ProjectDependencies) = postProject
		{844FC09E-B814-3174-914B-C95B641A5E84} = {844FC09E-B814-3174-914B-C95B641A5E84}
		{E7340CF5-58C6-332C-8E17-35EFFB751499} = {E7340CF5-58C6-332C-8E17-35EFFB751499}
		{A51391E9-D24F-34B2-BC00-83EAAE516B70} = {A51391E9-D24F-34B2-BC00-83EAAE516B70}
		{383FF62E-ECCA-3BEA-9298-351F3A0DA650} = {383FF62E-ECCA-3BEA-9298-351F3A0DA650}
		{7ECB512B-48E3-32C4-94C2-87C1662F2CB0} = {7ECB512B-48E3-32C4-94C2-87C1662F2CB0}
		{74BE7E04-7077-3685-ACB7-F3F746994ED1} = {74BE7E04-7077-3685-ACB7-F3F746994ED1}
		{BBFAA925-2C28-3FFE-87D2-F4925F35F559} = {BBFAA925-2C28-3FFE-87D2-F4925F35F559}
		{4E3BA22F-9B8E-313C-A628-A8505AEF9174} = {4E3BA22F-9B8E-313C-A628-A8505AEF9174}
		{5A471122-B14A-39CC-AC9A-365A1AED178D} = {5A471122-B14A-39CC-AC9A-365A1AED178D}
		{A9938CD7-46B9-3BF8-A8E5-6DF455F9D10E} = {A9938CD7-46B9-3BF8-A8E5-6DF455F9D10E}
		{B4610C73-6A46-3464-BC6A-51B05CE0CAE9} = {B4610C73-6A46-3464-BC6A-51B05CE0CAE9}
		{80958E0C-CABB-35BB-A0A3-94DE32787C22} = {80958E0C-CABB-35BB-A0A3-94DE32787C22}
	EndProjectSection
EndProject
Project("{8BC9CEB8-8B4A-11D0-8D11-00A0C91BC942}") = "App_PhysicsServer_SharedMemory_VR", "examples\SharedMemory\App_PhysicsServer_SharedMemory_VR.vcxproj", "{32927388-52A9-3506-9049-DACA7A5B3F38}"
	ProjectSection(ProjectDependencies) = postProject
		{844FC09E-B814-3174-914B-C95B641A5E84} = {844FC09E-B814-3174-914B-C95B641A5E84}
		{E7340CF5-58C6-332C-8E17-35EFFB751499} = {E7340CF5-58C6-332C-8E17-35EFFB751499}
		{A51391E9-D24F-34B2-BC00-83EAAE516B70} = {A51391E9-D24F-34B2-BC00-83EAAE516B70}
		{383FF62E-ECCA-3BEA-9298-351F3A0DA650} = {383FF62E-ECCA-3BEA-9298-351F3A0DA650}
		{7ECB512B-48E3-32C4-94C2-87C1662F2CB0} = {7ECB512B-48E3-32C4-94C2-87C1662F2CB0}
		{74BE7E04-7077-3685-ACB7-F3F746994ED1} = {74BE7E04-7077-3685-ACB7-F3F746994ED1}
		{BBFAA925-2C28-3FFE-87D2-F4925F35F559} = {BBFAA925-2C28-3FFE-87D2-F4925F35F559}
		{4E3BA22F-9B8E-313C-A628-A8505AEF9174} = {4E3BA22F-9B8E-313C-A628-A8505AEF9174}
		{5A471122-B14A-39CC-AC9A-365A1AED178D} = {5A471122-B14A-39CC-AC9A-365A1AED178D}
		{A9938CD7-46B9-3BF8-A8E5-6DF455F9D10E} = {A9938CD7-46B9-3BF8-A8E5-6DF455F9D10E}
		{B4610C73-6A46-3464-BC6A-51B05CE0CAE9} = {B4610C73-6A46-3464-BC6A-51B05CE0CAE9}
		{80958E0C-CABB-35BB-A0A3-94DE32787C22} = {80958E0C-CABB-35BB-A0A3-94DE32787C22}
	EndProjectSection
EndProject
Project("{8BC9CEB8-8B4A-11D0-8D11-00A0C91BC942}") = "App_RobotSimulator", "examples\RobotSimulator\App_RobotSimulator.vcxproj", "{176630A5-4B25-328D-8D4B-E936AF78D343}"
	ProjectSection(ProjectDependencies) = postProject
		{844FC09E-B814-3174-914B-C95B641A5E84} = {844FC09E-B814-3174-914B-C95B641A5E84}
		{E7340CF5-58C6-332C-8E17-35EFFB751499} = {E7340CF5-58C6-332C-8E17-35EFFB751499}
		{A51391E9-D24F-34B2-BC00-83EAAE516B70} = {A51391E9-D24F-34B2-BC00-83EAAE516B70}
		{AAC5E418-3D8C-36E8-BA9A-7494401577C2} = {AAC5E418-3D8C-36E8-BA9A-7494401577C2}
		{383FF62E-ECCA-3BEA-9298-351F3A0DA650} = {383FF62E-ECCA-3BEA-9298-351F3A0DA650}
		{7ECB512B-48E3-32C4-94C2-87C1662F2CB0} = {7ECB512B-48E3-32C4-94C2-87C1662F2CB0}
		{74BE7E04-7077-3685-ACB7-F3F746994ED1} = {74BE7E04-7077-3685-ACB7-F3F746994ED1}
		{BBFAA925-2C28-3FFE-87D2-F4925F35F559} = {BBFAA925-2C28-3FFE-87D2-F4925F35F559}
		{4E3BA22F-9B8E-313C-A628-A8505AEF9174} = {4E3BA22F-9B8E-313C-A628-A8505AEF9174}
		{5A471122-B14A-39CC-AC9A-365A1AED178D} = {5A471122-B14A-39CC-AC9A-365A1AED178D}
		{A9938CD7-46B9-3BF8-A8E5-6DF455F9D10E} = {A9938CD7-46B9-3BF8-A8E5-6DF455F9D10E}
		{B4610C73-6A46-3464-BC6A-51B05CE0CAE9} = {B4610C73-6A46-3464-BC6A-51B05CE0CAE9}
		{80958E0C-CABB-35BB-A0A3-94DE32787C22} = {80958E0C-CABB-35BB-A0A3-94DE32787C22}
		{2E3CE8B9-95A8-364F-8407-4A6181EBD4B4} = {2E3CE8B9-95A8-364F-8407-4A6181EBD4B4}
	EndProjectSection
EndProject
Project("{8BC9CEB8-8B4A-11D0-8D11-00A0C91BC942}") = "App_TwoJoint", "examples\TwoJoint\App_TwoJoint.vcxproj", "{F625F757-DBE7-340F-B978-01EC818DB93A}"
	ProjectSection(ProjectDependencies) = postProject
		{844FC09E-B814-3174-914B-C95B641A5E84} = {844FC09E-B814-3174-914B-C95B641A5E84}
		{E7340CF5-58C6-332C-8E17-35EFFB751499} = {E7340CF5-58C6-332C-8E17-35EFFB751499}
		{A51391E9-D24F-34B2-BC00-83EAAE516B70} = {A51391E9-D24F-34B2-BC00-83EAAE516B70}
		{AAC5E418-3D8C-36E8-BA9A-7494401577C2} = {AAC5E418-3D8C-36E8-BA9A-7494401577C2}
		{383FF62E-ECCA-3BEA-9298-351F3A0DA650} = {383FF62E-ECCA-3BEA-9298-351F3A0DA650}
		{7ECB512B-48E3-32C4-94C2-87C1662F2CB0} = {7ECB512B-48E3-32C4-94C2-87C1662F2CB0}
		{74BE7E04-7077-3685-ACB7-F3F746994ED1} = {74BE7E04-7077-3685-ACB7-F3F746994ED1}
		{BBFAA925-2C28-3FFE-87D2-F4925F35F559} = {BBFAA925-2C28-3FFE-87D2-F4925F35F559}
		{4E3BA22F-9B8E-313C-A628-A8505AEF9174} = {4E3BA22F-9B8E-313C-A628-A8505AEF9174}
		{5A471122-B14A-39CC-AC9A-365A1AED178D} = {5A471122-B14A-39CC-AC9A-365A1AED178D}
		{A9938CD7-46B9-3BF8-A8E5-6DF455F9D10E} = {A9938CD7-46B9-3BF8-A8E5-6DF455F9D10E}
		{B4610C73-6A46-3464-BC6A-51B05CE0CAE9} = {B4610C73-6A46-3464-BC6A-51B05CE0CAE9}
		{80958E0C-CABB-35BB-A0A3-94DE32787C22} = {80958E0C-CABB-35BB-A0A3-94DE32787C22}
		{2E3CE8B9-95A8-364F-8407-4A6181EBD4B4} = {2E3CE8B9-95A8-364F-8407-4A6181EBD4B4}
	EndProjectSection
EndProject
Project("{8BC9CEB8-8B4A-11D0-8D11-00A0C91BC942}") = "App_obj2sdf", "Extras\obj2sdf\App_obj2sdf.vcxproj", "{5F3394B6-168F-32E7-8BED-81C8989C1E1E}"
	ProjectSection(ProjectDependencies) = postProject
		{844FC09E-B814-3174-914B-C95B641A5E84} = {844FC09E-B814-3174-914B-C95B641A5E84}
		{80958E0C-CABB-35BB-A0A3-94DE32787C22} = {80958E0C-CABB-35BB-A0A3-94DE32787C22}
	EndProjectSection
EndProject
Project("{8BC9CEB8-8B4A-11D0-8D11-00A0C91BC942}") = "Bullet2FileLoader", "src\Bullet3Serialize\Bullet2FileLoader\Bullet2FileLoader.vcxproj", "{364C4DA5-9873-3CBC-A09F-0370E6172317}"
	ProjectSection(ProjectDependencies) = postProject
		{80958E0C-CABB-35BB-A0A3-94DE32787C22} = {80958E0C-CABB-35BB-A0A3-94DE32787C22}
	EndProjectSection
EndProject
Project("{8BC9CEB8-8B4A-11D0-8D11-00A0C91BC942}") = "Bullet3Collision", "src\Bullet3Collision\Bullet3Collision.vcxproj", "{737DBF9A-1A06-3871-BFB3-D669CD6CF814}"
	ProjectSection(ProjectDependencies) = postProject
		{80958E0C-CABB-35BB-A0A3-94DE32787C22} = {80958E0C-CABB-35BB-A0A3-94DE32787C22}
	EndProjectSection
EndProject
Project("{8BC9CEB8-8B4A-11D0-8D11-00A0C91BC942}") = "Bullet3Common", "src\Bullet3Common\Bullet3Common.vcxproj", "{844FC09E-B814-3174-914B-C95B641A5E84}"
	ProjectSection(ProjectDependencies) = postProject
		{80958E0C-CABB-35BB-A0A3-94DE32787C22} = {80958E0C-CABB-35BB-A0A3-94DE32787C22}
	EndProjectSection
EndProject
Project("{8BC9CEB8-8B4A-11D0-8D11-00A0C91BC942}") = "Bullet3Dynamics", "src\Bullet3Dynamics\Bullet3Dynamics.vcxproj", "{0EC8D05E-0EBB-3AFF-AA97-5371D71F58E7}"
	ProjectSection(ProjectDependencies) = postProject
		{80958E0C-CABB-35BB-A0A3-94DE32787C22} = {80958E0C-CABB-35BB-A0A3-94DE32787C22}
	EndProjectSection
EndProject
Project("{8BC9CEB8-8B4A-11D0-8D11-00A0C91BC942}") = "Bullet3Geometry", "src\Bullet3Geometry\Bullet3Geometry.vcxproj", "{89B3A351-8641-3F86-8A05-41B8F6DD211B}"
	ProjectSection(ProjectDependencies) = postProject
		{80958E0C-CABB-35BB-A0A3-94DE32787C22} = {80958E0C-CABB-35BB-A0A3-94DE32787C22}
	EndProjectSection
EndProject
Project("{8BC9CEB8-8B4A-11D0-8D11-00A0C91BC942}") = "Bullet3OpenCL_clew", "src\Bullet3OpenCL\Bullet3OpenCL_clew.vcxproj", "{6A8DA0CA-9874-36B8-B9BC-B8C183E4AC68}"
	ProjectSection(ProjectDependencies) = postProject
		{80958E0C-CABB-35BB-A0A3-94DE32787C22} = {80958E0C-CABB-35BB-A0A3-94DE32787C22}
	EndProjectSection
EndProject
Project("{8BC9CEB8-8B4A-11D0-8D11-00A0C91BC942}") = "BulletCollision", "src\BulletCollision\BulletCollision.vcxproj", "{E7340CF5-58C6-332C-8E17-35EFFB751499}"
	ProjectSection(ProjectDependencies) = postProject
		{80958E0C-CABB-35BB-A0A3-94DE32787C22} = {80958E0C-CABB-35BB-A0A3-94DE32787C22}
	EndProjectSection
EndProject
Project("{8BC9CEB8-8B4A-11D0-8D11-00A0C91BC942}") = "BulletDynamics", "src\BulletDynamics\BulletDynamics.vcxproj", "{A51391E9-D24F-34B2-BC00-83EAAE516B70}"
	ProjectSection(ProjectDependencies) = postProject
		{80958E0C-CABB-35BB-A0A3-94DE32787C22} = {80958E0C-CABB-35BB-A0A3-94DE32787C22}
	EndProjectSection
EndProject
Project("{8BC9CEB8-8B4A-11D0-8D11-00A0C91BC942}") = "BulletExampleBrowserLib", "examples\ExampleBrowser\BulletExampleBrowserLib.vcxproj", "{AAC5E418-3D8C-36E8-BA9A-7494401577C2}"
	ProjectSection(ProjectDependencies) = postProject
		{80958E0C-CABB-35BB-A0A3-94DE32787C22} = {80958E0C-CABB-35BB-A0A3-94DE32787C22}
	EndProjectSection
EndProject
Project("{8BC9CEB8-8B4A-11D0-8D11-00A0C91BC942}") = "BulletFileLoader", "Extras\Serialize\BulletFileLoader\BulletFileLoader.vcxproj", "{383FF62E-ECCA-3BEA-9298-351F3A0DA650}"
	ProjectSection(ProjectDependencies) = postProject
		{80958E0C-CABB-35BB-A0A3-94DE32787C22} = {80958E0C-CABB-35BB-A0A3-94DE32787C22}
	EndProjectSection
EndProject
Project("{8BC9CEB8-8B4A-11D0-8D11-00A0C91BC942}") = "BulletInverseDynamics", "src\BulletInverseDynamics\BulletInverseDynamics.vcxproj", "{7ECB512B-48E3-32C4-94C2-87C1662F2CB0}"
	ProjectSection(ProjectDependencies) = postProject
		{80958E0C-CABB-35BB-A0A3-94DE32787C22} = {80958E0C-CABB-35BB-A0A3-94DE32787C22}
	EndProjectSection
EndProject
Project("{8BC9CEB8-8B4A-11D0-8D11-00A0C91BC942}") = "BulletInverseDynamicsUtils", "Extras\InverseDynamics\BulletInverseDynamicsUtils.vcxproj", "{74BE7E04-7077-3685-ACB7-F3F746994ED1}"
	ProjectSection(ProjectDependencies) = postProject
		{80958E0C-CABB-35BB-A0A3-94DE32787C22} = {80958E0C-CABB-35BB-A0A3-94DE32787C22}
	EndProjectSection
EndProject
Project("{8BC9CEB8-8B4A-11D0-8D11-00A0C91BC942}") = "BulletRobotics", "Extras\BulletRobotics\BulletRobotics.vcxproj", "{F83C3A09-502B-398B-AC08-468A841E1FEF}"
	ProjectSection(ProjectDependencies) = postProject
		{80958E0C-CABB-35BB-A0A3-94DE32787C22} = {80958E0C-CABB-35BB-A0A3-94DE32787C22}
	EndProjectSection
EndProject
Project("{8BC9CEB8-8B4A-11D0-8D11-00A0C91BC942}") = "BulletSoftBody", "src\BulletSoftBody\BulletSoftBody.vcxproj", "{BBFAA925-2C28-3FFE-87D2-F4925F35F559}"
	ProjectSection(ProjectDependencies) = postProject
		{80958E0C-CABB-35BB-A0A3-94DE32787C22} = {80958E0C-CABB-35BB-A0A3-94DE32787C22}
	EndProjectSection
EndProject
Project("{8BC9CEB8-8B4A-11D0-8D11-00A0C91BC942}") = "BulletWorldImporter", "Extras\Serialize\BulletWorldImporter\BulletWorldImporter.vcxproj", "{4E3BA22F-9B8E-313C-A628-A8505AEF9174}"
	ProjectSection(ProjectDependencies) = postProject
		{80958E0C-CABB-35BB-A0A3-94DE32787C22} = {80958E0C-CABB-35BB-A0A3-94DE32787C22}
	EndProjectSection
EndProject
Project("{8BC9CEB8-8B4A-11D0-8D11-00A0C91BC942}") = "BulletXmlWorldImporter", "Extras\Serialize\BulletXmlWorldImporter\BulletXmlWorldImporter.vcxproj", "{80240535-62F6-3908-8DFA-C643C67FA4DA}"
	ProjectSection(ProjectDependencies) = postProject
		{80958E0C-CABB-35BB-A0A3-94DE32787C22} = {80958E0C-CABB-35BB-A0A3-94DE32787C22}
	EndProjectSection
EndProject
Project("{8BC9CEB8-8B4A-11D0-8D11-00A0C91BC942}") = "BussIK", "examples\ThirdPartyLibs\BussIK\BussIK.vcxproj", "{5A471122-B14A-39CC-AC9A-365A1AED178D}"
	ProjectSection(ProjectDependencies) = postProject
		{80958E0C-CABB-35BB-A0A3-94DE32787C22} = {80958E0C-CABB-35BB-A0A3-94DE32787C22}
	EndProjectSection
EndProject
Project("{8BC9CEB8-8B4A-11D0-8D11-00A0C91BC942}") = "ConvexDecomposition", "Extras\ConvexDecomposition\ConvexDecomposition.vcxproj", "{B2CA2139-8A9E-374F-BA2A-60BD547C7E44}"
	ProjectSection(ProjectDependencies) = postProject
		{80958E0C-CABB-35BB-A0A3-94DE32787C22} = {80958E0C-CABB-35BB-A0A3-94DE32787C22}
	EndProjectSection
EndProject
Project("{8BC9CEB8-8B4A-11D0-8D11-00A0C91BC942}") = "GIMPACTUtils", "Extras\GIMPACTUtils\GIMPACTUtils.vcxproj", "{0704FEA9-ADD0-3C07-A54F-AFD514919673}"
	ProjectSection(ProjectDependencies) = postProject
		{80958E0C-CABB-35BB-A0A3-94DE32787C22} = {80958E0C-CABB-35BB-A0A3-94DE32787C22}
	EndProjectSection
EndProject
Project("{8BC9CEB8-8B4A-11D0-8D11-00A0C91BC942}") = "HACD", "Extras\HACD\HACD.vcxproj", "{B19B2725-635A-309C-AF8A-9D2C6C87CE00}"
	ProjectSection(ProjectDependencies) = postProject
		{80958E0C-CABB-35BB-A0A3-94DE32787C22} = {80958E0C-CABB-35BB-A0A3-94DE32787C22}
	EndProjectSection
EndProject
Project("{8BC9CEB8-8B4A-11D0-8D11-00A0C91BC942}") = "INSTALL", "INSTALL.vcxproj", "{1381001E-05EE-3AD7-89AA-AB1BF813B564}"
	ProjectSection(ProjectDependencies) = postProject
		{540E554B-8C18-35D2-BD80-BE79BFFDE8DF} = {540E554B-8C18-35D2-BD80-BE79BFFDE8DF}
		{80958E0C-CABB-35BB-A0A3-94DE32787C22} = {80958E0C-CABB-35BB-A0A3-94DE32787C22}
	EndProjectSection
EndProject
Project("{8BC9CEB8-8B4A-11D0-8D11-00A0C91BC942}") = "LinearMath", "src\LinearMath\LinearMath.vcxproj", "{A9938CD7-46B9-3BF8-A8E5-6DF455F9D10E}"
	ProjectSection(ProjectDependencies) = postProject
		{80958E0C-CABB-35BB-A0A3-94DE32787C22} = {80958E0C-CABB-35BB-A0A3-94DE32787C22}
	EndProjectSection
EndProject
Project("{8BC9CEB8-8B4A-11D0-8D11-00A0C91BC942}") = "OpenGLWindow", "examples\OpenGLWindow\OpenGLWindow.vcxproj", "{B4610C73-6A46-3464-BC6A-51B05CE0CAE9}"
	ProjectSection(ProjectDependencies) = postProject
		{80958E0C-CABB-35BB-A0A3-94DE32787C22} = {80958E0C-CABB-35BB-A0A3-94DE32787C22}
	EndProjectSection
EndProject
Project("{8BC9CEB8-8B4A-11D0-8D11-00A0C91BC942}") = "ZERO_CHECK", "ZERO_CHECK.vcxproj", "{80958E0C-CABB-35BB-A0A3-94DE32787C22}"
	ProjectSection(ProjectDependencies) = postProject
	EndProjectSection
EndProject
Project("{8BC9CEB8-8B4A-11D0-8D11-00A0C91BC942}") = "clsocket", "examples\ThirdPartyLibs\clsocket\clsocket.vcxproj", "{7A2FD05F-551F-3EFB-9827-830FDD228831}"
	ProjectSection(ProjectDependencies) = postProject
		{80958E0C-CABB-35BB-A0A3-94DE32787C22} = {80958E0C-CABB-35BB-A0A3-94DE32787C22}
	EndProjectSection
EndProject
Project("{8BC9CEB8-8B4A-11D0-8D11-00A0C91BC942}") = "gwen", "examples\ThirdPartyLibs\Gwen\gwen.vcxproj", "{2E3CE8B9-95A8-364F-8407-4A6181EBD4B4}"
	ProjectSection(ProjectDependencies) = postProject
		{80958E0C-CABB-35BB-A0A3-94DE32787C22} = {80958E0C-CABB-35BB-A0A3-94DE32787C22}
	EndProjectSection
EndProject
Project("{8BC9CEB8-8B4A-11D0-8D11-00A0C91BC942}") = "pybullet", "examples\pybullet\pybullet.vcxproj", "{8C71BA0E-69AF-3C8C-96AA-7AD0B24C18FF}"
	ProjectSection(ProjectDependencies) = postProject
		{844FC09E-B814-3174-914B-C95B641A5E84} = {844FC09E-B814-3174-914B-C95B641A5E84}
		{E7340CF5-58C6-332C-8E17-35EFFB751499} = {E7340CF5-58C6-332C-8E17-35EFFB751499}
		{A51391E9-D24F-34B2-BC00-83EAAE516B70} = {A51391E9-D24F-34B2-BC00-83EAAE516B70}
		{AAC5E418-3D8C-36E8-BA9A-7494401577C2} = {AAC5E418-3D8C-36E8-BA9A-7494401577C2}
		{383FF62E-ECCA-3BEA-9298-351F3A0DA650} = {383FF62E-ECCA-3BEA-9298-351F3A0DA650}
		{7ECB512B-48E3-32C4-94C2-87C1662F2CB0} = {7ECB512B-48E3-32C4-94C2-87C1662F2CB0}
		{74BE7E04-7077-3685-ACB7-F3F746994ED1} = {74BE7E04-7077-3685-ACB7-F3F746994ED1}
		{BBFAA925-2C28-3FFE-87D2-F4925F35F559} = {BBFAA925-2C28-3FFE-87D2-F4925F35F559}
		{4E3BA22F-9B8E-313C-A628-A8505AEF9174} = {4E3BA22F-9B8E-313C-A628-A8505AEF9174}
		{5A471122-B14A-39CC-AC9A-365A1AED178D} = {5A471122-B14A-39CC-AC9A-365A1AED178D}
		{A9938CD7-46B9-3BF8-A8E5-6DF455F9D10E} = {A9938CD7-46B9-3BF8-A8E5-6DF455F9D10E}
		{B4610C73-6A46-3464-BC6A-51B05CE0CAE9} = {B4610C73-6A46-3464-BC6A-51B05CE0CAE9}
		{80958E0C-CABB-35BB-A0A3-94DE32787C22} = {80958E0C-CABB-35BB-A0A3-94DE32787C22}
		{2E3CE8B9-95A8-364F-8407-4A6181EBD4B4} = {2E3CE8B9-95A8-364F-8407-4A6181EBD4B4}
	EndProjectSection
EndProject
Global
	GlobalSection(SolutionConfigurationPlatforms) = preSolution
		Debug|x64 = Debug|x64
		Release|x64 = Release|x64
		MinSizeRel|x64 = MinSizeRel|x64
		RelWithDebInfo|x64 = RelWithDebInfo|x64
	EndGlobalSection
	GlobalSection(ProjectConfigurationPlatforms) = postSolution
		{540E554B-8C18-35D2-BD80-BE79BFFDE8DF}.Debug|x64.ActiveCfg = Debug|x64
		{540E554B-8C18-35D2-BD80-BE79BFFDE8DF}.Debug|x64.Build.0 = Debug|x64
		{540E554B-8C18-35D2-BD80-BE79BFFDE8DF}.Release|x64.ActiveCfg = Release|x64
		{540E554B-8C18-35D2-BD80-BE79BFFDE8DF}.Release|x64.Build.0 = Release|x64
		{540E554B-8C18-35D2-BD80-BE79BFFDE8DF}.MinSizeRel|x64.ActiveCfg = MinSizeRel|x64
		{540E554B-8C18-35D2-BD80-BE79BFFDE8DF}.MinSizeRel|x64.Build.0 = MinSizeRel|x64
		{540E554B-8C18-35D2-BD80-BE79BFFDE8DF}.RelWithDebInfo|x64.ActiveCfg = RelWithDebInfo|x64
		{540E554B-8C18-35D2-BD80-BE79BFFDE8DF}.RelWithDebInfo|x64.Build.0 = RelWithDebInfo|x64
		{31E1D93D-AE95-3FF8-B37B-4B292D157BF3}.Debug|x64.ActiveCfg = Debug|x64
		{31E1D93D-AE95-3FF8-B37B-4B292D157BF3}.Debug|x64.Build.0 = Debug|x64
		{31E1D93D-AE95-3FF8-B37B-4B292D157BF3}.Release|x64.ActiveCfg = Release|x64
		{31E1D93D-AE95-3FF8-B37B-4B292D157BF3}.Release|x64.Build.0 = Release|x64
		{31E1D93D-AE95-3FF8-B37B-4B292D157BF3}.MinSizeRel|x64.ActiveCfg = MinSizeRel|x64
		{31E1D93D-AE95-3FF8-B37B-4B292D157BF3}.MinSizeRel|x64.Build.0 = MinSizeRel|x64
		{31E1D93D-AE95-3FF8-B37B-4B292D157BF3}.RelWithDebInfo|x64.ActiveCfg = RelWithDebInfo|x64
		{31E1D93D-AE95-3FF8-B37B-4B292D157BF3}.RelWithDebInfo|x64.Build.0 = RelWithDebInfo|x64
		{B647549E-D607-3F75-84F5-32CD306C36AE}.Debug|x64.ActiveCfg = Debug|x64
		{B647549E-D607-3F75-84F5-32CD306C36AE}.Debug|x64.Build.0 = Debug|x64
		{B647549E-D607-3F75-84F5-32CD306C36AE}.Release|x64.ActiveCfg = Release|x64
		{B647549E-D607-3F75-84F5-32CD306C36AE}.Release|x64.Build.0 = Release|x64
		{B647549E-D607-3F75-84F5-32CD306C36AE}.MinSizeRel|x64.ActiveCfg = MinSizeRel|x64
		{B647549E-D607-3F75-84F5-32CD306C36AE}.MinSizeRel|x64.Build.0 = MinSizeRel|x64
		{B647549E-D607-3F75-84F5-32CD306C36AE}.RelWithDebInfo|x64.ActiveCfg = RelWithDebInfo|x64
		{B647549E-D607-3F75-84F5-32CD306C36AE}.RelWithDebInfo|x64.Build.0 = RelWithDebInfo|x64
		{AAC38A7A-3A6A-3CEE-80BA-1DD96D3BCB0F}.Debug|x64.ActiveCfg = Debug|x64
		{AAC38A7A-3A6A-3CEE-80BA-1DD96D3BCB0F}.Debug|x64.Build.0 = Debug|x64
		{AAC38A7A-3A6A-3CEE-80BA-1DD96D3BCB0F}.Release|x64.ActiveCfg = Release|x64
		{AAC38A7A-3A6A-3CEE-80BA-1DD96D3BCB0F}.Release|x64.Build.0 = Release|x64
		{AAC38A7A-3A6A-3CEE-80BA-1DD96D3BCB0F}.MinSizeRel|x64.ActiveCfg = MinSizeRel|x64
		{AAC38A7A-3A6A-3CEE-80BA-1DD96D3BCB0F}.MinSizeRel|x64.Build.0 = MinSizeRel|x64
		{AAC38A7A-3A6A-3CEE-80BA-1DD96D3BCB0F}.RelWithDebInfo|x64.ActiveCfg = RelWithDebInfo|x64
		{AAC38A7A-3A6A-3CEE-80BA-1DD96D3BCB0F}.RelWithDebInfo|x64.Build.0 = RelWithDebInfo|x64
		{F0595BA7-1953-3DC0-AE55-B547E1C6AB4A}.Debug|x64.ActiveCfg = Debug|x64
		{F0595BA7-1953-3DC0-AE55-B547E1C6AB4A}.Debug|x64.Build.0 = Debug|x64
		{F0595BA7-1953-3DC0-AE55-B547E1C6AB4A}.Release|x64.ActiveCfg = Release|x64
		{F0595BA7-1953-3DC0-AE55-B547E1C6AB4A}.Release|x64.Build.0 = Release|x64
		{F0595BA7-1953-3DC0-AE55-B547E1C6AB4A}.MinSizeRel|x64.ActiveCfg = MinSizeRel|x64
		{F0595BA7-1953-3DC0-AE55-B547E1C6AB4A}.MinSizeRel|x64.Build.0 = MinSizeRel|x64
		{F0595BA7-1953-3DC0-AE55-B547E1C6AB4A}.RelWithDebInfo|x64.ActiveCfg = RelWithDebInfo|x64
		{F0595BA7-1953-3DC0-AE55-B547E1C6AB4A}.RelWithDebInfo|x64.Build.0 = RelWithDebInfo|x64
		{98E28FEB-FA91-3903-87C3-F56C94A4C24C}.Debug|x64.ActiveCfg = Debug|x64
		{98E28FEB-FA91-3903-87C3-F56C94A4C24C}.Debug|x64.Build.0 = Debug|x64
		{98E28FEB-FA91-3903-87C3-F56C94A4C24C}.Release|x64.ActiveCfg = Release|x64
		{98E28FEB-FA91-3903-87C3-F56C94A4C24C}.Release|x64.Build.0 = Release|x64
		{98E28FEB-FA91-3903-87C3-F56C94A4C24C}.MinSizeRel|x64.ActiveCfg = MinSizeRel|x64
		{98E28FEB-FA91-3903-87C3-F56C94A4C24C}.MinSizeRel|x64.Build.0 = MinSizeRel|x64
		{98E28FEB-FA91-3903-87C3-F56C94A4C24C}.RelWithDebInfo|x64.ActiveCfg = RelWithDebInfo|x64
		{98E28FEB-FA91-3903-87C3-F56C94A4C24C}.RelWithDebInfo|x64.Build.0 = RelWithDebInfo|x64
		{C43A23DA-5340-3A9A-A5BD-B990B7AF5374}.Debug|x64.ActiveCfg = Debug|x64
		{C43A23DA-5340-3A9A-A5BD-B990B7AF5374}.Debug|x64.Build.0 = Debug|x64
		{C43A23DA-5340-3A9A-A5BD-B990B7AF5374}.Release|x64.ActiveCfg = Release|x64
		{C43A23DA-5340-3A9A-A5BD-B990B7AF5374}.Release|x64.Build.0 = Release|x64
		{C43A23DA-5340-3A9A-A5BD-B990B7AF5374}.MinSizeRel|x64.ActiveCfg = MinSizeRel|x64
		{C43A23DA-5340-3A9A-A5BD-B990B7AF5374}.MinSizeRel|x64.Build.0 = MinSizeRel|x64
		{C43A23DA-5340-3A9A-A5BD-B990B7AF5374}.RelWithDebInfo|x64.ActiveCfg = RelWithDebInfo|x64
		{C43A23DA-5340-3A9A-A5BD-B990B7AF5374}.RelWithDebInfo|x64.Build.0 = RelWithDebInfo|x64
		{32927388-52A9-3506-9049-DACA7A5B3F38}.Debug|x64.ActiveCfg = Debug|x64
		{32927388-52A9-3506-9049-DACA7A5B3F38}.Debug|x64.Build.0 = Debug|x64
		{32927388-52A9-3506-9049-DACA7A5B3F38}.Release|x64.ActiveCfg = Release|x64
		{32927388-52A9-3506-9049-DACA7A5B3F38}.Release|x64.Build.0 = Release|x64
		{32927388-52A9-3506-9049-DACA7A5B3F38}.MinSizeRel|x64.ActiveCfg = MinSizeRel|x64
		{32927388-52A9-3506-9049-DACA7A5B3F38}.MinSizeRel|x64.Build.0 = MinSizeRel|x64
		{32927388-52A9-3506-9049-DACA7A5B3F38}.RelWithDebInfo|x64.ActiveCfg = RelWithDebInfo|x64
		{32927388-52A9-3506-9049-DACA7A5B3F38}.RelWithDebInfo|x64.Build.0 = RelWithDebInfo|x64
		{176630A5-4B25-328D-8D4B-E936AF78D343}.Debug|x64.ActiveCfg = Debug|x64
		{176630A5-4B25-328D-8D4B-E936AF78D343}.Debug|x64.Build.0 = Debug|x64
		{176630A5-4B25-328D-8D4B-E936AF78D343}.Release|x64.ActiveCfg = Release|x64
		{176630A5-4B25-328D-8D4B-E936AF78D343}.Release|x64.Build.0 = Release|x64
		{176630A5-4B25-328D-8D4B-E936AF78D343}.MinSizeRel|x64.ActiveCfg = MinSizeRel|x64
		{176630A5-4B25-328D-8D4B-E936AF78D343}.MinSizeRel|x64.Build.0 = MinSizeRel|x64
		{176630A5-4B25-328D-8D4B-E936AF78D343}.RelWithDebInfo|x64.ActiveCfg = RelWithDebInfo|x64
		{176630A5-4B25-328D-8D4B-E936AF78D343}.RelWithDebInfo|x64.Build.0 = RelWithDebInfo|x64
		{F625F757-DBE7-340F-B978-01EC818DB93A}.Debug|x64.ActiveCfg = Debug|x64
		{F625F757-DBE7-340F-B978-01EC818DB93A}.Debug|x64.Build.0 = Debug|x64
		{F625F757-DBE7-340F-B978-01EC818DB93A}.Release|x64.ActiveCfg = Release|x64
		{F625F757-DBE7-340F-B978-01EC818DB93A}.Release|x64.Build.0 = Release|x64
		{F625F757-DBE7-340F-B978-01EC818DB93A}.MinSizeRel|x64.ActiveCfg = MinSizeRel|x64
		{F625F757-DBE7-340F-B978-01EC818DB93A}.MinSizeRel|x64.Build.0 = MinSizeRel|x64
		{F625F757-DBE7-340F-B978-01EC818DB93A}.RelWithDebInfo|x64.ActiveCfg = RelWithDebInfo|x64
		{F625F757-DBE7-340F-B978-01EC818DB93A}.RelWithDebInfo|x64.Build.0 = RelWithDebInfo|x64
		{5F3394B6-168F-32E7-8BED-81C8989C1E1E}.Debug|x64.ActiveCfg = Debug|x64
		{5F3394B6-168F-32E7-8BED-81C8989C1E1E}.Debug|x64.Build.0 = Debug|x64
		{5F3394B6-168F-32E7-8BED-81C8989C1E1E}.Release|x64.ActiveCfg = Release|x64
		{5F3394B6-168F-32E7-8BED-81C8989C1E1E}.Release|x64.Build.0 = Release|x64
		{5F3394B6-168F-32E7-8BED-81C8989C1E1E}.MinSizeRel|x64.ActiveCfg = MinSizeRel|x64
		{5F3394B6-168F-32E7-8BED-81C8989C1E1E}.MinSizeRel|x64.Build.0 = MinSizeRel|x64
		{5F3394B6-168F-32E7-8BED-81C8989C1E1E}.RelWithDebInfo|x64.ActiveCfg = RelWithDebInfo|x64
		{5F3394B6-168F-32E7-8BED-81C8989C1E1E}.RelWithDebInfo|x64.Build.0 = RelWithDebInfo|x64
		{364C4DA5-9873-3CBC-A09F-0370E6172317}.Debug|x64.ActiveCfg = Debug|x64
		{364C4DA5-9873-3CBC-A09F-0370E6172317}.Debug|x64.Build.0 = Debug|x64
		{364C4DA5-9873-3CBC-A09F-0370E6172317}.Release|x64.ActiveCfg = Release|x64
		{364C4DA5-9873-3CBC-A09F-0370E6172317}.Release|x64.Build.0 = Release|x64
		{364C4DA5-9873-3CBC-A09F-0370E6172317}.MinSizeRel|x64.ActiveCfg = MinSizeRel|x64
		{364C4DA5-9873-3CBC-A09F-0370E6172317}.MinSizeRel|x64.Build.0 = MinSizeRel|x64
		{364C4DA5-9873-3CBC-A09F-0370E6172317}.RelWithDebInfo|x64.ActiveCfg = RelWithDebInfo|x64
		{364C4DA5-9873-3CBC-A09F-0370E6172317}.RelWithDebInfo|x64.Build.0 = RelWithDebInfo|x64
		{737DBF9A-1A06-3871-BFB3-D669CD6CF814}.Debug|x64.ActiveCfg = Debug|x64
		{737DBF9A-1A06-3871-BFB3-D669CD6CF814}.Debug|x64.Build.0 = Debug|x64
		{737DBF9A-1A06-3871-BFB3-D669CD6CF814}.Release|x64.ActiveCfg = Release|x64
		{737DBF9A-1A06-3871-BFB3-D669CD6CF814}.Release|x64.Build.0 = Release|x64
		{737DBF9A-1A06-3871-BFB3-D669CD6CF814}.MinSizeRel|x64.ActiveCfg = MinSizeRel|x64
		{737DBF9A-1A06-3871-BFB3-D669CD6CF814}.MinSizeRel|x64.Build.0 = MinSizeRel|x64
		{737DBF9A-1A06-3871-BFB3-D669CD6CF814}.RelWithDebInfo|x64.ActiveCfg = RelWithDebInfo|x64
		{737DBF9A-1A06-3871-BFB3-D669CD6CF814}.RelWithDebInfo|x64.Build.0 = RelWithDebInfo|x64
		{844FC09E-B814-3174-914B-C95B641A5E84}.Debug|x64.ActiveCfg = Debug|x64
		{844FC09E-B814-3174-914B-C95B641A5E84}.Debug|x64.Build.0 = Debug|x64
		{844FC09E-B814-3174-914B-C95B641A5E84}.Release|x64.ActiveCfg = Release|x64
		{844FC09E-B814-3174-914B-C95B641A5E84}.Release|x64.Build.0 = Release|x64
		{844FC09E-B814-3174-914B-C95B641A5E84}.MinSizeRel|x64.ActiveCfg = MinSizeRel|x64
		{844FC09E-B814-3174-914B-C95B641A5E84}.MinSizeRel|x64.Build.0 = MinSizeRel|x64
		{844FC09E-B814-3174-914B-C95B641A5E84}.RelWithDebInfo|x64.ActiveCfg = RelWithDebInfo|x64
		{844FC09E-B814-3174-914B-C95B641A5E84}.RelWithDebInfo|x64.Build.0 = RelWithDebInfo|x64
		{0EC8D05E-0EBB-3AFF-AA97-5371D71F58E7}.Debug|x64.ActiveCfg = Debug|x64
		{0EC8D05E-0EBB-3AFF-AA97-5371D71F58E7}.Debug|x64.Build.0 = Debug|x64
		{0EC8D05E-0EBB-3AFF-AA97-5371D71F58E7}.Release|x64.ActiveCfg = Release|x64
		{0EC8D05E-0EBB-3AFF-AA97-5371D71F58E7}.Release|x64.Build.0 = Release|x64
		{0EC8D05E-0EBB-3AFF-AA97-5371D71F58E7}.MinSizeRel|x64.ActiveCfg = MinSizeRel|x64
		{0EC8D05E-0EBB-3AFF-AA97-5371D71F58E7}.MinSizeRel|x64.Build.0 = MinSizeRel|x64
		{0EC8D05E-0EBB-3AFF-AA97-5371D71F58E7}.RelWithDebInfo|x64.ActiveCfg = RelWithDebInfo|x64
		{0EC8D05E-0EBB-3AFF-AA97-5371D71F58E7}.RelWithDebInfo|x64.Build.0 = RelWithDebInfo|x64
		{89B3A351-8641-3F86-8A05-41B8F6DD211B}.Debug|x64.ActiveCfg = Debug|x64
		{89B3A351-8641-3F86-8A05-41B8F6DD211B}.Debug|x64.Build.0 = Debug|x64
		{89B3A351-8641-3F86-8A05-41B8F6DD211B}.Release|x64.ActiveCfg = Release|x64
		{89B3A351-8641-3F86-8A05-41B8F6DD211B}.Release|x64.Build.0 = Release|x64
		{89B3A351-8641-3F86-8A05-41B8F6DD211B}.MinSizeRel|x64.ActiveCfg = MinSizeRel|x64
		{89B3A351-8641-3F86-8A05-41B8F6DD211B}.MinSizeRel|x64.Build.0 = MinSizeRel|x64
		{89B3A351-8641-3F86-8A05-41B8F6DD211B}.RelWithDebInfo|x64.ActiveCfg = RelWithDebInfo|x64
		{89B3A351-8641-3F86-8A05-41B8F6DD211B}.RelWithDebInfo|x64.Build.0 = RelWithDebInfo|x64
		{6A8DA0CA-9874-36B8-B9BC-B8C183E4AC68}.Debug|x64.ActiveCfg = Debug|x64
		{6A8DA0CA-9874-36B8-B9BC-B8C183E4AC68}.Debug|x64.Build.0 = Debug|x64
		{6A8DA0CA-9874-36B8-B9BC-B8C183E4AC68}.Release|x64.ActiveCfg = Release|x64
		{6A8DA0CA-9874-36B8-B9BC-B8C183E4AC68}.Release|x64.Build.0 = Release|x64
		{6A8DA0CA-9874-36B8-B9BC-B8C183E4AC68}.MinSizeRel|x64.ActiveCfg = MinSizeRel|x64
		{6A8DA0CA-9874-36B8-B9BC-B8C183E4AC68}.MinSizeRel|x64.Build.0 = MinSizeRel|x64
		{6A8DA0CA-9874-36B8-B9BC-B8C183E4AC68}.RelWithDebInfo|x64.ActiveCfg = RelWithDebInfo|x64
		{6A8DA0CA-9874-36B8-B9BC-B8C183E4AC68}.RelWithDebInfo|x64.Build.0 = RelWithDebInfo|x64
		{E7340CF5-58C6-332C-8E17-35EFFB751499}.Debug|x64.ActiveCfg = Debug|x64
		{E7340CF5-58C6-332C-8E17-35EFFB751499}.Debug|x64.Build.0 = Debug|x64
		{E7340CF5-58C6-332C-8E17-35EFFB751499}.Release|x64.ActiveCfg = Release|x64
		{E7340CF5-58C6-332C-8E17-35EFFB751499}.Release|x64.Build.0 = Release|x64
		{E7340CF5-58C6-332C-8E17-35EFFB751499}.MinSizeRel|x64.ActiveCfg = MinSizeRel|x64
		{E7340CF5-58C6-332C-8E17-35EFFB751499}.MinSizeRel|x64.Build.0 = MinSizeRel|x64
		{E7340CF5-58C6-332C-8E17-35EFFB751499}.RelWithDebInfo|x64.ActiveCfg = RelWithDebInfo|x64
		{E7340CF5-58C6-332C-8E17-35EFFB751499}.RelWithDebInfo|x64.Build.0 = RelWithDebInfo|x64
		{A51391E9-D24F-34B2-BC00-83EAAE516B70}.Debug|x64.ActiveCfg = Debug|x64
		{A51391E9-D24F-34B2-BC00-83EAAE516B70}.Debug|x64.Build.0 = Debug|x64
		{A51391E9-D24F-34B2-BC00-83EAAE516B70}.Release|x64.ActiveCfg = Release|x64
		{A51391E9-D24F-34B2-BC00-83EAAE516B70}.Release|x64.Build.0 = Release|x64
		{A51391E9-D24F-34B2-BC00-83EAAE516B70}.MinSizeRel|x64.ActiveCfg = MinSizeRel|x64
		{A51391E9-D24F-34B2-BC00-83EAAE516B70}.MinSizeRel|x64.Build.0 = MinSizeRel|x64
		{A51391E9-D24F-34B2-BC00-83EAAE516B70}.RelWithDebInfo|x64.ActiveCfg = RelWithDebInfo|x64
		{A51391E9-D24F-34B2-BC00-83EAAE516B70}.RelWithDebInfo|x64.Build.0 = RelWithDebInfo|x64
		{AAC5E418-3D8C-36E8-BA9A-7494401577C2}.Debug|x64.ActiveCfg = Debug|x64
		{AAC5E418-3D8C-36E8-BA9A-7494401577C2}.Debug|x64.Build.0 = Debug|x64
		{AAC5E418-3D8C-36E8-BA9A-7494401577C2}.Release|x64.ActiveCfg = Release|x64
		{AAC5E418-3D8C-36E8-BA9A-7494401577C2}.Release|x64.Build.0 = Release|x64
		{AAC5E418-3D8C-36E8-BA9A-7494401577C2}.MinSizeRel|x64.ActiveCfg = MinSizeRel|x64
		{AAC5E418-3D8C-36E8-BA9A-7494401577C2}.MinSizeRel|x64.Build.0 = MinSizeRel|x64
		{AAC5E418-3D8C-36E8-BA9A-7494401577C2}.RelWithDebInfo|x64.ActiveCfg = RelWithDebInfo|x64
		{AAC5E418-3D8C-36E8-BA9A-7494401577C2}.RelWithDebInfo|x64.Build.0 = RelWithDebInfo|x64
		{383FF62E-ECCA-3BEA-9298-351F3A0DA650}.Debug|x64.ActiveCfg = Debug|x64
		{383FF62E-ECCA-3BEA-9298-351F3A0DA650}.Debug|x64.Build.0 = Debug|x64
		{383FF62E-ECCA-3BEA-9298-351F3A0DA650}.Release|x64.ActiveCfg = Release|x64
		{383FF62E-ECCA-3BEA-9298-351F3A0DA650}.Release|x64.Build.0 = Release|x64
		{383FF62E-ECCA-3BEA-9298-351F3A0DA650}.MinSizeRel|x64.ActiveCfg = MinSizeRel|x64
		{383FF62E-ECCA-3BEA-9298-351F3A0DA650}.MinSizeRel|x64.Build.0 = MinSizeRel|x64
		{383FF62E-ECCA-3BEA-9298-351F3A0DA650}.RelWithDebInfo|x64.ActiveCfg = RelWithDebInfo|x64
		{383FF62E-ECCA-3BEA-9298-351F3A0DA650}.RelWithDebInfo|x64.Build.0 = RelWithDebInfo|x64
		{7ECB512B-48E3-32C4-94C2-87C1662F2CB0}.Debug|x64.ActiveCfg = Debug|x64
		{7ECB512B-48E3-32C4-94C2-87C1662F2CB0}.Debug|x64.Build.0 = Debug|x64
		{7ECB512B-48E3-32C4-94C2-87C1662F2CB0}.Release|x64.ActiveCfg = Release|x64
		{7ECB512B-48E3-32C4-94C2-87C1662F2CB0}.Release|x64.Build.0 = Release|x64
		{7ECB512B-48E3-32C4-94C2-87C1662F2CB0}.MinSizeRel|x64.ActiveCfg = MinSizeRel|x64
		{7ECB512B-48E3-32C4-94C2-87C1662F2CB0}.MinSizeRel|x64.Build.0 = MinSizeRel|x64
		{7ECB512B-48E3-32C4-94C2-87C1662F2CB0}.RelWithDebInfo|x64.ActiveCfg = RelWithDebInfo|x64
		{7ECB512B-48E3-32C4-94C2-87C1662F2CB0}.RelWithDebInfo|x64.Build.0 = RelWithDebInfo|x64
		{74BE7E04-7077-3685-ACB7-F3F746994ED1}.Debug|x64.ActiveCfg = Debug|x64
		{74BE7E04-7077-3685-ACB7-F3F746994ED1}.Debug|x64.Build.0 = Debug|x64
		{74BE7E04-7077-3685-ACB7-F3F746994ED1}.Release|x64.ActiveCfg = Release|x64
		{74BE7E04-7077-3685-ACB7-F3F746994ED1}.Release|x64.Build.0 = Release|x64
		{74BE7E04-7077-3685-ACB7-F3F746994ED1}.MinSizeRel|x64.ActiveCfg = MinSizeRel|x64
		{74BE7E04-7077-3685-ACB7-F3F746994ED1}.MinSizeRel|x64.Build.0 = MinSizeRel|x64
		{74BE7E04-7077-3685-ACB7-F3F746994ED1}.RelWithDebInfo|x64.ActiveCfg = RelWithDebInfo|x64
		{74BE7E04-7077-3685-ACB7-F3F746994ED1}.RelWithDebInfo|x64.Build.0 = RelWithDebInfo|x64
		{F83C3A09-502B-398B-AC08-468A841E1FEF}.Debug|x64.ActiveCfg = Debug|x64
		{F83C3A09-502B-398B-AC08-468A841E1FEF}.Debug|x64.Build.0 = Debug|x64
		{F83C3A09-502B-398B-AC08-468A841E1FEF}.Release|x64.ActiveCfg = Release|x64
		{F83C3A09-502B-398B-AC08-468A841E1FEF}.Release|x64.Build.0 = Release|x64
		{F83C3A09-502B-398B-AC08-468A841E1FEF}.MinSizeRel|x64.ActiveCfg = MinSizeRel|x64
		{F83C3A09-502B-398B-AC08-468A841E1FEF}.MinSizeRel|x64.Build.0 = MinSizeRel|x64
		{F83C3A09-502B-398B-AC08-468A841E1FEF}.RelWithDebInfo|x64.ActiveCfg = RelWithDebInfo|x64
		{F83C3A09-502B-398B-AC08-468A841E1FEF}.RelWithDebInfo|x64.Build.0 = RelWithDebInfo|x64
		{BBFAA925-2C28-3FFE-87D2-F4925F35F559}.Debug|x64.ActiveCfg = Debug|x64
		{BBFAA925-2C28-3FFE-87D2-F4925F35F559}.Debug|x64.Build.0 = Debug|x64
		{BBFAA925-2C28-3FFE-87D2-F4925F35F559}.Release|x64.ActiveCfg = Release|x64
		{BBFAA925-2C28-3FFE-87D2-F4925F35F559}.Release|x64.Build.0 = Release|x64
		{BBFAA925-2C28-3FFE-87D2-F4925F35F559}.MinSizeRel|x64.ActiveCfg = MinSizeRel|x64
		{BBFAA925-2C28-3FFE-87D2-F4925F35F559}.MinSizeRel|x64.Build.0 = MinSizeRel|x64
		{BBFAA925-2C28-3FFE-87D2-F4925F35F559}.RelWithDebInfo|x64.ActiveCfg = RelWithDebInfo|x64
		{BBFAA925-2C28-3FFE-87D2-F4925F35F559}.RelWithDebInfo|x64.Build.0 = RelWithDebInfo|x64
		{4E3BA22F-9B8E-313C-A628-A8505AEF9174}.Debug|x64.ActiveCfg = Debug|x64
		{4E3BA22F-9B8E-313C-A628-A8505AEF9174}.Debug|x64.Build.0 = Debug|x64
		{4E3BA22F-9B8E-313C-A628-A8505AEF9174}.Release|x64.ActiveCfg = Release|x64
		{4E3BA22F-9B8E-313C-A628-A8505AEF9174}.Release|x64.Build.0 = Release|x64
		{4E3BA22F-9B8E-313C-A628-A8505AEF9174}.MinSizeRel|x64.ActiveCfg = MinSizeRel|x64
		{4E3BA22F-9B8E-313C-A628-A8505AEF9174}.MinSizeRel|x64.Build.0 = MinSizeRel|x64
		{4E3BA22F-9B8E-313C-A628-A8505AEF9174}.RelWithDebInfo|x64.ActiveCfg = RelWithDebInfo|x64
		{4E3BA22F-9B8E-313C-A628-A8505AEF9174}.RelWithDebInfo|x64.Build.0 = RelWithDebInfo|x64
		{80240535-62F6-3908-8DFA-C643C67FA4DA}.Debug|x64.ActiveCfg = Debug|x64
		{80240535-62F6-3908-8DFA-C643C67FA4DA}.Debug|x64.Build.0 = Debug|x64
		{80240535-62F6-3908-8DFA-C643C67FA4DA}.Release|x64.ActiveCfg = Release|x64
		{80240535-62F6-3908-8DFA-C643C67FA4DA}.Release|x64.Build.0 = Release|x64
		{80240535-62F6-3908-8DFA-C643C67FA4DA}.MinSizeRel|x64.ActiveCfg = MinSizeRel|x64
		{80240535-62F6-3908-8DFA-C643C67FA4DA}.MinSizeRel|x64.Build.0 = MinSizeRel|x64
		{80240535-62F6-3908-8DFA-C643C67FA4DA}.RelWithDebInfo|x64.ActiveCfg = RelWithDebInfo|x64
		{80240535-62F6-3908-8DFA-C643C67FA4DA}.RelWithDebInfo|x64.Build.0 = RelWithDebInfo|x64
		{5A471122-B14A-39CC-AC9A-365A1AED178D}.Debug|x64.ActiveCfg = Debug|x64
		{5A471122-B14A-39CC-AC9A-365A1AED178D}.Debug|x64.Build.0 = Debug|x64
		{5A471122-B14A-39CC-AC9A-365A1AED178D}.Release|x64.ActiveCfg = Release|x64
		{5A471122-B14A-39CC-AC9A-365A1AED178D}.Release|x64.Build.0 = Release|x64
		{5A471122-B14A-39CC-AC9A-365A1AED178D}.MinSizeRel|x64.ActiveCfg = MinSizeRel|x64
		{5A471122-B14A-39CC-AC9A-365A1AED178D}.MinSizeRel|x64.Build.0 = MinSizeRel|x64
		{5A471122-B14A-39CC-AC9A-365A1AED178D}.RelWithDebInfo|x64.ActiveCfg = RelWithDebInfo|x64
		{5A471122-B14A-39CC-AC9A-365A1AED178D}.RelWithDebInfo|x64.Build.0 = RelWithDebInfo|x64
		{B2CA2139-8A9E-374F-BA2A-60BD547C7E44}.Debug|x64.ActiveCfg = Debug|x64
		{B2CA2139-8A9E-374F-BA2A-60BD547C7E44}.Debug|x64.Build.0 = Debug|x64
		{B2CA2139-8A9E-374F-BA2A-60BD547C7E44}.Release|x64.ActiveCfg = Release|x64
		{B2CA2139-8A9E-374F-BA2A-60BD547C7E44}.Release|x64.Build.0 = Release|x64
		{B2CA2139-8A9E-374F-BA2A-60BD547C7E44}.MinSizeRel|x64.ActiveCfg = MinSizeRel|x64
		{B2CA2139-8A9E-374F-BA2A-60BD547C7E44}.MinSizeRel|x64.Build.0 = MinSizeRel|x64
		{B2CA2139-8A9E-374F-BA2A-60BD547C7E44}.RelWithDebInfo|x64.ActiveCfg = RelWithDebInfo|x64
		{B2CA2139-8A9E-374F-BA2A-60BD547C7E44}.RelWithDebInfo|x64.Build.0 = RelWithDebInfo|x64
		{0704FEA9-ADD0-3C07-A54F-AFD514919673}.Debug|x64.ActiveCfg = Debug|x64
		{0704FEA9-ADD0-3C07-A54F-AFD514919673}.Debug|x64.Build.0 = Debug|x64
		{0704FEA9-ADD0-3C07-A54F-AFD514919673}.Release|x64.ActiveCfg = Release|x64
		{0704FEA9-ADD0-3C07-A54F-AFD514919673}.Release|x64.Build.0 = Release|x64
		{0704FEA9-ADD0-3C07-A54F-AFD514919673}.MinSizeRel|x64.ActiveCfg = MinSizeRel|x64
		{0704FEA9-ADD0-3C07-A54F-AFD514919673}.MinSizeRel|x64.Build.0 = MinSizeRel|x64
		{0704FEA9-ADD0-3C07-A54F-AFD514919673}.RelWithDebInfo|x64.ActiveCfg = RelWithDebInfo|x64
		{0704FEA9-ADD0-3C07-A54F-AFD514919673}.RelWithDebInfo|x64.Build.0 = RelWithDebInfo|x64
		{B19B2725-635A-309C-AF8A-9D2C6C87CE00}.Debug|x64.ActiveCfg = Debug|x64
		{B19B2725-635A-309C-AF8A-9D2C6C87CE00}.Debug|x64.Build.0 = Debug|x64
		{B19B2725-635A-309C-AF8A-9D2C6C87CE00}.Release|x64.ActiveCfg = Release|x64
		{B19B2725-635A-309C-AF8A-9D2C6C87CE00}.Release|x64.Build.0 = Release|x64
		{B19B2725-635A-309C-AF8A-9D2C6C87CE00}.MinSizeRel|x64.ActiveCfg = MinSizeRel|x64
		{B19B2725-635A-309C-AF8A-9D2C6C87CE00}.MinSizeRel|x64.Build.0 = MinSizeRel|x64
		{B19B2725-635A-309C-AF8A-9D2C6C87CE00}.RelWithDebInfo|x64.ActiveCfg = RelWithDebInfo|x64
		{B19B2725-635A-309C-AF8A-9D2C6C87CE00}.RelWithDebInfo|x64.Build.0 = RelWithDebInfo|x64
		{1381001E-05EE-3AD7-89AA-AB1BF813B564}.Debug|x64.ActiveCfg = Debug|x64
		{1381001E-05EE-3AD7-89AA-AB1BF813B564}.Release|x64.ActiveCfg = Release|x64
		{1381001E-05EE-3AD7-89AA-AB1BF813B564}.MinSizeRel|x64.ActiveCfg = MinSizeRel|x64
		{1381001E-05EE-3AD7-89AA-AB1BF813B564}.RelWithDebInfo|x64.ActiveCfg = RelWithDebInfo|x64
		{A9938CD7-46B9-3BF8-A8E5-6DF455F9D10E}.Debug|x64.ActiveCfg = Debug|x64
		{A9938CD7-46B9-3BF8-A8E5-6DF455F9D10E}.Debug|x64.Build.0 = Debug|x64
		{A9938CD7-46B9-3BF8-A8E5-6DF455F9D10E}.Release|x64.ActiveCfg = Release|x64
		{A9938CD7-46B9-3BF8-A8E5-6DF455F9D10E}.Release|x64.Build.0 = Release|x64
		{A9938CD7-46B9-3BF8-A8E5-6DF455F9D10E}.MinSizeRel|x64.ActiveCfg = MinSizeRel|x64
		{A9938CD7-46B9-3BF8-A8E5-6DF455F9D10E}.MinSizeRel|x64.Build.0 = MinSizeRel|x64
		{A9938CD7-46B9-3BF8-A8E5-6DF455F9D10E}.RelWithDebInfo|x64.ActiveCfg = RelWithDebInfo|x64
		{A9938CD7-46B9-3BF8-A8E5-6DF455F9D10E}.RelWithDebInfo|x64.Build.0 = RelWithDebInfo|x64
		{B4610C73-6A46-3464-BC6A-51B05CE0CAE9}.Debug|x64.ActiveCfg = Debug|x64
		{B4610C73-6A46-3464-BC6A-51B05CE0CAE9}.Debug|x64.Build.0 = Debug|x64
		{B4610C73-6A46-3464-BC6A-51B05CE0CAE9}.Release|x64.ActiveCfg = Release|x64
		{B4610C73-6A46-3464-BC6A-51B05CE0CAE9}.Release|x64.Build.0 = Release|x64
		{B4610C73-6A46-3464-BC6A-51B05CE0CAE9}.MinSizeRel|x64.ActiveCfg = MinSizeRel|x64
		{B4610C73-6A46-3464-BC6A-51B05CE0CAE9}.MinSizeRel|x64.Build.0 = MinSizeRel|x64
		{B4610C73-6A46-3464-BC6A-51B05CE0CAE9}.RelWithDebInfo|x64.ActiveCfg = RelWithDebInfo|x64
		{B4610C73-6A46-3464-BC6A-51B05CE0CAE9}.RelWithDebInfo|x64.Build.0 = RelWithDebInfo|x64
		{80958E0C-CABB-35BB-A0A3-94DE32787C22}.Debug|x64.ActiveCfg = Debug|x64
		{80958E0C-CABB-35BB-A0A3-94DE32787C22}.Debug|x64.Build.0 = Debug|x64
		{80958E0C-CABB-35BB-A0A3-94DE32787C22}.Release|x64.ActiveCfg = Release|x64
		{80958E0C-CABB-35BB-A0A3-94DE32787C22}.Release|x64.Build.0 = Release|x64
		{80958E0C-CABB-35BB-A0A3-94DE32787C22}.MinSizeRel|x64.ActiveCfg = MinSizeRel|x64
		{80958E0C-CABB-35BB-A0A3-94DE32787C22}.MinSizeRel|x64.Build.0 = MinSizeRel|x64
		{80958E0C-CABB-35BB-A0A3-94DE32787C22}.RelWithDebInfo|x64.ActiveCfg = RelWithDebInfo|x64
		{80958E0C-CABB-35BB-A0A3-94DE32787C22}.RelWithDebInfo|x64.Build.0 = RelWithDebInfo|x64
		{7A2FD05F-551F-3EFB-9827-830FDD228831}.Debug|x64.ActiveCfg = Debug|x64
		{7A2FD05F-551F-3EFB-9827-830FDD228831}.Debug|x64.Build.0 = Debug|x64
		{7A2FD05F-551F-3EFB-9827-830FDD228831}.Release|x64.ActiveCfg = Release|x64
		{7A2FD05F-551F-3EFB-9827-830FDD228831}.Release|x64.Build.0 = Release|x64
		{7A2FD05F-551F-3EFB-9827-830FDD228831}.MinSizeRel|x64.ActiveCfg = MinSizeRel|x64
		{7A2FD05F-551F-3EFB-9827-830FDD228831}.MinSizeRel|x64.Build.0 = MinSizeRel|x64
		{7A2FD05F-551F-3EFB-9827-830FDD228831}.RelWithDebInfo|x64.ActiveCfg = RelWithDebInfo|x64
		{7A2FD05F-551F-3EFB-9827-830FDD228831}.RelWithDebInfo|x64.Build.0 = RelWithDebInfo|x64
		{2E3CE8B9-95A8-364F-8407-4A6181EBD4B4}.Debug|x64.ActiveCfg = Debug|x64
		{2E3CE8B9-95A8-364F-8407-4A6181EBD4B4}.Debug|x64.Build.0 = Debug|x64
		{2E3CE8B9-95A8-364F-8407-4A6181EBD4B4}.Release|x64.ActiveCfg = Release|x64
		{2E3CE8B9-95A8-364F-8407-4A6181EBD4B4}.Release|x64.Build.0 = Release|x64
		{2E3CE8B9-95A8-364F-8407-4A6181EBD4B4}.MinSizeRel|x64.ActiveCfg = MinSizeRel|x64
		{2E3CE8B9-95A8-364F-8407-4A6181EBD4B4}.MinSizeRel|x64.Build.0 = MinSizeRel|x64
		{2E3CE8B9-95A8-364F-8407-4A6181EBD4B4}.RelWithDebInfo|x64.ActiveCfg = RelWithDebInfo|x64
		{2E3CE8B9-95A8-364F-8407-4A6181EBD4B4}.RelWithDebInfo|x64.Build.0 = RelWithDebInfo|x64
		{8C71BA0E-69AF-3C8C-96AA-7AD0B24C18FF}.Debug|x64.ActiveCfg = Debug|x64
		{8C71BA0E-69AF-3C8C-96AA-7AD0B24C18FF}.Debug|x64.Build.0 = Debug|x64
		{8C71BA0E-69AF-3C8C-96AA-7AD0B24C18FF}.Release|x64.ActiveCfg = Release|x64
		{8C71BA0E-69AF-3C8C-96AA-7AD0B24C18FF}.Release|x64.Build.0 = Release|x64
		{8C71BA0E-69AF-3C8C-96AA-7AD0B24C18FF}.MinSizeRel|x64.ActiveCfg = MinSizeRel|x64
		{8C71BA0E-69AF-3C8C-96AA-7AD0B24C18FF}.MinSizeRel|x64.Build.0 = MinSizeRel|x64
		{8C71BA0E-69AF-3C8C-96AA-7AD0B24C18FF}.RelWithDebInfo|x64.ActiveCfg = RelWithDebInfo|x64
		{8C71BA0E-69AF-3C8C-96AA-7AD0B24C18FF}.RelWithDebInfo|x64.Build.0 = RelWithDebInfo|x64
	EndGlobalSection
	GlobalSection(ExtensibilityGlobals) = postSolution
		SolutionGuid = {72890376-1A57-399C-AA03-CDE55A1F63A8}
	EndGlobalSection
	GlobalSection(ExtensibilityAddIns) = postSolution
	EndGlobalSection
EndGlobal
