<?xml version="1.0" encoding="UTF-8"?>
<Project ToolsVersion="15.0" xmlns="http://schemas.microsoft.com/developer/msbuild/2003">
  <ItemGroup>
    <ClCompile Include="D:\workspace\Physics\newBulletBuild\Ian\BulletSharpPInvoke\libbulletc\src\Extras\Serialize\BulletWorldImporter\btMultiBodyWorldImporter.cpp">
      <Filter>Source Files</Filter>
    </ClCompile>
    <ClCompile Include="D:\workspace\Physics\newBulletBuild\Ian\BulletSharpPInvoke\libbulletc\src\Extras\Serialize\BulletWorldImporter\btBulletWorldImporter.cpp">
      <Filter>Source Files</Filter>
    </ClCompile>
    <ClCompile Include="D:\workspace\Physics\newBulletBuild\Ian\BulletSharpPInvoke\libbulletc\src\Extras\Serialize\BulletWorldImporter\btWorldImporter.cpp">
      <Filter>Source Files</Filter>
    </ClCompile>
  </ItemGroup>
  <ItemGroup>
    <ClInclude Include="D:\workspace\Physics\newBulletBuild\Ian\BulletSharpPInvoke\libbulletc\src\Extras\Serialize\BulletWorldImporter\btBulletWorldImporter.h">
      <Filter>Header Files</Filter>
    </ClInclude>
    <ClInclude Include="D:\workspace\Physics\newBulletBuild\Ian\BulletSharpPInvoke\libbulletc\src\Extras\Serialize\BulletWorldImporter\btWorldImporter.h">
      <Filter>Header Files</Filter>
    </ClInclude>
  </ItemGroup>
  <ItemGroup>
    <CustomBuild Include="D:\workspace\Physics\newBulletBuild\Ian\BulletSharpPInvoke\libbulletc\src\Extras\Serialize\BulletWorldImporter\CMakeLists.txt" />
  </ItemGroup>
  <ItemGroup>
    <Filter Include="Source Files">
      <UniqueIdentifier>{885B27CD-15EB-3290-9467-A8C0E8F68A9C}</UniqueIdentifier>
    </Filter>
    <Filter Include="Header Files">
      <UniqueIdentifier>{B8930429-CC86-3854-A4DF-506447C869F9}</UniqueIdentifier>
    </Filter>
  </ItemGroup>
</Project>
