<?xml version="1.0" encoding="UTF-8"?>
<Project ToolsVersion="15.0" xmlns="http://schemas.microsoft.com/developer/msbuild/2003">
  <ItemGroup>
    <ClCompile Include="D:\DropBoxRoot\Dropbox\Unity\Unity\Bullet\newBulletBuild\ian\BulletSharpPInvoke\libbulletc\src\examples\BasicDemo\BasicExample.cpp">
      <Filter>Source Files</Filter>
    </ClCompile>
    <ClCompile Include="D:\DropBoxRoot\Dropbox\Unity\Unity\Bullet\newBulletBuild\ian\BulletSharpPInvoke\libbulletc\src\examples\BasicDemo\main.cpp">
      <Filter>Source Files</Filter>
    </ClCompile>
  </ItemGroup>
  <ItemGroup>
    <CustomBuild Include="D:\DropBoxRoot\Dropbox\Unity\Unity\Bullet\newBulletBuild\ian\BulletSharpPInvoke\libbulletc\src\examples\BasicDemo\CMakeLists.txt" />
  </ItemGroup>
  <ItemGroup>
    <ResourceCompile Include="D:\DropBoxRoot\Dropbox\Unity\Unity\Bullet\newBulletBuild\ian\BulletSharpPInvoke\libbulletc\src\build3\bullet.rc">
      <Filter>Source Files</Filter>
    </ResourceCompile>
  </ItemGroup>
  <ItemGroup>
    <Filter Include="Source Files">
      <UniqueIdentifier>{C210C5ED-A8E0-38B0-A36C-74E5F6CA41FE}</UniqueIdentifier>
    </Filter>
  </ItemGroup>
</Project>
